// !$*UTF8*$!
{
	archiveVersion = 1;
	classes = {
	};
	objectVersion = 55;
	objects = {

/* Begin PBXBuildFile section */
		2D1DDDB0CFE33E1806608EC7 /* Pods_RudderSampleAppwatchOSObjC_WatchKit_Extension.framework in Frameworks */ = {isa = PBXBuildFile; fileRef = 3CF2475553F1095644AD3DC8 /* Pods_RudderSampleAppwatchOSObjC_WatchKit_Extension.framework */; };
		F6F43B902757417F0036CC12 /* RudderSampleAppwatchOSObjC WatchKit App.app in Embed Watch Content */ = {isa = PBXBuildFile; fileRef = F6F43B8F2757417F0036CC12 /* RudderSampleAppwatchOSObjC WatchKit App.app */; settings = {ATTRIBUTES = (RemoveHeadersOnCopy, ); }; };
		F6F43B962757417F0036CC12 /* Interface.storyboard in Resources */ = {isa = PBXBuildFile; fileRef = F6F43B942757417F0036CC12 /* Interface.storyboard */; };
		F6F43B98275741810036CC12 /* Assets.xcassets in Resources */ = {isa = PBXBuildFile; fileRef = F6F43B97275741810036CC12 /* Assets.xcassets */; };
		F6F43B9E275741810036CC12 /* RudderSampleAppwatchOSObjC WatchKit Extension.appex in Embed App Extensions */ = {isa = PBXBuildFile; fileRef = F6F43B9D275741810036CC12 /* RudderSampleAppwatchOSObjC WatchKit Extension.appex */; settings = {ATTRIBUTES = (RemoveHeadersOnCopy, ); }; };
		F6F43BA4275741810036CC12 /* InterfaceController.m in Sources */ = {isa = PBXBuildFile; fileRef = F6F43BA3275741810036CC12 /* InterfaceController.m */; };
		F6F43BA7275741810036CC12 /* ExtensionDelegate.m in Sources */ = {isa = PBXBuildFile; fileRef = F6F43BA6275741810036CC12 /* ExtensionDelegate.m */; };
		F6F43BAA275741810036CC12 /* NotificationController.m in Sources */ = {isa = PBXBuildFile; fileRef = F6F43BA9275741810036CC12 /* NotificationController.m */; };
		F6F43BAD275741810036CC12 /* ComplicationController.m in Sources */ = {isa = PBXBuildFile; fileRef = F6F43BAC275741810036CC12 /* ComplicationController.m */; };
		F6F43BAF275741820036CC12 /* Assets.xcassets in Resources */ = {isa = PBXBuildFile; fileRef = F6F43BAE275741820036CC12 /* Assets.xcassets */; };
/* End PBXBuildFile section */

/* Begin PBXContainerItemProxy section */
		F6F43B912757417F0036CC12 /* PBXContainerItemProxy */ = {
			isa = PBXContainerItemProxy;
			containerPortal = F6F43B852757417E0036CC12 /* Project object */;
			proxyType = 1;
			remoteGlobalIDString = F6F43B8E2757417F0036CC12;
			remoteInfo = "RudderSampleAppwatchOSObjC WatchKit App";
		};
		F6F43B9F275741810036CC12 /* PBXContainerItemProxy */ = {
			isa = PBXContainerItemProxy;
			containerPortal = F6F43B852757417E0036CC12 /* Project object */;
			proxyType = 1;
			remoteGlobalIDString = F6F43B9C275741810036CC12;
			remoteInfo = "RudderSampleAppwatchOSObjC WatchKit Extension";
		};
/* End PBXContainerItemProxy section */

/* Begin PBXCopyFilesBuildPhase section */
		F6F43BB7275741820036CC12 /* Embed App Extensions */ = {
			isa = PBXCopyFilesBuildPhase;
			buildActionMask = 2147483647;
			dstPath = "";
			dstSubfolderSpec = 13;
			files = (
				F6F43B9E275741810036CC12 /* RudderSampleAppwatchOSObjC WatchKit Extension.appex in Embed App Extensions */,
			);
			name = "Embed App Extensions";
			runOnlyForDeploymentPostprocessing = 0;
		};
		F6F43BBB275741820036CC12 /* Embed Watch Content */ = {
			isa = PBXCopyFilesBuildPhase;
			buildActionMask = 2147483647;
			dstPath = "$(CONTENTS_FOLDER_PATH)/Watch";
			dstSubfolderSpec = 16;
			files = (
				F6F43B902757417F0036CC12 /* RudderSampleAppwatchOSObjC WatchKit App.app in Embed Watch Content */,
			);
			name = "Embed Watch Content";
			runOnlyForDeploymentPostprocessing = 0;
		};
/* End PBXCopyFilesBuildPhase section */

/* Begin PBXFileReference section */
		3CF2475553F1095644AD3DC8 /* Pods_RudderSampleAppwatchOSObjC_WatchKit_Extension.framework */ = {isa = PBXFileReference; explicitFileType = wrapper.framework; includeInIndex = 0; path = Pods_RudderSampleAppwatchOSObjC_WatchKit_Extension.framework; sourceTree = BUILT_PRODUCTS_DIR; };
		B2D78A99EAE3F5AD5397B003 /* Pods-RudderSampleAppwatchOSObjC WatchKit Extension.release.xcconfig */ = {isa = PBXFileReference; includeInIndex = 1; lastKnownFileType = text.xcconfig; name = "Pods-RudderSampleAppwatchOSObjC WatchKit Extension.release.xcconfig"; path = "Target Support Files/Pods-RudderSampleAppwatchOSObjC WatchKit Extension/Pods-RudderSampleAppwatchOSObjC WatchKit Extension.release.xcconfig"; sourceTree = "<group>"; };
		EBDE6B2F2AB87F17F98D5D23 /* Pods-RudderSampleAppwatchOSObjC WatchKit Extension.debug.xcconfig */ = {isa = PBXFileReference; includeInIndex = 1; lastKnownFileType = text.xcconfig; name = "Pods-RudderSampleAppwatchOSObjC WatchKit Extension.debug.xcconfig"; path = "Target Support Files/Pods-RudderSampleAppwatchOSObjC WatchKit Extension/Pods-RudderSampleAppwatchOSObjC WatchKit Extension.debug.xcconfig"; sourceTree = "<group>"; };
		F6F43B8B2757417E0036CC12 /* RudderSampleAppwatchOSObjC.app */ = {isa = PBXFileReference; explicitFileType = wrapper.application; includeInIndex = 0; path = RudderSampleAppwatchOSObjC.app; sourceTree = BUILT_PRODUCTS_DIR; };
		F6F43B8F2757417F0036CC12 /* RudderSampleAppwatchOSObjC WatchKit App.app */ = {isa = PBXFileReference; explicitFileType = wrapper.application; includeInIndex = 0; path = "RudderSampleAppwatchOSObjC WatchKit App.app"; sourceTree = BUILT_PRODUCTS_DIR; };
		F6F43B952757417F0036CC12 /* Base */ = {isa = PBXFileReference; lastKnownFileType = file.storyboard; name = Base; path = Base.lproj/Interface.storyboard; sourceTree = "<group>"; };
		F6F43B97275741810036CC12 /* Assets.xcassets */ = {isa = PBXFileReference; lastKnownFileType = folder.assetcatalog; path = Assets.xcassets; sourceTree = "<group>"; };
		F6F43B9D275741810036CC12 /* RudderSampleAppwatchOSObjC WatchKit Extension.appex */ = {isa = PBXFileReference; explicitFileType = "wrapper.app-extension"; includeInIndex = 0; path = "RudderSampleAppwatchOSObjC WatchKit Extension.appex"; sourceTree = BUILT_PRODUCTS_DIR; };
		F6F43BA2275741810036CC12 /* InterfaceController.h */ = {isa = PBXFileReference; lastKnownFileType = sourcecode.c.h; path = InterfaceController.h; sourceTree = "<group>"; };
		F6F43BA3275741810036CC12 /* InterfaceController.m */ = {isa = PBXFileReference; lastKnownFileType = sourcecode.c.objc; path = InterfaceController.m; sourceTree = "<group>"; };
		F6F43BA5275741810036CC12 /* ExtensionDelegate.h */ = {isa = PBXFileReference; lastKnownFileType = sourcecode.c.h; path = ExtensionDelegate.h; sourceTree = "<group>"; };
		F6F43BA6275741810036CC12 /* ExtensionDelegate.m */ = {isa = PBXFileReference; lastKnownFileType = sourcecode.c.objc; path = ExtensionDelegate.m; sourceTree = "<group>"; };
		F6F43BA8275741810036CC12 /* NotificationController.h */ = {isa = PBXFileReference; lastKnownFileType = sourcecode.c.h; path = NotificationController.h; sourceTree = "<group>"; };
		F6F43BA9275741810036CC12 /* NotificationController.m */ = {isa = PBXFileReference; lastKnownFileType = sourcecode.c.objc; path = NotificationController.m; sourceTree = "<group>"; };
		F6F43BAB275741810036CC12 /* ComplicationController.h */ = {isa = PBXFileReference; lastKnownFileType = sourcecode.c.h; path = ComplicationController.h; sourceTree = "<group>"; };
		F6F43BAC275741810036CC12 /* ComplicationController.m */ = {isa = PBXFileReference; lastKnownFileType = sourcecode.c.objc; path = ComplicationController.m; sourceTree = "<group>"; };
		F6F43BAE275741820036CC12 /* Assets.xcassets */ = {isa = PBXFileReference; lastKnownFileType = folder.assetcatalog; path = Assets.xcassets; sourceTree = "<group>"; };
		F6F43BB0275741820036CC12 /* Info.plist */ = {isa = PBXFileReference; lastKnownFileType = text.plist.xml; path = Info.plist; sourceTree = "<group>"; };
		F6F43BB1275741820036CC12 /* PushNotificationPayload.apns */ = {isa = PBXFileReference; lastKnownFileType = text; path = PushNotificationPayload.apns; sourceTree = "<group>"; };
/* End PBXFileReference section */

/* Begin PBXFrameworksBuildPhase section */
		57DEF9E9DE49B3D3EBE93186 /* Frameworks */ = {
			isa = PBXFrameworksBuildPhase;
			buildActionMask = 2147483647;
			files = (
			);
			runOnlyForDeploymentPostprocessing = 0;
		};
		A660DBF82C3DFC4DDE497EDC /* Frameworks */ = {
			isa = PBXFrameworksBuildPhase;
			buildActionMask = 2147483647;
			files = (
			);
			runOnlyForDeploymentPostprocessing = 0;
		};
		F6F43B9A275741810036CC12 /* Frameworks */ = {
			isa = PBXFrameworksBuildPhase;
			buildActionMask = 2147483647;
			files = (
				2D1DDDB0CFE33E1806608EC7 /* Pods_RudderSampleAppwatchOSObjC_WatchKit_Extension.framework in Frameworks */,
			);
			runOnlyForDeploymentPostprocessing = 0;
		};
/* End PBXFrameworksBuildPhase section */

/* Begin PBXGroup section */
		67CBD15EA7ECC24A056E0720 /* Frameworks */ = {
			isa = PBXGroup;
			children = (
				3CF2475553F1095644AD3DC8 /* Pods_RudderSampleAppwatchOSObjC_WatchKit_Extension.framework */,
			);
			name = Frameworks;
			sourceTree = "<group>";
		};
		E82ED86C0D3124FDB3ED3A48 /* Pods */ = {
			isa = PBXGroup;
			children = (
				EBDE6B2F2AB87F17F98D5D23 /* Pods-RudderSampleAppwatchOSObjC WatchKit Extension.debug.xcconfig */,
				B2D78A99EAE3F5AD5397B003 /* Pods-RudderSampleAppwatchOSObjC WatchKit Extension.release.xcconfig */,
			);
			name = Pods;
			path = ../../Pods;
			sourceTree = "<group>";
		};
		F6F43B842757417E0036CC12 = {
			isa = PBXGroup;
			children = (
				F6F43B932757417F0036CC12 /* RudderSampleAppwatchOSObjC WatchKit App */,
				F6F43BA1275741810036CC12 /* RudderSampleAppwatchOSObjC WatchKit Extension */,
				F6F43B8C2757417E0036CC12 /* Products */,
				E82ED86C0D3124FDB3ED3A48 /* Pods */,
				67CBD15EA7ECC24A056E0720 /* Frameworks */,
			);
			sourceTree = "<group>";
		};
		F6F43B8C2757417E0036CC12 /* Products */ = {
			isa = PBXGroup;
			children = (
				F6F43B8B2757417E0036CC12 /* RudderSampleAppwatchOSObjC.app */,
				F6F43B8F2757417F0036CC12 /* RudderSampleAppwatchOSObjC WatchKit App.app */,
				F6F43B9D275741810036CC12 /* RudderSampleAppwatchOSObjC WatchKit Extension.appex */,
			);
			name = Products;
			sourceTree = "<group>";
		};
		F6F43B932757417F0036CC12 /* RudderSampleAppwatchOSObjC WatchKit App */ = {
			isa = PBXGroup;
			children = (
				F6F43B942757417F0036CC12 /* Interface.storyboard */,
				F6F43B97275741810036CC12 /* Assets.xcassets */,
			);
			path = "RudderSampleAppwatchOSObjC WatchKit App";
			sourceTree = "<group>";
		};
		F6F43BA1275741810036CC12 /* RudderSampleAppwatchOSObjC WatchKit Extension */ = {
			isa = PBXGroup;
			children = (
				F6F43BA2275741810036CC12 /* InterfaceController.h */,
				F6F43BA3275741810036CC12 /* InterfaceController.m */,
				F6F43BA5275741810036CC12 /* ExtensionDelegate.h */,
				F6F43BA6275741810036CC12 /* ExtensionDelegate.m */,
				F6F43BA8275741810036CC12 /* NotificationController.h */,
				F6F43BA9275741810036CC12 /* NotificationController.m */,
				F6F43BAB275741810036CC12 /* ComplicationController.h */,
				F6F43BAC275741810036CC12 /* ComplicationController.m */,
				F6F43BAE275741820036CC12 /* Assets.xcassets */,
				F6F43BB0275741820036CC12 /* Info.plist */,
				F6F43BB1275741820036CC12 /* PushNotificationPayload.apns */,
			);
			path = "RudderSampleAppwatchOSObjC WatchKit Extension";
			sourceTree = "<group>";
		};
/* End PBXGroup section */

/* Begin PBXNativeTarget section */
		F6F43B8A2757417E0036CC12 /* RudderSampleAppwatchOSObjC */ = {
			isa = PBXNativeTarget;
			buildConfigurationList = F6F43BBC275741820036CC12 /* Build configuration list for PBXNativeTarget "RudderSampleAppwatchOSObjC" */;
			buildPhases = (
				F6F43B892757417E0036CC12 /* Resources */,
				F6F43BBB275741820036CC12 /* Embed Watch Content */,
				57DEF9E9DE49B3D3EBE93186 /* Frameworks */,
			);
			buildRules = (
			);
			dependencies = (
				F6F43B922757417F0036CC12 /* PBXTargetDependency */,
			);
			name = RudderSampleAppwatchOSObjC;
			productName = RudderSampleAppwatchOSObjC;
			productReference = F6F43B8B2757417E0036CC12 /* RudderSampleAppwatchOSObjC.app */;
			productType = "com.apple.product-type.application.watchapp2-container";
		};
		F6F43B8E2757417F0036CC12 /* RudderSampleAppwatchOSObjC WatchKit App */ = {
			isa = PBXNativeTarget;
			buildConfigurationList = F6F43BB8275741820036CC12 /* Build configuration list for PBXNativeTarget "RudderSampleAppwatchOSObjC WatchKit App" */;
			buildPhases = (
				F6F43B8D2757417F0036CC12 /* Resources */,
				F6F43BB7275741820036CC12 /* Embed App Extensions */,
				A660DBF82C3DFC4DDE497EDC /* Frameworks */,
			);
			buildRules = (
			);
			dependencies = (
				F6F43BA0275741810036CC12 /* PBXTargetDependency */,
			);
			name = "RudderSampleAppwatchOSObjC WatchKit App";
			productName = "RudderSampleAppwatchOSObjC WatchKit App";
			productReference = F6F43B8F2757417F0036CC12 /* RudderSampleAppwatchOSObjC WatchKit App.app */;
			productType = "com.apple.product-type.application.watchapp2";
		};
		F6F43B9C275741810036CC12 /* RudderSampleAppwatchOSObjC WatchKit Extension */ = {
			isa = PBXNativeTarget;
			buildConfigurationList = F6F43BB4275741820036CC12 /* Build configuration list for PBXNativeTarget "RudderSampleAppwatchOSObjC WatchKit Extension" */;
			buildPhases = (
				495433C11D45597B2C31075F /* [CP] Check Pods Manifest.lock */,
				F6F43B99275741810036CC12 /* Sources */,
				F6F43B9A275741810036CC12 /* Frameworks */,
				F6F43B9B275741810036CC12 /* Resources */,
				5E61588E991A490A0DBA03B1 /* [CP] Embed Pods Frameworks */,
			);
			buildRules = (
			);
			dependencies = (
			);
			name = "RudderSampleAppwatchOSObjC WatchKit Extension";
			productName = "RudderSampleAppwatchOSObjC WatchKit Extension";
			productReference = F6F43B9D275741810036CC12 /* RudderSampleAppwatchOSObjC WatchKit Extension.appex */;
			productType = "com.apple.product-type.watchkit2-extension";
		};
/* End PBXNativeTarget section */

/* Begin PBXProject section */
		F6F43B852757417E0036CC12 /* Project object */ = {
			isa = PBXProject;
			attributes = {
				BuildIndependentTargetsInParallel = 1;
				LastUpgradeCheck = 1310;
				TargetAttributes = {
					F6F43B8A2757417E0036CC12 = {
						CreatedOnToolsVersion = 13.1;
					};
					F6F43B8E2757417F0036CC12 = {
						CreatedOnToolsVersion = 13.1;
					};
					F6F43B9C275741810036CC12 = {
						CreatedOnToolsVersion = 13.1;
					};
				};
			};
			buildConfigurationList = F6F43B882757417E0036CC12 /* Build configuration list for PBXProject "RudderSampleAppwatchOSObjC" */;
			compatibilityVersion = "Xcode 13.0";
			developmentRegion = en;
			hasScannedForEncodings = 0;
			knownRegions = (
				en,
				Base,
			);
			mainGroup = F6F43B842757417E0036CC12;
			productRefGroup = F6F43B8C2757417E0036CC12 /* Products */;
			projectDirPath = "";
			projectRoot = "";
			targets = (
				F6F43B8A2757417E0036CC12 /* RudderSampleAppwatchOSObjC */,
				F6F43B8E2757417F0036CC12 /* RudderSampleAppwatchOSObjC WatchKit App */,
				F6F43B9C275741810036CC12 /* RudderSampleAppwatchOSObjC WatchKit Extension */,
			);
		};
/* End PBXProject section */

/* Begin PBXResourcesBuildPhase section */
		F6F43B892757417E0036CC12 /* Resources */ = {
			isa = PBXResourcesBuildPhase;
			buildActionMask = 2147483647;
			files = (
			);
			runOnlyForDeploymentPostprocessing = 0;
		};
		F6F43B8D2757417F0036CC12 /* Resources */ = {
			isa = PBXResourcesBuildPhase;
			buildActionMask = 2147483647;
			files = (
				F6F43B98275741810036CC12 /* Assets.xcassets in Resources */,
				F6F43B962757417F0036CC12 /* Interface.storyboard in Resources */,
			);
			runOnlyForDeploymentPostprocessing = 0;
		};
		F6F43B9B275741810036CC12 /* Resources */ = {
			isa = PBXResourcesBuildPhase;
			buildActionMask = 2147483647;
			files = (
				F6F43BAF275741820036CC12 /* Assets.xcassets in Resources */,
			);
			runOnlyForDeploymentPostprocessing = 0;
		};
/* End PBXResourcesBuildPhase section */

/* Begin PBXShellScriptBuildPhase section */
		495433C11D45597B2C31075F /* [CP] Check Pods Manifest.lock */ = {
			isa = PBXShellScriptBuildPhase;
			buildActionMask = 2147483647;
			files = (
			);
			inputFileListPaths = (
			);
			inputPaths = (
				"${PODS_PODFILE_DIR_PATH}/Podfile.lock",
				"${PODS_ROOT}/Manifest.lock",
			);
			name = "[CP] Check Pods Manifest.lock";
			outputFileListPaths = (
			);
			outputPaths = (
				"$(DERIVED_FILE_DIR)/Pods-RudderSampleAppwatchOSObjC WatchKit Extension-checkManifestLockResult.txt",
			);
			runOnlyForDeploymentPostprocessing = 0;
			shellPath = /bin/sh;
			shellScript = "diff \"${PODS_PODFILE_DIR_PATH}/Podfile.lock\" \"${PODS_ROOT}/Manifest.lock\" > /dev/null\nif [ $? != 0 ] ; then\n    # print error to STDERR\n    echo \"error: The sandbox is not in sync with the Podfile.lock. Run 'pod install' or update your CocoaPods installation.\" >&2\n    exit 1\nfi\n# This output is used by Xcode 'outputs' to avoid re-running this script phase.\necho \"SUCCESS\" > \"${SCRIPT_OUTPUT_FILE_0}\"\n";
			showEnvVarsInLog = 0;
		};
		5E61588E991A490A0DBA03B1 /* [CP] Embed Pods Frameworks */ = {
			isa = PBXShellScriptBuildPhase;
			buildActionMask = 2147483647;
			files = (
			);
			inputFileListPaths = (
				"${PODS_ROOT}/Target Support Files/Pods-RudderSampleAppwatchOSObjC WatchKit Extension/Pods-RudderSampleAppwatchOSObjC WatchKit Extension-frameworks-${CONFIGURATION}-input-files.xcfilelist",
			);
			name = "[CP] Embed Pods Frameworks";
			outputFileListPaths = (
				"${PODS_ROOT}/Target Support Files/Pods-RudderSampleAppwatchOSObjC WatchKit Extension/Pods-RudderSampleAppwatchOSObjC WatchKit Extension-frameworks-${CONFIGURATION}-output-files.xcfilelist",
			);
			runOnlyForDeploymentPostprocessing = 0;
			shellPath = /bin/sh;
			shellScript = "\"${PODS_ROOT}/Target Support Files/Pods-RudderSampleAppwatchOSObjC WatchKit Extension/Pods-RudderSampleAppwatchOSObjC WatchKit Extension-frameworks.sh\"\n";
			showEnvVarsInLog = 0;
		};
/* End PBXShellScriptBuildPhase section */

/* Begin PBXSourcesBuildPhase section */
		F6F43B99275741810036CC12 /* Sources */ = {
			isa = PBXSourcesBuildPhase;
			buildActionMask = 2147483647;
			files = (
				F6F43BA7275741810036CC12 /* ExtensionDelegate.m in Sources */,
				F6F43BAD275741810036CC12 /* ComplicationController.m in Sources */,
				F6F43BA4275741810036CC12 /* InterfaceController.m in Sources */,
				F6F43BAA275741810036CC12 /* NotificationController.m in Sources */,
			);
			runOnlyForDeploymentPostprocessing = 0;
		};
/* End PBXSourcesBuildPhase section */

/* Begin PBXTargetDependency section */
		F6F43B922757417F0036CC12 /* PBXTargetDependency */ = {
			isa = PBXTargetDependency;
			target = F6F43B8E2757417F0036CC12 /* RudderSampleAppwatchOSObjC WatchKit App */;
			targetProxy = F6F43B912757417F0036CC12 /* PBXContainerItemProxy */;
		};
		F6F43BA0275741810036CC12 /* PBXTargetDependency */ = {
			isa = PBXTargetDependency;
			target = F6F43B9C275741810036CC12 /* RudderSampleAppwatchOSObjC WatchKit Extension */;
			targetProxy = F6F43B9F275741810036CC12 /* PBXContainerItemProxy */;
		};
/* End PBXTargetDependency section */

/* Begin PBXVariantGroup section */
		F6F43B942757417F0036CC12 /* Interface.storyboard */ = {
			isa = PBXVariantGroup;
			children = (
				F6F43B952757417F0036CC12 /* Base */,
			);
			name = Interface.storyboard;
			sourceTree = "<group>";
		};
/* End PBXVariantGroup section */

/* Begin XCBuildConfiguration section */
		F6F43BB2275741820036CC12 /* Debug */ = {
			isa = XCBuildConfiguration;
			buildSettings = {
				ALWAYS_SEARCH_USER_PATHS = NO;
				CLANG_ANALYZER_NONNULL = YES;
				CLANG_ANALYZER_NUMBER_OBJECT_CONVERSION = YES_AGGRESSIVE;
				CLANG_CXX_LANGUAGE_STANDARD = "gnu++17";
				CLANG_CXX_LIBRARY = "libc++";
				CLANG_ENABLE_MODULES = YES;
				CLANG_ENABLE_OBJC_ARC = YES;
				CLANG_ENABLE_OBJC_WEAK = YES;
				CLANG_WARN_BLOCK_CAPTURE_AUTORELEASING = YES;
				CLANG_WARN_BOOL_CONVERSION = YES;
				CLANG_WARN_COMMA = YES;
				CLANG_WARN_CONSTANT_CONVERSION = YES;
				CLANG_WARN_DEPRECATED_OBJC_IMPLEMENTATIONS = YES;
				CLANG_WARN_DIRECT_OBJC_ISA_USAGE = YES_ERROR;
				CLANG_WARN_DOCUMENTATION_COMMENTS = YES;
				CLANG_WARN_EMPTY_BODY = YES;
				CLANG_WARN_ENUM_CONVERSION = YES;
				CLANG_WARN_INFINITE_RECURSION = YES;
				CLANG_WARN_INT_CONVERSION = YES;
				CLANG_WARN_NON_LITERAL_NULL_CONVERSION = YES;
				CLANG_WARN_OBJC_IMPLICIT_RETAIN_SELF = YES;
				CLANG_WARN_OBJC_LITERAL_CONVERSION = YES;
				CLANG_WARN_OBJC_ROOT_CLASS = YES_ERROR;
				CLANG_WARN_QUOTED_INCLUDE_IN_FRAMEWORK_HEADER = YES;
				CLANG_WARN_RANGE_LOOP_ANALYSIS = YES;
				CLANG_WARN_STRICT_PROTOTYPES = YES;
				CLANG_WARN_SUSPICIOUS_MOVE = YES;
				CLANG_WARN_UNGUARDED_AVAILABILITY = YES_AGGRESSIVE;
				CLANG_WARN_UNREACHABLE_CODE = YES;
				CLANG_WARN__DUPLICATE_METHOD_MATCH = YES;
				COPY_PHASE_STRIP = NO;
				DEBUG_INFORMATION_FORMAT = dwarf;
				ENABLE_STRICT_OBJC_MSGSEND = YES;
				ENABLE_TESTABILITY = YES;
				GCC_C_LANGUAGE_STANDARD = gnu11;
				GCC_DYNAMIC_NO_PIC = NO;
				GCC_NO_COMMON_BLOCKS = YES;
				GCC_OPTIMIZATION_LEVEL = 0;
				GCC_PREPROCESSOR_DEFINITIONS = (
					"DEBUG=1",
					"$(inherited)",
				);
				GCC_WARN_64_TO_32_BIT_CONVERSION = YES;
				GCC_WARN_ABOUT_RETURN_TYPE = YES_ERROR;
				GCC_WARN_UNDECLARED_SELECTOR = YES;
				GCC_WARN_UNINITIALIZED_AUTOS = YES_AGGRESSIVE;
				GCC_WARN_UNUSED_FUNCTION = YES;
				GCC_WARN_UNUSED_VARIABLE = YES;
				MTL_ENABLE_DEBUG_INFO = INCLUDE_SOURCE;
				MTL_FAST_MATH = YES;
				ONLY_ACTIVE_ARCH = YES;
				SDKROOT = iphoneos;
			};
			name = Debug;
		};
		F6F43BB3275741820036CC12 /* Release */ = {
			isa = XCBuildConfiguration;
			buildSettings = {
				ALWAYS_SEARCH_USER_PATHS = NO;
				CLANG_ANALYZER_NONNULL = YES;
				CLANG_ANALYZER_NUMBER_OBJECT_CONVERSION = YES_AGGRESSIVE;
				CLANG_CXX_LANGUAGE_STANDARD = "gnu++17";
				CLANG_CXX_LIBRARY = "libc++";
				CLANG_ENABLE_MODULES = YES;
				CLANG_ENABLE_OBJC_ARC = YES;
				CLANG_ENABLE_OBJC_WEAK = YES;
				CLANG_WARN_BLOCK_CAPTURE_AUTORELEASING = YES;
				CLANG_WARN_BOOL_CONVERSION = YES;
				CLANG_WARN_COMMA = YES;
				CLANG_WARN_CONSTANT_CONVERSION = YES;
				CLANG_WARN_DEPRECATED_OBJC_IMPLEMENTATIONS = YES;
				CLANG_WARN_DIRECT_OBJC_ISA_USAGE = YES_ERROR;
				CLANG_WARN_DOCUMENTATION_COMMENTS = YES;
				CLANG_WARN_EMPTY_BODY = YES;
				CLANG_WARN_ENUM_CONVERSION = YES;
				CLANG_WARN_INFINITE_RECURSION = YES;
				CLANG_WARN_INT_CONVERSION = YES;
				CLANG_WARN_NON_LITERAL_NULL_CONVERSION = YES;
				CLANG_WARN_OBJC_IMPLICIT_RETAIN_SELF = YES;
				CLANG_WARN_OBJC_LITERAL_CONVERSION = YES;
				CLANG_WARN_OBJC_ROOT_CLASS = YES_ERROR;
				CLANG_WARN_QUOTED_INCLUDE_IN_FRAMEWORK_HEADER = YES;
				CLANG_WARN_RANGE_LOOP_ANALYSIS = YES;
				CLANG_WARN_STRICT_PROTOTYPES = YES;
				CLANG_WARN_SUSPICIOUS_MOVE = YES;
				CLANG_WARN_UNGUARDED_AVAILABILITY = YES_AGGRESSIVE;
				CLANG_WARN_UNREACHABLE_CODE = YES;
				CLANG_WARN__DUPLICATE_METHOD_MATCH = YES;
				COPY_PHASE_STRIP = NO;
				DEBUG_INFORMATION_FORMAT = "dwarf-with-dsym";
				ENABLE_NS_ASSERTIONS = NO;
				ENABLE_STRICT_OBJC_MSGSEND = YES;
				GCC_C_LANGUAGE_STANDARD = gnu11;
				GCC_NO_COMMON_BLOCKS = YES;
				GCC_WARN_64_TO_32_BIT_CONVERSION = YES;
				GCC_WARN_ABOUT_RETURN_TYPE = YES_ERROR;
				GCC_WARN_UNDECLARED_SELECTOR = YES;
				GCC_WARN_UNINITIALIZED_AUTOS = YES_AGGRESSIVE;
				GCC_WARN_UNUSED_FUNCTION = YES;
				GCC_WARN_UNUSED_VARIABLE = YES;
				MTL_ENABLE_DEBUG_INFO = NO;
				MTL_FAST_MATH = YES;
				SDKROOT = iphoneos;
				VALIDATE_PRODUCT = YES;
			};
			name = Release;
		};
		F6F43BB5275741820036CC12 /* Debug */ = {
			isa = XCBuildConfiguration;
			baseConfigurationReference = EBDE6B2F2AB87F17F98D5D23 /* Pods-RudderSampleAppwatchOSObjC WatchKit Extension.debug.xcconfig */;
			buildSettings = {
				ASSETCATALOG_COMPILER_COMPLICATION_NAME = Complication;
				CODE_SIGN_STYLE = Automatic;
				CURRENT_PROJECT_VERSION = 1;
				DEVELOPMENT_TEAM = GTGKNDBD23;
				GENERATE_INFOPLIST_FILE = YES;
				INFOPLIST_FILE = "RudderSampleAppwatchOSObjC WatchKit Extension/Info.plist";
				INFOPLIST_KEY_CFBundleDisplayName = "RudderSampleAppwatchOSObjC WatchKit Extension";
				INFOPLIST_KEY_CLKComplicationPrincipalClass = ComplicationController;
				INFOPLIST_KEY_NSHumanReadableCopyright = "";
				INFOPLIST_KEY_WKExtensionDelegateClassName = ExtensionDelegate;
				INFOPLIST_KEY_WKWatchOnly = YES;
				LD_RUNPATH_SEARCH_PATHS = (
					"$(inherited)",
					"@executable_path/Frameworks",
					"@executable_path/../../Frameworks",
				);
				MARKETING_VERSION = 1.3;
				PRODUCT_BUNDLE_IDENTIFIER = com.rudderstack.RudderSampleAppwatchOSObjC.watchkitapp.watchkitextension;
				PRODUCT_NAME = "${TARGET_NAME}";
				SDKROOT = watchos;
				SKIP_INSTALL = YES;
				SWIFT_EMIT_LOC_STRINGS = YES;
				TARGETED_DEVICE_FAMILY = 4;
				WATCHOS_DEPLOYMENT_TARGET = 8.0;
			};
			name = Debug;
		};
		F6F43BB6275741820036CC12 /* Release */ = {
			isa = XCBuildConfiguration;
			baseConfigurationReference = B2D78A99EAE3F5AD5397B003 /* Pods-RudderSampleAppwatchOSObjC WatchKit Extension.release.xcconfig */;
			buildSettings = {
				ASSETCATALOG_COMPILER_COMPLICATION_NAME = Complication;
				CODE_SIGN_STYLE = Automatic;
				CURRENT_PROJECT_VERSION = 1;
				DEVELOPMENT_TEAM = GTGKNDBD23;
				GENERATE_INFOPLIST_FILE = YES;
				INFOPLIST_FILE = "RudderSampleAppwatchOSObjC WatchKit Extension/Info.plist";
				INFOPLIST_KEY_CFBundleDisplayName = "RudderSampleAppwatchOSObjC WatchKit Extension";
				INFOPLIST_KEY_CLKComplicationPrincipalClass = ComplicationController;
				INFOPLIST_KEY_NSHumanReadableCopyright = "";
				INFOPLIST_KEY_WKExtensionDelegateClassName = ExtensionDelegate;
				INFOPLIST_KEY_WKWatchOnly = YES;
				LD_RUNPATH_SEARCH_PATHS = (
					"$(inherited)",
					"@executable_path/Frameworks",
					"@executable_path/../../Frameworks",
				);
				MARKETING_VERSION = 1.3;
				PRODUCT_BUNDLE_IDENTIFIER = com.rudderstack.RudderSampleAppwatchOSObjC.watchkitapp.watchkitextension;
				PRODUCT_NAME = "${TARGET_NAME}";
				SDKROOT = watchos;
				SKIP_INSTALL = YES;
				SWIFT_EMIT_LOC_STRINGS = YES;
				TARGETED_DEVICE_FAMILY = 4;
				WATCHOS_DEPLOYMENT_TARGET = 8.0;
			};
			name = Release;
		};
		F6F43BB9275741820036CC12 /* Debug */ = {
			isa = XCBuildConfiguration;
			buildSettings = {
				ASSETCATALOG_COMPILER_APPICON_NAME = AppIcon;
				ASSETCATALOG_COMPILER_GLOBAL_ACCENT_COLOR_NAME = AccentColor;
				CODE_SIGN_STYLE = Automatic;
				CURRENT_PROJECT_VERSION = 1;
				DEVELOPMENT_TEAM = GTGKNDBD23;
				GENERATE_INFOPLIST_FILE = YES;
				IBSC_MODULE = RudderSampleAppwatchOSObjC_WatchKit_Extension;
				INFOPLIST_KEY_CFBundleDisplayName = "RudderSampleAppwatchOSObjC WatchKit App";
				INFOPLIST_KEY_UISupportedInterfaceOrientations = "UIInterfaceOrientationPortrait UIInterfaceOrientationPortraitUpsideDown";
				MARKETING_VERSION = 1.3;
				PRODUCT_BUNDLE_IDENTIFIER = com.rudderstack.RudderSampleAppwatchOSObjC.watchkitapp;
				PRODUCT_NAME = "$(TARGET_NAME)";
				SDKROOT = watchos;
				SKIP_INSTALL = YES;
				SWIFT_EMIT_LOC_STRINGS = YES;
				TARGETED_DEVICE_FAMILY = 4;
				WATCHOS_DEPLOYMENT_TARGET = 7.0;
			};
			name = Debug;
		};
		F6F43BBA275741820036CC12 /* Release */ = {
			isa = XCBuildConfiguration;
			buildSettings = {
				ASSETCATALOG_COMPILER_APPICON_NAME = AppIcon;
				ASSETCATALOG_COMPILER_GLOBAL_ACCENT_COLOR_NAME = AccentColor;
				CODE_SIGN_STYLE = Automatic;
				CURRENT_PROJECT_VERSION = 1;
				DEVELOPMENT_TEAM = GTGKNDBD23;
				GENERATE_INFOPLIST_FILE = YES;
				IBSC_MODULE = RudderSampleAppwatchOSObjC_WatchKit_Extension;
				INFOPLIST_KEY_CFBundleDisplayName = "RudderSampleAppwatchOSObjC WatchKit App";
				INFOPLIST_KEY_UISupportedInterfaceOrientations = "UIInterfaceOrientationPortrait UIInterfaceOrientationPortraitUpsideDown";
				MARKETING_VERSION = 1.3;
				PRODUCT_BUNDLE_IDENTIFIER = com.rudderstack.RudderSampleAppwatchOSObjC.watchkitapp;
				PRODUCT_NAME = "$(TARGET_NAME)";
				SDKROOT = watchos;
				SKIP_INSTALL = YES;
				SWIFT_EMIT_LOC_STRINGS = YES;
				TARGETED_DEVICE_FAMILY = 4;
				WATCHOS_DEPLOYMENT_TARGET = 7.0;
			};
			name = Release;
		};
		F6F43BBD275741820036CC12 /* Debug */ = {
			isa = XCBuildConfiguration;
			buildSettings = {
				CODE_SIGN_STYLE = Automatic;
				CURRENT_PROJECT_VERSION = 1;
				DEVELOPMENT_TEAM = GTGKNDBD23;
				MARKETING_VERSION = 1.3;
				PRODUCT_BUNDLE_IDENTIFIER = com.rudderstack.RudderSampleAppwatchOSObjC;
				PRODUCT_NAME = "$(TARGET_NAME)";
			};
			name = Debug;
		};
		F6F43BBE275741820036CC12 /* Release */ = {
			isa = XCBuildConfiguration;
			buildSettings = {
				CODE_SIGN_STYLE = Automatic;
				CURRENT_PROJECT_VERSION = 1;
				DEVELOPMENT_TEAM = GTGKNDBD23;
				MARKETING_VERSION = 1.3;
				PRODUCT_BUNDLE_IDENTIFIER = com.rudderstack.RudderSampleAppwatchOSObjC;
				PRODUCT_NAME = "$(TARGET_NAME)";
			};
			name = Release;
		};
/* End XCBuildConfiguration section */

/* Begin XCConfigurationList section */
		F6F43B882757417E0036CC12 /* Build configuration list for PBXProject "RudderSampleAppwatchOSObjC" */ = {
			isa = XCConfigurationList;
			buildConfigurations = (
				F6F43BB2275741820036CC12 /* Debug */,
				F6F43BB3275741820036CC12 /* Release */,
			);
			defaultConfigurationIsVisible = 0;
			defaultConfigurationName = Release;
		};
		F6F43BB4275741820036CC12 /* Build configuration list for PBXNativeTarget "RudderSampleAppwatchOSObjC WatchKit Extension" */ = {
			isa = XCConfigurationList;
			buildConfigurations = (
				F6F43BB5275741820036CC12 /* Debug */,
				F6F43BB6275741820036CC12 /* Release */,
			);
			defaultConfigurationIsVisible = 0;
			defaultConfigurationName = Release;
		};
		F6F43BB8275741820036CC12 /* Build configuration list for PBXNativeTarget "RudderSampleAppwatchOSObjC WatchKit App" */ = {
			isa = XCConfigurationList;
			buildConfigurations = (
				F6F43BB9275741820036CC12 /* Debug */,
				F6F43BBA275741820036CC12 /* Release */,
			);
			defaultConfigurationIsVisible = 0;
			defaultConfigurationName = Release;
		};
		F6F43BBC275741820036CC12 /* Build configuration list for PBXNativeTarget "RudderSampleAppwatchOSObjC" */ = {
			isa = XCConfigurationList;
			buildConfigurations = (
				F6F43BBD275741820036CC12 /* Debug */,
				F6F43BBE275741820036CC12 /* Release */,
			);
			defaultConfigurationIsVisible = 0;
			defaultConfigurationName = Release;
		};
/* End XCConfigurationList section */
	};
	rootObject = F6F43B852757417E0036CC12 /* Project object */;
}
