// !$*UTF8*$!
{
	archiveVersion = 1;
	classes = {
	};
	objectVersion = 56;
	objects = {

/* Begin PBXBuildFile section */
		180EB8837CBC8F1980670AA4 /* Pods_RudderSampleAppOneTrustConsent.framework in Frameworks */ = {isa = PBXBuildFile; fileRef = B85F2188C631DE1238B6E06D /* Pods_RudderSampleAppOneTrustConsent.framework */; };
		EDAE2AAA29704A2000635F3A /* AppDelegate.swift in Sources */ = {isa = PBXBuildFile; fileRef = EDAE2AA929704A2000635F3A /* AppDelegate.swift */; };
		EDAE2AAC29704A2000635F3A /* SceneDelegate.swift in Sources */ = {isa = PBXBuildFile; fileRef = EDAE2AAB29704A2000635F3A /* SceneDelegate.swift */; };
		EDAE2AAE29704A2000635F3A /* ViewController.swift in Sources */ = {isa = PBXBuildFile; fileRef = EDAE2AAD29704A2000635F3A /* ViewController.swift */; };
		EDAE2AB129704A2000635F3A /* Main.storyboard in Resources */ = {isa = PBXBuildFile; fileRef = EDAE2AAF29704A2000635F3A /* Main.storyboard */; };
		EDAE2AB329704A2100635F3A /* Assets.xcassets in Resources */ = {isa = PBXBuildFile; fileRef = EDAE2AB229704A2100635F3A /* Assets.xcassets */; };
		EDAE2AB629704A2100635F3A /* LaunchScreen.storyboard in Resources */ = {isa = PBXBuildFile; fileRef = EDAE2AB429704A2100635F3A /* LaunchScreen.storyboard */; };
/* End PBXBuildFile section */

/* Begin PBXFileReference section */
		4921404580555629CBB7CED8 /* Pods-RudderSampleAppOneTrustConsent.release.xcconfig */ = {isa = PBXFileReference; includeInIndex = 1; lastKnownFileType = text.xcconfig; name = "Pods-RudderSampleAppOneTrustConsent.release.xcconfig"; path = "Target Support Files/Pods-RudderSampleAppOneTrustConsent/Pods-RudderSampleAppOneTrustConsent.release.xcconfig"; sourceTree = "<group>"; };
		B33C1EC4C5EA1ED7188182A7 /* Pods-RudderSampleAppOneTrustConsent.debug.xcconfig */ = {isa = PBXFileReference; includeInIndex = 1; lastKnownFileType = text.xcconfig; name = "Pods-RudderSampleAppOneTrustConsent.debug.xcconfig"; path = "Target Support Files/Pods-RudderSampleAppOneTrustConsent/Pods-RudderSampleAppOneTrustConsent.debug.xcconfig"; sourceTree = "<group>"; };
		B85F2188C631DE1238B6E06D /* Pods_RudderSampleAppOneTrustConsent.framework */ = {isa = PBXFileReference; explicitFileType = wrapper.framework; includeInIndex = 0; path = Pods_RudderSampleAppOneTrustConsent.framework; sourceTree = BUILT_PRODUCTS_DIR; };
		EDAE2AA629704A2000635F3A /* RudderSampleAppOneTrustConsent.app */ = {isa = PBXFileReference; explicitFileType = wrapper.application; includeInIndex = 0; path = RudderSampleAppOneTrustConsent.app; sourceTree = BUILT_PRODUCTS_DIR; };
		EDAE2AA929704A2000635F3A /* AppDelegate.swift */ = {isa = PBXFileReference; lastKnownFileType = sourcecode.swift; path = AppDelegate.swift; sourceTree = "<group>"; };
		EDAE2AAB29704A2000635F3A /* SceneDelegate.swift */ = {isa = PBXFileReference; lastKnownFileType = sourcecode.swift; path = SceneDelegate.swift; sourceTree = "<group>"; };
		EDAE2AAD29704A2000635F3A /* ViewController.swift */ = {isa = PBXFileReference; lastKnownFileType = sourcecode.swift; path = ViewController.swift; sourceTree = "<group>"; };
		EDAE2AB029704A2000635F3A /* Base */ = {isa = PBXFileReference; lastKnownFileType = file.storyboard; name = Base; path = Base.lproj/Main.storyboard; sourceTree = "<group>"; };
		EDAE2AB229704A2100635F3A /* Assets.xcassets */ = {isa = PBXFileReference; lastKnownFileType = folder.assetcatalog; path = Assets.xcassets; sourceTree = "<group>"; };
		EDAE2AB529704A2100635F3A /* Base */ = {isa = PBXFileReference; lastKnownFileType = file.storyboard; name = Base; path = Base.lproj/LaunchScreen.storyboard; sourceTree = "<group>"; };
		EDAE2AB729704A2100635F3A /* Info.plist */ = {isa = PBXFileReference; lastKnownFileType = text.plist.xml; path = Info.plist; sourceTree = "<group>"; };
/* End PBXFileReference section */

/* Begin PBXFrameworksBuildPhase section */
		EDAE2AA329704A2000635F3A /* Frameworks */ = {
			isa = PBXFrameworksBuildPhase;
			buildActionMask = 2147483647;
			files = (
				180EB8837CBC8F1980670AA4 /* Pods_RudderSampleAppOneTrustConsent.framework in Frameworks */,
			);
			runOnlyForDeploymentPostprocessing = 0;
		};
/* End PBXFrameworksBuildPhase section */

/* Begin PBXGroup section */
		76804FBC61537F93EB942A7E /* Pods */ = {
			isa = PBXGroup;
			children = (
				B33C1EC4C5EA1ED7188182A7 /* Pods-RudderSampleAppOneTrustConsent.debug.xcconfig */,
				4921404580555629CBB7CED8 /* Pods-RudderSampleAppOneTrustConsent.release.xcconfig */,
			);
			name = Pods;
			path = ../../Pods;
			sourceTree = "<group>";
		};
		BD573715FD5CECC993CE4C77 /* Frameworks */ = {
			isa = PBXGroup;
			children = (
				B85F2188C631DE1238B6E06D /* Pods_RudderSampleAppOneTrustConsent.framework */,
			);
			name = Frameworks;
			sourceTree = "<group>";
		};
		EDAE2A9D29704A2000635F3A = {
			isa = PBXGroup;
			children = (
				EDAE2AA829704A2000635F3A /* RudderSampleAppOneTrustConsent */,
				EDAE2AA729704A2000635F3A /* Products */,
				76804FBC61537F93EB942A7E /* Pods */,
				BD573715FD5CECC993CE4C77 /* Frameworks */,
			);
			sourceTree = "<group>";
		};
		EDAE2AA729704A2000635F3A /* Products */ = {
			isa = PBXGroup;
			children = (
				EDAE2AA629704A2000635F3A /* RudderSampleAppOneTrustConsent.app */,
			);
			name = Products;
			sourceTree = "<group>";
		};
		EDAE2AA829704A2000635F3A /* RudderSampleAppOneTrustConsent */ = {
			isa = PBXGroup;
			children = (
				EDAE2AA929704A2000635F3A /* AppDelegate.swift */,
				EDAE2AAB29704A2000635F3A /* SceneDelegate.swift */,
				EDAE2AAD29704A2000635F3A /* ViewController.swift */,
				EDAE2AAF29704A2000635F3A /* Main.storyboard */,
				EDAE2AB229704A2100635F3A /* Assets.xcassets */,
				EDAE2AB429704A2100635F3A /* LaunchScreen.storyboard */,
				EDAE2AB729704A2100635F3A /* Info.plist */,
			);
			path = RudderSampleAppOneTrustConsent;
			sourceTree = "<group>";
		};
/* End PBXGroup section */

/* Begin PBXNativeTarget section */
		EDAE2AA529704A2000635F3A /* RudderSampleAppOneTrustConsent */ = {
			isa = PBXNativeTarget;
			buildConfigurationList = EDAE2ABA29704A2100635F3A /* Build configuration list for PBXNativeTarget "RudderSampleAppOneTrustConsent" */;
			buildPhases = (
				D0032343CC83EA509B3D2817 /* [CP] Check Pods Manifest.lock */,
				EDAE2AA229704A2000635F3A /* Sources */,
				EDAE2AA329704A2000635F3A /* Frameworks */,
				EDAE2AA429704A2000635F3A /* Resources */,
				3EB525FBF9B296E91950E53A /* [CP] Embed Pods Frameworks */,
			);
			buildRules = (
			);
			dependencies = (
			);
			name = RudderSampleAppOneTrustConsent;
			productName = RudderSampleAppOneTrustConsent;
			productReference = EDAE2AA629704A2000635F3A /* RudderSampleAppOneTrustConsent.app */;
			productType = "com.apple.product-type.application";
		};
/* End PBXNativeTarget section */

/* Begin PBXProject section */
		EDAE2A9E29704A2000635F3A /* Project object */ = {
			isa = PBXProject;
			attributes = {
				BuildIndependentTargetsInParallel = 1;
				LastSwiftUpdateCheck = 1420;
				LastUpgradeCheck = 1420;
				TargetAttributes = {
					EDAE2AA529704A2000635F3A = {
						CreatedOnToolsVersion = 14.2;
					};
				};
			};
			buildConfigurationList = EDAE2AA129704A2000635F3A /* Build configuration list for PBXProject "RudderSampleAppOneTrustConsent" */;
			compatibilityVersion = "Xcode 14.0";
			developmentRegion = en;
			hasScannedForEncodings = 0;
			knownRegions = (
				en,
				Base,
			);
			mainGroup = EDAE2A9D29704A2000635F3A;
			productRefGroup = EDAE2AA729704A2000635F3A /* Products */;
			projectDirPath = "";
			projectRoot = "";
			targets = (
				EDAE2AA529704A2000635F3A /* RudderSampleAppOneTrustConsent */,
			);
		};
/* End PBXProject section */

/* Begin PBXResourcesBuildPhase section */
		EDAE2AA429704A2000635F3A /* Resources */ = {
			isa = PBXResourcesBuildPhase;
			buildActionMask = 2147483647;
			files = (
				EDAE2AB629704A2100635F3A /* LaunchScreen.storyboard in Resources */,
				EDAE2AB329704A2100635F3A /* Assets.xcassets in Resources */,
				EDAE2AB129704A2000635F3A /* Main.storyboard in Resources */,
			);
			runOnlyForDeploymentPostprocessing = 0;
		};
/* End PBXResourcesBuildPhase section */

/* Begin PBXShellScriptBuildPhase section */
		3EB525FBF9B296E91950E53A /* [CP] Embed Pods Frameworks */ = {
			isa = PBXShellScriptBuildPhase;
			buildActionMask = 2147483647;
			files = (
			);
			inputFileListPaths = (
				"${PODS_ROOT}/Target Support Files/Pods-RudderSampleAppOneTrustConsent/Pods-RudderSampleAppOneTrustConsent-frameworks-${CONFIGURATION}-input-files.xcfilelist",
			);
			name = "[CP] Embed Pods Frameworks";
			outputFileListPaths = (
				"${PODS_ROOT}/Target Support Files/Pods-RudderSampleAppOneTrustConsent/Pods-RudderSampleAppOneTrustConsent-frameworks-${CONFIGURATION}-output-files.xcfilelist",
			);
			runOnlyForDeploymentPostprocessing = 0;
			shellPath = /bin/sh;
			shellScript = "\"${PODS_ROOT}/Target Support Files/Pods-RudderSampleAppOneTrustConsent/Pods-RudderSampleAppOneTrustConsent-frameworks.sh\"\n";
			showEnvVarsInLog = 0;
		};
		D0032343CC83EA509B3D2817 /* [CP] Check Pods Manifest.lock */ = {
			isa = PBXShellScriptBuildPhase;
			buildActionMask = 2147483647;
			files = (
			);
			inputFileListPaths = (
			);
			inputPaths = (
				"${PODS_PODFILE_DIR_PATH}/Podfile.lock",
				"${PODS_ROOT}/Manifest.lock",
			);
			name = "[CP] Check Pods Manifest.lock";
			outputFileListPaths = (
			);
			outputPaths = (
				"$(DERIVED_FILE_DIR)/Pods-RudderSampleAppOneTrustConsent-checkManifestLockResult.txt",
			);
			runOnlyForDeploymentPostprocessing = 0;
			shellPath = /bin/sh;
			shellScript = "diff \"${PODS_PODFILE_DIR_PATH}/Podfile.lock\" \"${PODS_ROOT}/Manifest.lock\" > /dev/null\nif [ $? != 0 ] ; then\n    # print error to STDERR\n    echo \"error: The sandbox is not in sync with the Podfile.lock. Run 'pod install' or update your CocoaPods installation.\" >&2\n    exit 1\nfi\n# This output is used by Xcode 'outputs' to avoid re-running this script phase.\necho \"SUCCESS\" > \"${SCRIPT_OUTPUT_FILE_0}\"\n";
			showEnvVarsInLog = 0;
		};
/* End PBXShellScriptBuildPhase section */

/* Begin PBXSourcesBuildPhase section */
		EDAE2AA229704A2000635F3A /* Sources */ = {
			isa = PBXSourcesBuildPhase;
			buildActionMask = 2147483647;
			files = (
				EDAE2AAE29704A2000635F3A /* ViewController.swift in Sources */,
				EDAE2AAA29704A2000635F3A /* AppDelegate.swift in Sources */,
				EDAE2AAC29704A2000635F3A /* SceneDelegate.swift in Sources */,
			);
			runOnlyForDeploymentPostprocessing = 0;
		};
/* End PBXSourcesBuildPhase section */

/* Begin PBXVariantGroup section */
		EDAE2AAF29704A2000635F3A /* Main.storyboard */ = {
			isa = PBXVariantGroup;
			children = (
				EDAE2AB029704A2000635F3A /* Base */,
			);
			name = Main.storyboard;
			sourceTree = "<group>";
		};
		EDAE2AB429704A2100635F3A /* LaunchScreen.storyboard */ = {
			isa = PBXVariantGroup;
			children = (
				EDAE2AB529704A2100635F3A /* Base */,
			);
			name = LaunchScreen.storyboard;
			sourceTree = "<group>";
		};
/* End PBXVariantGroup section */

/* Begin XCBuildConfiguration section */
		EDAE2AB829704A2100635F3A /* Debug */ = {
			isa = XCBuildConfiguration;
			buildSettings = {
				ALWAYS_SEARCH_USER_PATHS = NO;
				CLANG_ANALYZER_NONNULL = YES;
				CLANG_ANALYZER_NUMBER_OBJECT_CONVERSION = YES_AGGRESSIVE;
				CLANG_CXX_LANGUAGE_STANDARD = "gnu++20";
				CLANG_ENABLE_MODULES = YES;
				CLANG_ENABLE_OBJC_ARC = YES;
				CLANG_ENABLE_OBJC_WEAK = YES;
				CLANG_WARN_BLOCK_CAPTURE_AUTORELEASING = YES;
				CLANG_WARN_BOOL_CONVERSION = YES;
				CLANG_WARN_COMMA = YES;
				CLANG_WARN_CONSTANT_CONVERSION = YES;
				CLANG_WARN_DEPRECATED_OBJC_IMPLEMENTATIONS = YES;
				CLANG_WARN_DIRECT_OBJC_ISA_USAGE = YES_ERROR;
				CLANG_WARN_DOCUMENTATION_COMMENTS = YES;
				CLANG_WARN_EMPTY_BODY = YES;
				CLANG_WARN_ENUM_CONVERSION = YES;
				CLANG_WARN_INFINITE_RECURSION = YES;
				CLANG_WARN_INT_CONVERSION = YES;
				CLANG_WARN_NON_LITERAL_NULL_CONVERSION = YES;
				CLANG_WARN_OBJC_IMPLICIT_RETAIN_SELF = YES;
				CLANG_WARN_OBJC_LITERAL_CONVERSION = YES;
				CLANG_WARN_OBJC_ROOT_CLASS = YES_ERROR;
				CLANG_WARN_QUOTED_INCLUDE_IN_FRAMEWORK_HEADER = YES;
				CLANG_WARN_RANGE_LOOP_ANALYSIS = YES;
				CLANG_WARN_STRICT_PROTOTYPES = YES;
				CLANG_WARN_SUSPICIOUS_MOVE = YES;
				CLANG_WARN_UNGUARDED_AVAILABILITY = YES_AGGRESSIVE;
				CLANG_WARN_UNREACHABLE_CODE = YES;
				CLANG_WARN__DUPLICATE_METHOD_MATCH = YES;
				COPY_PHASE_STRIP = NO;
				DEBUG_INFORMATION_FORMAT = dwarf;
				ENABLE_STRICT_OBJC_MSGSEND = YES;
				ENABLE_TESTABILITY = YES;
				GCC_C_LANGUAGE_STANDARD = gnu11;
				GCC_DYNAMIC_NO_PIC = NO;
				GCC_NO_COMMON_BLOCKS = YES;
				GCC_OPTIMIZATION_LEVEL = 0;
				GCC_PREPROCESSOR_DEFINITIONS = (
					"DEBUG=1",
					"$(inherited)",
				);
				GCC_WARN_64_TO_32_BIT_CONVERSION = YES;
				GCC_WARN_ABOUT_RETURN_TYPE = YES_ERROR;
				GCC_WARN_UNDECLARED_SELECTOR = YES;
				GCC_WARN_UNINITIALIZED_AUTOS = YES_AGGRESSIVE;
				GCC_WARN_UNUSED_FUNCTION = YES;
				GCC_WARN_UNUSED_VARIABLE = YES;
				IPHONEOS_DEPLOYMENT_TARGET = 16.2;
				MTL_ENABLE_DEBUG_INFO = INCLUDE_SOURCE;
				MTL_FAST_MATH = YES;
				ONLY_ACTIVE_ARCH = YES;
				SDKROOT = iphoneos;
				SWIFT_ACTIVE_COMPILATION_CONDITIONS = DEBUG;
				SWIFT_OPTIMIZATION_LEVEL = "-Onone";
			};
			name = Debug;
		};
		EDAE2AB929704A2100635F3A /* Release */ = {
			isa = XCBuildConfiguration;
			buildSettings = {
				ALWAYS_SEARCH_USER_PATHS = NO;
				CLANG_ANALYZER_NONNULL = YES;
				CLANG_ANALYZER_NUMBER_OBJECT_CONVERSION = YES_AGGRESSIVE;
				CLANG_CXX_LANGUAGE_STANDARD = "gnu++20";
				CLANG_ENABLE_MODULES = YES;
				CLANG_ENABLE_OBJC_ARC = YES;
				CLANG_ENABLE_OBJC_WEAK = YES;
				CLANG_WARN_BLOCK_CAPTURE_AUTORELEASING = YES;
				CLANG_WARN_BOOL_CONVERSION = YES;
				CLANG_WARN_COMMA = YES;
				CLANG_WARN_CONSTANT_CONVERSION = YES;
				CLANG_WARN_DEPRECATED_OBJC_IMPLEMENTATIONS = YES;
				CLANG_WARN_DIRECT_OBJC_ISA_USAGE = YES_ERROR;
				CLANG_WARN_DOCUMENTATION_COMMENTS = YES;
				CLANG_WARN_EMPTY_BODY = YES;
				CLANG_WARN_ENUM_CONVERSION = YES;
				CLANG_WARN_INFINITE_RECURSION = YES;
				CLANG_WARN_INT_CONVERSION = YES;
				CLANG_WARN_NON_LITERAL_NULL_CONVERSION = YES;
				CLANG_WARN_OBJC_IMPLICIT_RETAIN_SELF = YES;
				CLANG_WARN_OBJC_LITERAL_CONVERSION = YES;
				CLANG_WARN_OBJC_ROOT_CLASS = YES_ERROR;
				CLANG_WARN_QUOTED_INCLUDE_IN_FRAMEWORK_HEADER = YES;
				CLANG_WARN_RANGE_LOOP_ANALYSIS = YES;
				CLANG_WARN_STRICT_PROTOTYPES = YES;
				CLANG_WARN_SUSPICIOUS_MOVE = YES;
				CLANG_WARN_UNGUARDED_AVAILABILITY = YES_AGGRESSIVE;
				CLANG_WARN_UNREACHABLE_CODE = YES;
				CLANG_WARN__DUPLICATE_METHOD_MATCH = YES;
				COPY_PHASE_STRIP = NO;
				DEBUG_INFORMATION_FORMAT = "dwarf-with-dsym";
				ENABLE_NS_ASSERTIONS = NO;
				ENABLE_STRICT_OBJC_MSGSEND = YES;
				GCC_C_LANGUAGE_STANDARD = gnu11;
				GCC_NO_COMMON_BLOCKS = YES;
				GCC_WARN_64_TO_32_BIT_CONVERSION = YES;
				GCC_WARN_ABOUT_RETURN_TYPE = YES_ERROR;
				GCC_WARN_UNDECLARED_SELECTOR = YES;
				GCC_WARN_UNINITIALIZED_AUTOS = YES_AGGRESSIVE;
				GCC_WARN_UNUSED_FUNCTION = YES;
				GCC_WARN_UNUSED_VARIABLE = YES;
				IPHONEOS_DEPLOYMENT_TARGET = 16.2;
				MTL_ENABLE_DEBUG_INFO = NO;
				MTL_FAST_MATH = YES;
				SDKROOT = iphoneos;
				SWIFT_COMPILATION_MODE = wholemodule;
				SWIFT_OPTIMIZATION_LEVEL = "-O";
				VALIDATE_PRODUCT = YES;
			};
			name = Release;
		};
		EDAE2ABB29704A2100635F3A /* Debug */ = {
			isa = XCBuildConfiguration;
			baseConfigurationReference = B33C1EC4C5EA1ED7188182A7 /* Pods-RudderSampleAppOneTrustConsent.debug.xcconfig */;
			buildSettings = {
				ASSETCATALOG_COMPILER_APPICON_NAME = AppIcon;
				ASSETCATALOG_COMPILER_GLOBAL_ACCENT_COLOR_NAME = AccentColor;
				CODE_SIGN_STYLE = Automatic;
				CURRENT_PROJECT_VERSION = 1;
				GENERATE_INFOPLIST_FILE = YES;
				INFOPLIST_FILE = RudderSampleAppOneTrustConsent/Info.plist;
				INFOPLIST_KEY_UIApplicationSupportsIndirectInputEvents = YES;
				INFOPLIST_KEY_UILaunchStoryboardName = LaunchScreen;
				INFOPLIST_KEY_UIMainStoryboardFile = Main;
				INFOPLIST_KEY_UISupportedInterfaceOrientations_iPad = "UIInterfaceOrientationPortrait UIInterfaceOrientationPortraitUpsideDown UIInterfaceOrientationLandscapeLeft UIInterfaceOrientationLandscapeRight";
				INFOPLIST_KEY_UISupportedInterfaceOrientations_iPhone = "UIInterfaceOrientationPortrait UIInterfaceOrientationLandscapeLeft UIInterfaceOrientationLandscapeRight";
				LD_RUNPATH_SEARCH_PATHS = (
					"$(inherited)",
					"@executable_path/Frameworks",
				);
				MARKETING_VERSION = 1.0;
				PRODUCT_BUNDLE_IDENTIFIER = com.rudderstack.RudderSampleAppOneTrustConsent;
				PRODUCT_NAME = "$(TARGET_NAME)";
				SWIFT_EMIT_LOC_STRINGS = YES;
				SWIFT_VERSION = 5.0;
				TARGETED_DEVICE_FAMILY = "1,2";
			};
			name = Debug;
		};
		EDAE2ABC29704A2100635F3A /* Release */ = {
			isa = XCBuildConfiguration;
			baseConfigurationReference = 4921404580555629CBB7CED8 /* Pods-RudderSampleAppOneTrustConsent.release.xcconfig */;
			buildSettings = {
				ASSETCATALOG_COMPILER_APPICON_NAME = AppIcon;
				ASSETCATALOG_COMPILER_GLOBAL_ACCENT_COLOR_NAME = AccentColor;
				CODE_SIGN_STYLE = Automatic;
				CURRENT_PROJECT_VERSION = 1;
				GENERATE_INFOPLIST_FILE = YES;
				INFOPLIST_FILE = RudderSampleAppOneTrustConsent/Info.plist;
				INFOPLIST_KEY_UIApplicationSupportsIndirectInputEvents = YES;
				INFOPLIST_KEY_UILaunchStoryboardName = LaunchScreen;
				INFOPLIST_KEY_UIMainStoryboardFile = Main;
				INFOPLIST_KEY_UISupportedInterfaceOrientations_iPad = "UIInterfaceOrientationPortrait UIInterfaceOrientationPortraitUpsideDown UIInterfaceOrientationLandscapeLeft UIInterfaceOrientationLandscapeRight";
				INFOPLIST_KEY_UISupportedInterfaceOrientations_iPhone = "UIInterfaceOrientationPortrait UIInterfaceOrientationLandscapeLeft UIInterfaceOrientationLandscapeRight";
				LD_RUNPATH_SEARCH_PATHS = (
					"$(inherited)",
					"@executable_path/Frameworks",
				);
				MARKETING_VERSION = 1.0;
				PRODUCT_BUNDLE_IDENTIFIER = com.rudderstack.RudderSampleAppOneTrustConsent;
				PRODUCT_NAME = "$(TARGET_NAME)";
				SWIFT_EMIT_LOC_STRINGS = YES;
				SWIFT_VERSION = 5.0;
				TARGETED_DEVICE_FAMILY = "1,2";
			};
			name = Release;
		};
/* End XCBuildConfiguration section */

/* Begin XCConfigurationList section */
		EDAE2AA129704A2000635F3A /* Build configuration list for PBXProject "RudderSampleAppOneTrustConsent" */ = {
			isa = XCConfigurationList;
			buildConfigurations = (
				EDAE2AB829704A2100635F3A /* Debug */,
				EDAE2AB929704A2100635F3A /* Release */,
			);
			defaultConfigurationIsVisible = 0;
			defaultConfigurationName = Release;
		};
		EDAE2ABA29704A2100635F3A /* Build configuration list for PBXNativeTarget "RudderSampleAppOneTrustConsent" */ = {
			isa = XCConfigurationList;
			buildConfigurations = (
				EDAE2ABB29704A2100635F3A /* Debug */,
				EDAE2ABC29704A2100635F3A /* Release */,
			);
			defaultConfigurationIsVisible = 0;
			defaultConfigurationName = Release;
		};
/* End XCConfigurationList section */
	};
	rootObject = EDAE2A9E29704A2000635F3A /* Project object */;
}
