// !$*UTF8*$!
{
	archiveVersion = 1;
	classes = {
	};
	objectVersion = 50;
	objects = {

/* Begin PBXBuildFile section */
		066006532359D370005DE0C6 /* AppDelegate.m in Sources */ = {isa = PBXBuildFile; fileRef = 066006522359D370005DE0C6 /* AppDelegate.m */; };
		066006562359D370005DE0C6 /* ViewController.m in Sources */ = {isa = PBXBuildFile; fileRef = 066006552359D370005DE0C6 /* ViewController.m */; };
		066006592359D370005DE0C6 /* Main.storyboard in Resources */ = {isa = PBXBuildFile; fileRef = 066006572359D370005DE0C6 /* Main.storyboard */; };
		0660065B2359D371005DE0C6 /* Assets.xcassets in Resources */ = {isa = PBXBuildFile; fileRef = 0660065A2359D371005DE0C6 /* Assets.xcassets */; };
		0660065E2359D371005DE0C6 /* LaunchScreen.storyboard in Resources */ = {isa = PBXBuildFile; fileRef = 0660065C2359D371005DE0C6 /* LaunchScreen.storyboard */; };
		066006612359D371005DE0C6 /* main.m in Sources */ = {isa = PBXBuildFile; fileRef = 066006602359D371005DE0C6 /* main.m */; };
		1F1F16A076E461E15B64ECE4 /* Pods_RudderSample.framework in Frameworks */ = {isa = PBXBuildFile; fileRef = 6DC6F5BAA8B6CDEC2416548D /* Pods_RudderSample.framework */; };
/* End PBXBuildFile section */

/* Begin PBXFileReference section */
		0660064E2359D370005DE0C6 /* RudderSample.app */ = {isa = PBXFileReference; explicitFileType = wrapper.application; includeInIndex = 0; path = RudderSample.app; sourceTree = BUILT_PRODUCTS_DIR; };
		066006512359D370005DE0C6 /* AppDelegate.h */ = {isa = PBXFileReference; lastKnownFileType = sourcecode.c.h; path = AppDelegate.h; sourceTree = "<group>"; };
		066006522359D370005DE0C6 /* AppDelegate.m */ = {isa = PBXFileReference; lastKnownFileType = sourcecode.c.objc; path = AppDelegate.m; sourceTree = "<group>"; };
		066006542359D370005DE0C6 /* ViewController.h */ = {isa = PBXFileReference; lastKnownFileType = sourcecode.c.h; path = ViewController.h; sourceTree = "<group>"; };
		066006552359D370005DE0C6 /* ViewController.m */ = {isa = PBXFileReference; lastKnownFileType = sourcecode.c.objc; path = ViewController.m; sourceTree = "<group>"; };
		066006582359D370005DE0C6 /* Base */ = {isa = PBXFileReference; lastKnownFileType = file.storyboard; name = Base; path = Base.lproj/Main.storyboard; sourceTree = "<group>"; };
		0660065A2359D371005DE0C6 /* Assets.xcassets */ = {isa = PBXFileReference; lastKnownFileType = folder.assetcatalog; path = Assets.xcassets; sourceTree = "<group>"; };
		0660065D2359D371005DE0C6 /* Base */ = {isa = PBXFileReference; lastKnownFileType = file.storyboard; name = Base; path = Base.lproj/LaunchScreen.storyboard; sourceTree = "<group>"; };
		0660065F2359D371005DE0C6 /* Info.plist */ = {isa = PBXFileReference; lastKnownFileType = text.plist.xml; path = Info.plist; sourceTree = "<group>"; };
		066006602359D371005DE0C6 /* main.m */ = {isa = PBXFileReference; lastKnownFileType = sourcecode.c.objc; path = main.m; sourceTree = "<group>"; };
		2514527929809A0330D4B213 /* Pods-RudderSample.debug.xcconfig */ = {isa = PBXFileReference; includeInIndex = 1; lastKnownFileType = text.xcconfig; name = "Pods-RudderSample.debug.xcconfig"; path = "Target Support Files/Pods-RudderSample/Pods-RudderSample.debug.xcconfig"; sourceTree = "<group>"; };
		6DC6F5BAA8B6CDEC2416548D /* Pods_RudderSample.framework */ = {isa = PBXFileReference; explicitFileType = wrapper.framework; includeInIndex = 0; path = Pods_RudderSample.framework; sourceTree = BUILT_PRODUCTS_DIR; };
		AE3E5281D6BA6D2F401943C6 /* Pods-RudderSample.release.xcconfig */ = {isa = PBXFileReference; includeInIndex = 1; lastKnownFileType = text.xcconfig; name = "Pods-RudderSample.release.xcconfig"; path = "Target Support Files/Pods-RudderSample/Pods-RudderSample.release.xcconfig"; sourceTree = "<group>"; };
/* End PBXFileReference section */

/* Begin PBXFrameworksBuildPhase section */
		0660064B2359D370005DE0C6 /* Frameworks */ = {
			isa = PBXFrameworksBuildPhase;
			buildActionMask = 2147483647;
			files = (
				1F1F16A076E461E15B64ECE4 /* Pods_RudderSample.framework in Frameworks */,
			);
			runOnlyForDeploymentPostprocessing = 0;
		};
/* End PBXFrameworksBuildPhase section */

/* Begin PBXGroup section */
		066006452359D370005DE0C6 = {
			isa = PBXGroup;
			children = (
				066006502359D370005DE0C6 /* RudderSample */,
				0660064F2359D370005DE0C6 /* Products */,
				534F80B5EEAB6C2FD9F4EEBA /* Pods */,
				48BB63585E13BFBA21E5C8A1 /* Frameworks */,
			);
			sourceTree = "<group>";
		};
		0660064F2359D370005DE0C6 /* Products */ = {
			isa = PBXGroup;
			children = (
				0660064E2359D370005DE0C6 /* RudderSample.app */,
			);
			name = Products;
			sourceTree = "<group>";
		};
		066006502359D370005DE0C6 /* RudderSample */ = {
			isa = PBXGroup;
			children = (
				066006512359D370005DE0C6 /* AppDelegate.h */,
				066006522359D370005DE0C6 /* AppDelegate.m */,
				066006542359D370005DE0C6 /* ViewController.h */,
				066006552359D370005DE0C6 /* ViewController.m */,
				066006572359D370005DE0C6 /* Main.storyboard */,
				0660065A2359D371005DE0C6 /* Assets.xcassets */,
				0660065C2359D371005DE0C6 /* LaunchScreen.storyboard */,
				0660065F2359D371005DE0C6 /* Info.plist */,
				066006602359D371005DE0C6 /* main.m */,
			);
			path = RudderSample;
			sourceTree = "<group>";
		};
		48BB63585E13BFBA21E5C8A1 /* Frameworks */ = {
			isa = PBXGroup;
			children = (
				6DC6F5BAA8B6CDEC2416548D /* Pods_RudderSample.framework */,
			);
			name = Frameworks;
			sourceTree = "<group>";
		};
		534F80B5EEAB6C2FD9F4EEBA /* Pods */ = {
			isa = PBXGroup;
			children = (
				2514527929809A0330D4B213 /* Pods-RudderSample.debug.xcconfig */,
				AE3E5281D6BA6D2F401943C6 /* Pods-RudderSample.release.xcconfig */,
			);
			name = Pods;
			path = Pods;
			sourceTree = "<group>";
		};
/* End PBXGroup section */

/* Begin PBXNativeTarget section */
		0660064D2359D370005DE0C6 /* RudderSample */ = {
			isa = PBXNativeTarget;
			buildConfigurationList = 066006642359D371005DE0C6 /* Build configuration list for PBXNativeTarget "RudderSample" */;
			buildPhases = (
				913DC32B395B595518BE4776 /* [CP] Check Pods Manifest.lock */,
				0660064A2359D370005DE0C6 /* Sources */,
				0660064B2359D370005DE0C6 /* Frameworks */,
				0660064C2359D370005DE0C6 /* Resources */,
			);
			buildRules = (
			);
			dependencies = (
			);
			name = RudderSample;
			productName = RudderSample;
			productReference = 0660064E2359D370005DE0C6 /* RudderSample.app */;
			productType = "com.apple.product-type.application";
		};
/* End PBXNativeTarget section */

/* Begin PBXProject section */
		066006462359D370005DE0C6 /* Project object */ = {
			isa = PBXProject;
			attributes = {
				LastUpgradeCheck = 1020;
				ORGANIZATIONNAME = Rudderlabs;
				TargetAttributes = {
					0660064D2359D370005DE0C6 = {
						CreatedOnToolsVersion = 10.2.1;
					};
				};
			};
			buildConfigurationList = 066006492359D370005DE0C6 /* Build configuration list for PBXProject "RudderSample" */;
			compatibilityVersion = "Xcode 9.3";
			developmentRegion = en;
			hasScannedForEncodings = 0;
			knownRegions = (
				en,
				Base,
			);
			mainGroup = 066006452359D370005DE0C6;
			productRefGroup = 0660064F2359D370005DE0C6 /* Products */;
			projectDirPath = "";
			projectRoot = "";
			targets = (
				0660064D2359D370005DE0C6 /* RudderSample */,
			);
		};
/* End PBXProject section */

/* Begin PBXResourcesBuildPhase section */
		0660064C2359D370005DE0C6 /* Resources */ = {
			isa = PBXResourcesBuildPhase;
			buildActionMask = 2147483647;
			files = (
				0660065E2359D371005DE0C6 /* LaunchScreen.storyboard in Resources */,
				0660065B2359D371005DE0C6 /* Assets.xcassets in Resources */,
				066006592359D370005DE0C6 /* Main.storyboard in Resources */,
			);
			runOnlyForDeploymentPostprocessing = 0;
		};
/* End PBXResourcesBuildPhase section */

/* Begin PBXShellScriptBuildPhase section */
		913DC32B395B595518BE4776 /* [CP] Check Pods Manifest.lock */ = {
			isa = PBXShellScriptBuildPhase;
			buildActionMask = 2147483647;
			files = (
			);
			inputFileListPaths = (
			);
			inputPaths = (
				"${PODS_PODFILE_DIR_PATH}/Podfile.lock",
				"${PODS_ROOT}/Manifest.lock",
			);
			name = "[CP] Check Pods Manifest.lock";
			outputFileListPaths = (
			);
			outputPaths = (
				"$(DERIVED_FILE_DIR)/Pods-RudderSample-checkManifestLockResult.txt",
			);
			runOnlyForDeploymentPostprocessing = 0;
			shellPath = /bin/sh;
			shellScript = "diff \"${PODS_PODFILE_DIR_PATH}/Podfile.lock\" \"${PODS_ROOT}/Manifest.lock\" > /dev/null\nif [ $? != 0 ] ; then\n    # print error to STDERR\n    echo \"error: The sandbox is not in sync with the Podfile.lock. Run 'pod install' or update your CocoaPods installation.\" >&2\n    exit 1\nfi\n# This output is used by Xcode 'outputs' to avoid re-running this script phase.\necho \"SUCCESS\" > \"${SCRIPT_OUTPUT_FILE_0}\"\n";
			showEnvVarsInLog = 0;
		};
/* End PBXShellScriptBuildPhase section */

/* Begin PBXSourcesBuildPhase section */
		0660064A2359D370005DE0C6 /* Sources */ = {
			isa = PBXSourcesBuildPhase;
			buildActionMask = 2147483647;
			files = (
				066006562359D370005DE0C6 /* ViewController.m in Sources */,
				066006612359D371005DE0C6 /* main.m in Sources */,
				066006532359D370005DE0C6 /* AppDelegate.m in Sources */,
			);
			runOnlyForDeploymentPostprocessing = 0;
		};
/* End PBXSourcesBuildPhase section */

/* Begin PBXVariantGroup section */
		066006572359D370005DE0C6 /* Main.storyboard */ = {
			isa = PBXVariantGroup;
			children = (
				066006582359D370005DE0C6 /* Base */,
			);
			name = Main.storyboard;
			sourceTree = "<group>";
		};
		0660065C2359D371005DE0C6 /* LaunchScreen.storyboard */ = {
			isa = PBXVariantGroup;
			children = (
				0660065D2359D371005DE0C6 /* Base */,
			);
			name = LaunchScreen.storyboard;
			sourceTree = "<group>";
		};
/* End PBXVariantGroup section */

/* Begin XCBuildConfiguration section */
		066006622359D371005DE0C6 /* Debug */ = {
			isa = XCBuildConfiguration;
			buildSettings = {
				ALWAYS_SEARCH_USER_PATHS = NO;
				CLANG_ANALYZER_NONNULL = YES;
				CLANG_ANALYZER_NUMBER_OBJECT_CONVERSION = YES_AGGRESSIVE;
				CLANG_CXX_LANGUAGE_STANDARD = "gnu++14";
				CLANG_CXX_LIBRARY = "libc++";
				CLANG_ENABLE_MODULES = YES;
				CLANG_ENABLE_OBJC_ARC = YES;
				CLANG_ENABLE_OBJC_WEAK = YES;
				CLANG_WARN_BLOCK_CAPTURE_AUTORELEASING = YES;
				CLANG_WARN_BOOL_CONVERSION = YES;
				CLANG_WARN_COMMA = YES;
				CLANG_WARN_CONSTANT_CONVERSION = YES;
				CLANG_WARN_DEPRECATED_OBJC_IMPLEMENTATIONS = YES;
				CLANG_WARN_DIRECT_OBJC_ISA_USAGE = YES_ERROR;
				CLANG_WARN_DOCUMENTATION_COMMENTS = YES;
				CLANG_WARN_EMPTY_BODY = YES;
				CLANG_WARN_ENUM_CONVERSION = YES;
				CLANG_WARN_INFINITE_RECURSION = YES;
				CLANG_WARN_INT_CONVERSION = YES;
				CLANG_WARN_NON_LITERAL_NULL_CONVERSION = YES;
				CLANG_WARN_OBJC_IMPLICIT_RETAIN_SELF = YES;
				CLANG_WARN_OBJC_LITERAL_CONVERSION = YES;
				CLANG_WARN_OBJC_ROOT_CLASS = YES_ERROR;
				CLANG_WARN_RANGE_LOOP_ANALYSIS = YES;
				CLANG_WARN_STRICT_PROTOTYPES = YES;
				CLANG_WARN_SUSPICIOUS_MOVE = YES;
				CLANG_WARN_UNGUARDED_AVAILABILITY = YES_AGGRESSIVE;
				CLANG_WARN_UNREACHABLE_CODE = YES;
				CLANG_WARN__DUPLICATE_METHOD_MATCH = YES;
				CODE_SIGN_IDENTITY = "iPhone Developer";
				COPY_PHASE_STRIP = NO;
				DEBUG_INFORMATION_FORMAT = dwarf;
				ENABLE_STRICT_OBJC_MSGSEND = YES;
				ENABLE_TESTABILITY = YES;
				GCC_C_LANGUAGE_STANDARD = gnu11;
				GCC_DYNAMIC_NO_PIC = NO;
				GCC_NO_COMMON_BLOCKS = YES;
				GCC_OPTIMIZATION_LEVEL = 0;
				GCC_PREPROCESSOR_DEFINITIONS = (
					"DEBUG=1",
					"$(inherited)",
				);
				GCC_WARN_64_TO_32_BIT_CONVERSION = YES;
				GCC_WARN_ABOUT_RETURN_TYPE = YES_ERROR;
				GCC_WARN_UNDECLARED_SELECTOR = YES;
				GCC_WARN_UNINITIALIZED_AUTOS = YES_AGGRESSIVE;
				GCC_WARN_UNUSED_FUNCTION = YES;
				GCC_WARN_UNUSED_VARIABLE = YES;
				IPHONEOS_DEPLOYMENT_TARGET = 12.2;
				MTL_ENABLE_DEBUG_INFO = INCLUDE_SOURCE;
				MTL_FAST_MATH = YES;
				ONLY_ACTIVE_ARCH = YES;
				SDKROOT = iphoneos;
			};
			name = Debug;
		};
		066006632359D371005DE0C6 /* Release */ = {
			isa = XCBuildConfiguration;
			buildSettings = {
				ALWAYS_SEARCH_USER_PATHS = NO;
				CLANG_ANALYZER_NONNULL = YES;
				CLANG_ANALYZER_NUMBER_OBJECT_CONVERSION = YES_AGGRESSIVE;
				CLANG_CXX_LANGUAGE_STANDARD = "gnu++14";
				CLANG_CXX_LIBRARY = "libc++";
				CLANG_ENABLE_MODULES = YES;
				CLANG_ENABLE_OBJC_ARC = YES;
				CLANG_ENABLE_OBJC_WEAK = YES;
				CLANG_WARN_BLOCK_CAPTURE_AUTORELEASING = YES;
				CLANG_WARN_BOOL_CONVERSION = YES;
				CLANG_WARN_COMMA = YES;
				CLANG_WARN_CONSTANT_CONVERSION = YES;
				CLANG_WARN_DEPRECATED_OBJC_IMPLEMENTATIONS = YES;
				CLANG_WARN_DIRECT_OBJC_ISA_USAGE = YES_ERROR;
				CLANG_WARN_DOCUMENTATION_COMMENTS = YES;
				CLANG_WARN_EMPTY_BODY = YES;
				CLANG_WARN_ENUM_CONVERSION = YES;
				CLANG_WARN_INFINITE_RECURSION = YES;
				CLANG_WARN_INT_CONVERSION = YES;
				CLANG_WARN_NON_LITERAL_NULL_CONVERSION = YES;
				CLANG_WARN_OBJC_IMPLICIT_RETAIN_SELF = YES;
				CLANG_WARN_OBJC_LITERAL_CONVERSION = YES;
				CLANG_WARN_OBJC_ROOT_CLASS = YES_ERROR;
				CLANG_WARN_RANGE_LOOP_ANALYSIS = YES;
				CLANG_WARN_STRICT_PROTOTYPES = YES;
				CLANG_WARN_SUSPICIOUS_MOVE = YES;
				CLANG_WARN_UNGUARDED_AVAILABILITY = YES_AGGRESSIVE;
				CLANG_WARN_UNREACHABLE_CODE = YES;
				CLANG_WARN__DUPLICATE_METHOD_MATCH = YES;
				CODE_SIGN_IDENTITY = "iPhone Developer";
				COPY_PHASE_STRIP = NO;
				DEBUG_INFORMATION_FORMAT = "dwarf-with-dsym";
				ENABLE_NS_ASSERTIONS = NO;
				ENABLE_STRICT_OBJC_MSGSEND = YES;
				GCC_C_LANGUAGE_STANDARD = gnu11;
				GCC_NO_COMMON_BLOCKS = YES;
				GCC_WARN_64_TO_32_BIT_CONVERSION = YES;
				GCC_WARN_ABOUT_RETURN_TYPE = YES_ERROR;
				GCC_WARN_UNDECLARED_SELECTOR = YES;
				GCC_WARN_UNINITIALIZED_AUTOS = YES_AGGRESSIVE;
				GCC_WARN_UNUSED_FUNCTION = YES;
				GCC_WARN_UNUSED_VARIABLE = YES;
				IPHONEOS_DEPLOYMENT_TARGET = 12.2;
				MTL_ENABLE_DEBUG_INFO = NO;
				MTL_FAST_MATH = YES;
				SDKROOT = iphoneos;
				VALIDATE_PRODUCT = YES;
			};
			name = Release;
		};
		066006652359D371005DE0C6 /* Debug */ = {
			isa = XCBuildConfiguration;
			baseConfigurationReference = 2514527929809A0330D4B213 /* Pods-RudderSample.debug.xcconfig */;
			buildSettings = {
				ASSETCATALOG_COMPILER_APPICON_NAME = AppIcon;
				CODE_SIGN_STYLE = Automatic;
				INFOPLIST_FILE = RudderSample/Info.plist;
				LD_RUNPATH_SEARCH_PATHS = (
					"$(inherited)",
					"@executable_path/Frameworks",
				);
				PRODUCT_BUNDLE_IDENTIFIER = com.rudderlabs.ios.RudderSample;
				PRODUCT_NAME = "$(TARGET_NAME)";
				TARGETED_DEVICE_FAMILY = "1,2";
			};
			name = Debug;
		};
		066006662359D371005DE0C6 /* Release */ = {
			isa = XCBuildConfiguration;
			baseConfigurationReference = AE3E5281D6BA6D2F401943C6 /* Pods-RudderSample.release.xcconfig */;
			buildSettings = {
				ASSETCATALOG_COMPILER_APPICON_NAME = AppIcon;
				CODE_SIGN_STYLE = Automatic;
				INFOPLIST_FILE = RudderSample/Info.plist;
				LD_RUNPATH_SEARCH_PATHS = (
					"$(inherited)",
					"@executable_path/Frameworks",
				);
				PRODUCT_BUNDLE_IDENTIFIER = com.rudderlabs.ios.RudderSample;
				PRODUCT_NAME = "$(TARGET_NAME)";
				TARGETED_DEVICE_FAMILY = "1,2";
			};
			name = Release;
		};
/* End XCBuildConfiguration section */

/* Begin XCConfigurationList section */
		066006492359D370005DE0C6 /* Build configuration list for PBXProject "RudderSample" */ = {
			isa = XCConfigurationList;
			buildConfigurations = (
				066006622359D371005DE0C6 /* Debug */,
				066006632359D371005DE0C6 /* Release */,
			);
			defaultConfigurationIsVisible = 0;
			defaultConfigurationName = Release;
		};
		066006642359D371005DE0C6 /* Build configuration list for PBXNativeTarget "RudderSample" */ = {
			isa = XCConfigurationList;
			buildConfigurations = (
				066006652359D371005DE0C6 /* Debug */,
				066006662359D371005DE0C6 /* Release */,
			);
			defaultConfigurationIsVisible = 0;
			defaultConfigurationName = Release;
		};
/* End XCConfigurationList section */
	};
	rootObject = 066006462359D370005DE0C6 /* Project object */;
}
