PODS:
  - FBSnapshotTestCase (2.1.4):
    - FBSnapshotTestCase/SwiftSupport (= 2.1.4)
  - FBSnapshotTestCase/Core (2.1.4)
  - FBSnapshotTestCase/SwiftSupport (2.1.4):
    - FBSnapshotTestCase/Core
  - Rudder (1.0)

DEPENDENCIES:
  - FBSnapshotTestCase
  - Rudder (from `../`)

SPEC REPOS:
  trunk:
    - FBSnapshotTestCase

EXTERNAL SOURCES:
  Rudder:
    :path: "../"

SPEC CHECKSUMS:
  FBSnapshotTestCase: 094f9f314decbabe373b87cc339bea235a63e07a
  Rudder: 202048a1934ec2cd78c79e6e5d625d5983f9427e

PODFILE CHECKSUM: bc92e6b3da26b833dcd8d7ec17669f5585072d7a

COCOAPODS: 1.8.4
