PODS:
  - MetricsReporter (1.0.0):
    - RudderKit (~> 1.2.1)
  - Rudder (1.16.0):
    - MetricsReporter
  - RudderKit (1.2.1)

DEPENDENCIES:
  - MetricsReporter (from `/Users/pallabmaiti/Documents/Rudder/metrics-reporter-ios`)
  - Rudder (from `.`)
  - RudderKit (~> 1.2.1)

SPEC REPOS:
  https://github.com/rudderlabs/Specs.git:
    - RudderKit

EXTERNAL SOURCES:
  MetricsReporter:
    :path: "/Users/pallabmaiti/Documents/Rudder/metrics-reporter-ios"
  Rudder:
    :path: "."

SPEC CHECKSUMS:
  MetricsReporter: 0e65791a063bb4893863c43679be87c73133a565
  Rudder: 212eb791392eea75645ddcbb188a2ce31e368ace
  RudderKit: 760c070bf82b059e3850bf820e2c8b1375e97c1b

PODFILE CHECKSUM: 224cb0aa522b2faa9d00d8e373208cbf4ff50d8b

COCOAPODS: 1.12.1
