PODS:
  - MetricsReporter (1.0.0):
    - RudderKit (~> 1.4.0)
  - Rudder (1.19.2):
    - MetricsReporter (= 1.0.0)
  - RudderKit (1.4.0)
  - SQLCipher (4.5.4):
    - SQLCipher/standard (= 4.5.4)
  - SQLCipher/common (4.5.4)
  - SQLCipher/standard (4.5.4):
    - SQLCipher/common

DEPENDENCIES:
  - MetricsReporter
  - Rudder (from `.`)
  - RudderKit
  - SQLCipher (~> 4.0)

SPEC REPOS:
  https://github.com/CocoaPods/Specs.git:
    - MetricsReporter
    - RudderKit
    - SQLCipher

EXTERNAL SOURCES:
  Rudder:
    :path: "."

SPEC CHECKSUMS:
  MetricsReporter: 35d1a8e62cd99e1434bc8fdd06bf2baf7cb23e42
  Rudder: 0210ccd4ee632a780b8669ac5b6440d5fd52e40a
  RudderKit: f272f9872183946452ac94cd7bb2244a71e6ca8f
  SQLCipher: 905b145f65f349f26da9e60a19901ad24adcd381

PODFILE CHECKSUM: 799e2be1c19caac49a14db2f15e20e189c476219

COCOAPODS: 1.12.0
