PODS:
  - MetricsReporter (1.0.0):
    - RudderKit
  - Rudder (1.19.2):
    - MetricsReporter (= 1.0.0)
  - RudderKit (1.4.0)
  - SQLCipher (4.5.4):
    - SQLCipher/standard (= 4.5.4)
  - SQLCipher/common (4.5.4)
  - SQLCipher/standard (4.5.4):
    - SQLCipher/common

DEPENDENCIES:
  - MetricsReporter
  - Rudder (from `.`)
  - RudderKit
  - SQLCipher (~> 4.0)

SPEC REPOS:
  https://github.com/rudderlabs/Specs.git:
    - MetricsReporter
    - RudderKit
    - SQLCipher

EXTERNAL SOURCES:
  Rudder:
    :path: "."

SPEC CHECKSUMS:
  MetricsReporter: 97a54d0af909edc6804823a008b63bd568a42a35
  Rudder: 0210ccd4ee632a780b8669ac5b6440d5fd52e40a
  RudderKit: d9d6997696e1642b753d8bdf94e57af643a68f03
  SQLCipher: 905b145f65f349f26da9e60a19901ad24adcd381

PODFILE CHECKSUM: 799e2be1c19caac49a14db2f15e20e189c476219

COCOAPODS: 1.12.0
