// !$*UTF8*$!
{
	archiveVersion = 1;
	classes = {
	};
	objectVersion = 46;
	objects = {

/* Begin PBXBuildFile section */
		04C1C0033B54001D55B7C3FD /* Pods_RudderSampleAppObjC.framework in Frameworks */ = {isa = PBXBuildFile; fileRef = 4736EB78924F61CD264548C5 /* Pods_RudderSampleAppObjC.framework */; };
		0651F10D24C9C46400A43CAC /* iAd.framework in Frameworks */ = {isa = PBXBuildFile; fileRef = 0651F10C24C9C46400A43CAC /* iAd.framework */; };
		6003F58E195388D20070C39A /* Foundation.framework in Frameworks */ = {isa = PBXBuildFile; fileRef = 6003F58D195388D20070C39A /* Foundation.framework */; };
		6003F590195388D20070C39A /* CoreGraphics.framework in Frameworks */ = {isa = PBXBuildFile; fileRef = 6003F58F195388D20070C39A /* CoreGraphics.framework */; };
		6003F592195388D20070C39A /* UIKit.framework in Frameworks */ = {isa = PBXBuildFile; fileRef = 6003F591195388D20070C39A /* UIKit.framework */; };
		ED7619FF2727E28800B086F4 /* InfoPlist.strings in Resources */ = {isa = PBXBuildFile; fileRef = ED7619ED2727E28700B086F4 /* InfoPlist.strings */; };
		ED761A002727E28800B086F4 /* CustomIntegration.m in Sources */ = {isa = PBXBuildFile; fileRef = ED7619EF2727E28700B086F4 /* CustomIntegration.m */; };
		ED761A012727E28800B086F4 /* LaunchScreen.storyboard in Resources */ = {isa = PBXBuildFile; fileRef = ED7619F32727E28700B086F4 /* LaunchScreen.storyboard */; };
		ED761A022727E28800B086F4 /* Main.storyboard in Resources */ = {isa = PBXBuildFile; fileRef = ED7619F52727E28700B086F4 /* Main.storyboard */; };
		ED761A032727E28800B086F4 /* main.m in Sources */ = {isa = PBXBuildFile; fileRef = ED7619F82727E28700B086F4 /* main.m */; };
		ED761A042727E28800B086F4 /* _ViewController.m in Sources */ = {isa = PBXBuildFile; fileRef = ED7619F92727E28800B086F4 /* _ViewController.m */; };
		ED761A052727E28800B086F4 /* Images.xcassets in Resources */ = {isa = PBXBuildFile; fileRef = ED7619FA2727E28800B086F4 /* Images.xcassets */; };
		ED761A062727E28800B086F4 /* CustomFactory.m in Sources */ = {isa = PBXBuildFile; fileRef = ED7619FC2727E28800B086F4 /* CustomFactory.m */; };
		ED761A072727E28800B086F4 /* _AppDelegate.m in Sources */ = {isa = PBXBuildFile; fileRef = ED7619FD2727E28800B086F4 /* _AppDelegate.m */; };
/* End PBXBuildFile section */

/* Begin PBXFileReference section */
		0651F10C24C9C46400A43CAC /* iAd.framework */ = {isa = PBXFileReference; lastKnownFileType = wrapper.framework; name = iAd.framework; path = System/Library/Frameworks/iAd.framework; sourceTree = SDKROOT; };
		226F4438CB73B84E0D75B6F3 /* Pods-RudderSampleAppObjC.release.xcconfig */ = {isa = PBXFileReference; includeInIndex = 1; lastKnownFileType = text.xcconfig; name = "Pods-RudderSampleAppObjC.release.xcconfig"; path = "Target Support Files/Pods-RudderSampleAppObjC/Pods-RudderSampleAppObjC.release.xcconfig"; sourceTree = "<group>"; };
		4736EB78924F61CD264548C5 /* Pods_RudderSampleAppObjC.framework */ = {isa = PBXFileReference; explicitFileType = wrapper.framework; includeInIndex = 0; path = Pods_RudderSampleAppObjC.framework; sourceTree = BUILT_PRODUCTS_DIR; };
		6003F58A195388D20070C39A /* RudderSampleAppObjC.app */ = {isa = PBXFileReference; explicitFileType = wrapper.application; includeInIndex = 0; path = RudderSampleAppObjC.app; sourceTree = BUILT_PRODUCTS_DIR; };
		6003F58D195388D20070C39A /* Foundation.framework */ = {isa = PBXFileReference; lastKnownFileType = wrapper.framework; name = Foundation.framework; path = System/Library/Frameworks/Foundation.framework; sourceTree = SDKROOT; };
		6003F58F195388D20070C39A /* CoreGraphics.framework */ = {isa = PBXFileReference; lastKnownFileType = wrapper.framework; name = CoreGraphics.framework; path = System/Library/Frameworks/CoreGraphics.framework; sourceTree = SDKROOT; };
		6003F591195388D20070C39A /* UIKit.framework */ = {isa = PBXFileReference; lastKnownFileType = wrapper.framework; name = UIKit.framework; path = System/Library/Frameworks/UIKit.framework; sourceTree = SDKROOT; };
		6003F5AF195388D20070C39A /* XCTest.framework */ = {isa = PBXFileReference; lastKnownFileType = wrapper.framework; name = XCTest.framework; path = Library/Frameworks/XCTest.framework; sourceTree = DEVELOPER_DIR; };
		ED3B022F272A67AB000893AA /* RudderSampleAppObjC.entitlements */ = {isa = PBXFileReference; lastKnownFileType = text.plist.entitlements; path = RudderSampleAppObjC.entitlements; sourceTree = "<group>"; };
		ED7619EC2727E28700B086F4 /* RudderSampleAppObjC-Info.plist */ = {isa = PBXFileReference; fileEncoding = 4; lastKnownFileType = text.plist.xml; path = "RudderSampleAppObjC-Info.plist"; sourceTree = "<group>"; };
		ED7619EE2727E28700B086F4 /* en */ = {isa = PBXFileReference; lastKnownFileType = text.plist.strings; name = en; path = en.lproj/InfoPlist.strings; sourceTree = "<group>"; };
		ED7619EF2727E28700B086F4 /* CustomIntegration.m */ = {isa = PBXFileReference; fileEncoding = 4; lastKnownFileType = sourcecode.c.objc; path = CustomIntegration.m; sourceTree = "<group>"; };
		ED7619F02727E28700B086F4 /* _ViewController.h */ = {isa = PBXFileReference; fileEncoding = 4; lastKnownFileType = sourcecode.c.h; path = _ViewController.h; sourceTree = "<group>"; };
		ED7619F12727E28700B086F4 /* _AppDelegate.h */ = {isa = PBXFileReference; fileEncoding = 4; lastKnownFileType = sourcecode.c.h; path = _AppDelegate.h; sourceTree = "<group>"; };
		ED7619F22727E28700B086F4 /* CustomFactory.h */ = {isa = PBXFileReference; fileEncoding = 4; lastKnownFileType = sourcecode.c.h; path = CustomFactory.h; sourceTree = "<group>"; };
		ED7619F42727E28700B086F4 /* Base */ = {isa = PBXFileReference; lastKnownFileType = file.storyboard; name = Base; path = Base.lproj/LaunchScreen.storyboard; sourceTree = "<group>"; };
		ED7619F62727E28700B086F4 /* Base */ = {isa = PBXFileReference; lastKnownFileType = file.storyboard; name = Base; path = Base.lproj/Main.storyboard; sourceTree = "<group>"; };
		ED7619F72727E28700B086F4 /* RudderSampleAppObjC-Prefix.pch */ = {isa = PBXFileReference; fileEncoding = 4; lastKnownFileType = sourcecode.c.h; path = "RudderSampleAppObjC-Prefix.pch"; sourceTree = "<group>"; };
		ED7619F82727E28700B086F4 /* main.m */ = {isa = PBXFileReference; fileEncoding = 4; lastKnownFileType = sourcecode.c.objc; path = main.m; sourceTree = "<group>"; };
		ED7619F92727E28800B086F4 /* _ViewController.m */ = {isa = PBXFileReference; fileEncoding = 4; lastKnownFileType = sourcecode.c.objc; path = _ViewController.m; sourceTree = "<group>"; };
		ED7619FA2727E28800B086F4 /* Images.xcassets */ = {isa = PBXFileReference; lastKnownFileType = folder.assetcatalog; path = Images.xcassets; sourceTree = "<group>"; };
		ED7619FB2727E28800B086F4 /* CustomIntegration.h */ = {isa = PBXFileReference; fileEncoding = 4; lastKnownFileType = sourcecode.c.h; path = CustomIntegration.h; sourceTree = "<group>"; };
		ED7619FC2727E28800B086F4 /* CustomFactory.m */ = {isa = PBXFileReference; fileEncoding = 4; lastKnownFileType = sourcecode.c.objc; path = CustomFactory.m; sourceTree = "<group>"; };
		ED7619FD2727E28800B086F4 /* _AppDelegate.m */ = {isa = PBXFileReference; fileEncoding = 4; lastKnownFileType = sourcecode.c.objc; path = _AppDelegate.m; sourceTree = "<group>"; };
		F928F8A942558010CC7088BF /* Pods-RudderSampleAppObjC.debug.xcconfig */ = {isa = PBXFileReference; includeInIndex = 1; lastKnownFileType = text.xcconfig; name = "Pods-RudderSampleAppObjC.debug.xcconfig"; path = "Target Support Files/Pods-RudderSampleAppObjC/Pods-RudderSampleAppObjC.debug.xcconfig"; sourceTree = "<group>"; };
/* End PBXFileReference section */

/* Begin PBXFrameworksBuildPhase section */
		6003F587195388D20070C39A /* Frameworks */ = {
			isa = PBXFrameworksBuildPhase;
			buildActionMask = 2147483647;
			files = (
				6003F590195388D20070C39A /* CoreGraphics.framework in Frameworks */,
				0651F10D24C9C46400A43CAC /* iAd.framework in Frameworks */,
				6003F592195388D20070C39A /* UIKit.framework in Frameworks */,
				6003F58E195388D20070C39A /* Foundation.framework in Frameworks */,
				04C1C0033B54001D55B7C3FD /* Pods_RudderSampleAppObjC.framework in Frameworks */,
			);
			runOnlyForDeploymentPostprocessing = 0;
		};
/* End PBXFrameworksBuildPhase section */

/* Begin PBXGroup section */
		6003F581195388D10070C39A = {
			isa = PBXGroup;
			children = (
				ED7619EB2727E28700B086F4 /* RudderSampleAppObjC */,
				6003F58C195388D20070C39A /* Frameworks */,
				6003F58B195388D20070C39A /* Products */,
				DDF9E068836E20EE660082C5 /* Pods */,
			);
			sourceTree = "<group>";
		};
		6003F58B195388D20070C39A /* Products */ = {
			isa = PBXGroup;
			children = (
				6003F58A195388D20070C39A /* RudderSampleAppObjC.app */,
			);
			name = Products;
			sourceTree = "<group>";
		};
		6003F58C195388D20070C39A /* Frameworks */ = {
			isa = PBXGroup;
			children = (
				0651F10C24C9C46400A43CAC /* iAd.framework */,
				6003F58D195388D20070C39A /* Foundation.framework */,
				6003F58F195388D20070C39A /* CoreGraphics.framework */,
				6003F591195388D20070C39A /* UIKit.framework */,
				6003F5AF195388D20070C39A /* XCTest.framework */,
				4736EB78924F61CD264548C5 /* Pods_RudderSampleAppObjC.framework */,
			);
			name = Frameworks;
			sourceTree = "<group>";
		};
		DDF9E068836E20EE660082C5 /* Pods */ = {
			isa = PBXGroup;
			children = (
				F928F8A942558010CC7088BF /* Pods-RudderSampleAppObjC.debug.xcconfig */,
				226F4438CB73B84E0D75B6F3 /* Pods-RudderSampleAppObjC.release.xcconfig */,
			);
			name = Pods;
			path = ../../Pods;
			sourceTree = "<group>";
		};
		ED7619EB2727E28700B086F4 /* RudderSampleAppObjC */ = {
			isa = PBXGroup;
			children = (
				ED3B022F272A67AB000893AA /* RudderSampleAppObjC.entitlements */,
				ED7619F12727E28700B086F4 /* _AppDelegate.h */,
				ED7619FD2727E28800B086F4 /* _AppDelegate.m */,
				ED7619F02727E28700B086F4 /* _ViewController.h */,
				ED7619F92727E28800B086F4 /* _ViewController.m */,
				ED7619F22727E28700B086F4 /* CustomFactory.h */,
				ED7619FC2727E28800B086F4 /* CustomFactory.m */,
				ED7619FB2727E28800B086F4 /* CustomIntegration.h */,
				ED7619EF2727E28700B086F4 /* CustomIntegration.m */,
				ED7619FA2727E28800B086F4 /* Images.xcassets */,
				ED7619ED2727E28700B086F4 /* InfoPlist.strings */,
				ED7619F32727E28700B086F4 /* LaunchScreen.storyboard */,
				ED7619F82727E28700B086F4 /* main.m */,
				ED7619F52727E28700B086F4 /* Main.storyboard */,
				ED7619EC2727E28700B086F4 /* RudderSampleAppObjC-Info.plist */,
				ED7619F72727E28700B086F4 /* RudderSampleAppObjC-Prefix.pch */,
			);
			path = RudderSampleAppObjC;
			sourceTree = "<group>";
		};
/* End PBXGroup section */

/* Begin PBXNativeTarget section */
		6003F589195388D20070C39A /* RudderSampleAppObjC */ = {
			isa = PBXNativeTarget;
			buildConfigurationList = 6003F5BF195388D20070C39A /* Build configuration list for PBXNativeTarget "RudderSampleAppObjC" */;
			buildPhases = (
				B54A225F8BFBA36546D633B1 /* [CP] Check Pods Manifest.lock */,
				6003F586195388D20070C39A /* Sources */,
				6003F587195388D20070C39A /* Frameworks */,
				6003F588195388D20070C39A /* Resources */,
				2A3C363F298D97733D23D3DF /* [CP] Embed Pods Frameworks */,
			);
			buildRules = (
			);
			dependencies = (
			);
			name = RudderSampleAppObjC;
			productName = Rudder;
			productReference = 6003F58A195388D20070C39A /* RudderSampleAppObjC.app */;
			productType = "com.apple.product-type.application";
		};
/* End PBXNativeTarget section */

/* Begin PBXProject section */
		6003F582195388D10070C39A /* Project object */ = {
			isa = PBXProject;
			attributes = {
				CLASSPREFIX = _;
				LastUpgradeCheck = 1300;
				ORGANIZATIONNAME = arnabp92;
				TargetAttributes = {
					6003F589195388D20070C39A = {
						DevelopmentTeam = GTGKNDBD23;
					};
				};
			};
			buildConfigurationList = 6003F585195388D10070C39A /* Build configuration list for PBXProject "RudderSampleAppObjC" */;
			compatibilityVersion = "Xcode 3.2";
			developmentRegion = en;
			hasScannedForEncodings = 0;
			knownRegions = (
				en,
				Base,
			);
			mainGroup = 6003F581195388D10070C39A;
			productRefGroup = 6003F58B195388D20070C39A /* Products */;
			projectDirPath = "";
			projectRoot = "";
			targets = (
				6003F589195388D20070C39A /* RudderSampleAppObjC */,
			);
		};
/* End PBXProject section */

/* Begin PBXResourcesBuildPhase section */
		6003F588195388D20070C39A /* Resources */ = {
			isa = PBXResourcesBuildPhase;
			buildActionMask = 2147483647;
			files = (
				ED761A012727E28800B086F4 /* LaunchScreen.storyboard in Resources */,
				ED761A052727E28800B086F4 /* Images.xcassets in Resources */,
				ED7619FF2727E28800B086F4 /* InfoPlist.strings in Resources */,
				ED761A022727E28800B086F4 /* Main.storyboard in Resources */,
			);
			runOnlyForDeploymentPostprocessing = 0;
		};
/* End PBXResourcesBuildPhase section */

/* Begin PBXShellScriptBuildPhase section */
		2A3C363F298D97733D23D3DF /* [CP] Embed Pods Frameworks */ = {
			isa = PBXShellScriptBuildPhase;
			buildActionMask = 2147483647;
			files = (
			);
			inputPaths = (
				"${PODS_ROOT}/Target Support Files/Pods-RudderSampleAppObjC/Pods-RudderSampleAppObjC-frameworks.sh",
				"${BUILT_PRODUCTS_DIR}/Rudder-iOS/Rudder.framework",
			);
			name = "[CP] Embed Pods Frameworks";
			outputPaths = (
				"${TARGET_BUILD_DIR}/${FRAMEWORKS_FOLDER_PATH}/Rudder.framework",
			);
			runOnlyForDeploymentPostprocessing = 0;
			shellPath = /bin/sh;
			shellScript = "\"${PODS_ROOT}/Target Support Files/Pods-RudderSampleAppObjC/Pods-RudderSampleAppObjC-frameworks.sh\"\n";
			showEnvVarsInLog = 0;
		};
		B54A225F8BFBA36546D633B1 /* [CP] Check Pods Manifest.lock */ = {
			isa = PBXShellScriptBuildPhase;
			buildActionMask = 2147483647;
			files = (
			);
			inputFileListPaths = (
			);
			inputPaths = (
				"${PODS_PODFILE_DIR_PATH}/Podfile.lock",
				"${PODS_ROOT}/Manifest.lock",
			);
			name = "[CP] Check Pods Manifest.lock";
			outputFileListPaths = (
			);
			outputPaths = (
				"$(DERIVED_FILE_DIR)/Pods-RudderSampleAppObjC-checkManifestLockResult.txt",
			);
			runOnlyForDeploymentPostprocessing = 0;
			shellPath = /bin/sh;
			shellScript = "diff \"${PODS_PODFILE_DIR_PATH}/Podfile.lock\" \"${PODS_ROOT}/Manifest.lock\" > /dev/null\nif [ $? != 0 ] ; then\n    # print error to STDERR\n    echo \"error: The sandbox is not in sync with the Podfile.lock. Run 'pod install' or update your CocoaPods installation.\" >&2\n    exit 1\nfi\n# This output is used by Xcode 'outputs' to avoid re-running this script phase.\necho \"SUCCESS\" > \"${SCRIPT_OUTPUT_FILE_0}\"\n";
			showEnvVarsInLog = 0;
		};
/* End PBXShellScriptBuildPhase section */

/* Begin PBXSourcesBuildPhase section */
		6003F586195388D20070C39A /* Sources */ = {
			isa = PBXSourcesBuildPhase;
			buildActionMask = 2147483647;
			files = (
				ED761A032727E28800B086F4 /* main.m in Sources */,
				ED761A062727E28800B086F4 /* CustomFactory.m in Sources */,
				ED761A002727E28800B086F4 /* CustomIntegration.m in Sources */,
				ED761A072727E28800B086F4 /* _AppDelegate.m in Sources */,
				ED761A042727E28800B086F4 /* _ViewController.m in Sources */,
			);
			runOnlyForDeploymentPostprocessing = 0;
		};
/* End PBXSourcesBuildPhase section */

/* Begin PBXVariantGroup section */
		ED7619ED2727E28700B086F4 /* InfoPlist.strings */ = {
			isa = PBXVariantGroup;
			children = (
				ED7619EE2727E28700B086F4 /* en */,
			);
			name = InfoPlist.strings;
			sourceTree = "<group>";
		};
		ED7619F32727E28700B086F4 /* LaunchScreen.storyboard */ = {
			isa = PBXVariantGroup;
			children = (
				ED7619F42727E28700B086F4 /* Base */,
			);
			name = LaunchScreen.storyboard;
			sourceTree = "<group>";
		};
		ED7619F52727E28700B086F4 /* Main.storyboard */ = {
			isa = PBXVariantGroup;
			children = (
				ED7619F62727E28700B086F4 /* Base */,
			);
			name = Main.storyboard;
			sourceTree = "<group>";
		};
/* End PBXVariantGroup section */

/* Begin XCBuildConfiguration section */
		6003F5BD195388D20070C39A /* Debug */ = {
			isa = XCBuildConfiguration;
			buildSettings = {
				ALWAYS_SEARCH_USER_PATHS = NO;
				CLANG_ANALYZER_LOCALIZABILITY_NONLOCALIZED = YES;
				CLANG_CXX_LANGUAGE_STANDARD = "gnu++0x";
				CLANG_CXX_LIBRARY = "libc++";
				CLANG_ENABLE_MODULES = YES;
				CLANG_ENABLE_OBJC_ARC = YES;
				CLANG_WARN_BLOCK_CAPTURE_AUTORELEASING = YES;
				CLANG_WARN_BOOL_CONVERSION = YES;
				CLANG_WARN_COMMA = YES;
				CLANG_WARN_CONSTANT_CONVERSION = YES;
				CLANG_WARN_DEPRECATED_OBJC_IMPLEMENTATIONS = YES;
				CLANG_WARN_DIRECT_OBJC_ISA_USAGE = YES_ERROR;
				CLANG_WARN_EMPTY_BODY = YES;
				CLANG_WARN_ENUM_CONVERSION = YES;
				CLANG_WARN_INFINITE_RECURSION = YES;
				CLANG_WARN_INT_CONVERSION = YES;
				CLANG_WARN_NON_LITERAL_NULL_CONVERSION = YES;
				CLANG_WARN_OBJC_IMPLICIT_RETAIN_SELF = YES;
				CLANG_WARN_OBJC_LITERAL_CONVERSION = YES;
				CLANG_WARN_OBJC_ROOT_CLASS = YES_ERROR;
				CLANG_WARN_QUOTED_INCLUDE_IN_FRAMEWORK_HEADER = YES;
				CLANG_WARN_RANGE_LOOP_ANALYSIS = YES;
				CLANG_WARN_STRICT_PROTOTYPES = YES;
				CLANG_WARN_SUSPICIOUS_MOVE = YES;
				CLANG_WARN_UNREACHABLE_CODE = YES;
				CLANG_WARN__DUPLICATE_METHOD_MATCH = YES;
				"CODE_SIGN_IDENTITY[sdk=iphoneos*]" = "iPhone Developer";
				COPY_PHASE_STRIP = NO;
				ENABLE_STRICT_OBJC_MSGSEND = YES;
				ENABLE_TESTABILITY = YES;
				GCC_C_LANGUAGE_STANDARD = gnu99;
				GCC_DYNAMIC_NO_PIC = NO;
				GCC_NO_COMMON_BLOCKS = YES;
				GCC_OPTIMIZATION_LEVEL = 0;
				GCC_PREPROCESSOR_DEFINITIONS = (
					"DEBUG=1",
					"$(inherited)",
				);
				GCC_SYMBOLS_PRIVATE_EXTERN = NO;
				GCC_WARN_64_TO_32_BIT_CONVERSION = YES;
				GCC_WARN_ABOUT_RETURN_TYPE = YES_ERROR;
				GCC_WARN_UNDECLARED_SELECTOR = YES;
				GCC_WARN_UNINITIALIZED_AUTOS = YES_AGGRESSIVE;
				GCC_WARN_UNUSED_FUNCTION = YES;
				GCC_WARN_UNUSED_VARIABLE = YES;
				IPHONEOS_DEPLOYMENT_TARGET = 12.0;
				ONLY_ACTIVE_ARCH = YES;
				SDKROOT = iphoneos;
				TARGETED_DEVICE_FAMILY = "1,2";
			};
			name = Debug;
		};
		6003F5BE195388D20070C39A /* Release */ = {
			isa = XCBuildConfiguration;
			buildSettings = {
				ALWAYS_SEARCH_USER_PATHS = NO;
				CLANG_ANALYZER_LOCALIZABILITY_NONLOCALIZED = YES;
				CLANG_CXX_LANGUAGE_STANDARD = "gnu++0x";
				CLANG_CXX_LIBRARY = "libc++";
				CLANG_ENABLE_MODULES = YES;
				CLANG_ENABLE_OBJC_ARC = YES;
				CLANG_WARN_BLOCK_CAPTURE_AUTORELEASING = YES;
				CLANG_WARN_BOOL_CONVERSION = YES;
				CLANG_WARN_COMMA = YES;
				CLANG_WARN_CONSTANT_CONVERSION = YES;
				CLANG_WARN_DEPRECATED_OBJC_IMPLEMENTATIONS = YES;
				CLANG_WARN_DIRECT_OBJC_ISA_USAGE = YES_ERROR;
				CLANG_WARN_EMPTY_BODY = YES;
				CLANG_WARN_ENUM_CONVERSION = YES;
				CLANG_WARN_INFINITE_RECURSION = YES;
				CLANG_WARN_INT_CONVERSION = YES;
				CLANG_WARN_NON_LITERAL_NULL_CONVERSION = YES;
				CLANG_WARN_OBJC_IMPLICIT_RETAIN_SELF = YES;
				CLANG_WARN_OBJC_LITERAL_CONVERSION = YES;
				CLANG_WARN_OBJC_ROOT_CLASS = YES_ERROR;
				CLANG_WARN_QUOTED_INCLUDE_IN_FRAMEWORK_HEADER = YES;
				CLANG_WARN_RANGE_LOOP_ANALYSIS = YES;
				CLANG_WARN_STRICT_PROTOTYPES = YES;
				CLANG_WARN_SUSPICIOUS_MOVE = YES;
				CLANG_WARN_UNREACHABLE_CODE = YES;
				CLANG_WARN__DUPLICATE_METHOD_MATCH = YES;
				"CODE_SIGN_IDENTITY[sdk=iphoneos*]" = "iPhone Developer";
				COPY_PHASE_STRIP = YES;
				ENABLE_NS_ASSERTIONS = NO;
				ENABLE_STRICT_OBJC_MSGSEND = YES;
				GCC_C_LANGUAGE_STANDARD = gnu99;
				GCC_NO_COMMON_BLOCKS = YES;
				GCC_WARN_64_TO_32_BIT_CONVERSION = YES;
				GCC_WARN_ABOUT_RETURN_TYPE = YES_ERROR;
				GCC_WARN_UNDECLARED_SELECTOR = YES;
				GCC_WARN_UNINITIALIZED_AUTOS = YES_AGGRESSIVE;
				GCC_WARN_UNUSED_FUNCTION = YES;
				GCC_WARN_UNUSED_VARIABLE = YES;
				IPHONEOS_DEPLOYMENT_TARGET = 12.0;
				SDKROOT = iphoneos;
				TARGETED_DEVICE_FAMILY = "1,2";
				VALIDATE_PRODUCT = YES;
			};
			name = Release;
		};
		6003F5C0195388D20070C39A /* Debug */ = {
			isa = XCBuildConfiguration;
			baseConfigurationReference = F928F8A942558010CC7088BF /* Pods-RudderSampleAppObjC.debug.xcconfig */;
			buildSettings = {
				ASSETCATALOG_COMPILER_APPICON_NAME = AppIcon;
				CODE_SIGN_ENTITLEMENTS = RudderSampleAppObjC/RudderSampleAppObjC.entitlements;
				CURRENT_PROJECT_VERSION = 2;
				DEVELOPMENT_TEAM = GTGKNDBD23;
				EXCLUDED_ARCHS = "";
				GCC_NO_COMMON_BLOCKS = YES;
				GCC_PRECOMPILE_PREFIX_HEADER = YES;
				GCC_PREFIX_HEADER = "RudderSampleAppObjC/RudderSampleAppObjC-Prefix.pch";
				INFOPLIST_FILE = "$(SRCROOT)/RudderSampleAppObjC/RudderSampleAppObjC-Info.plist";
				MARKETING_VERSION = 1.1;
				MODULE_NAME = ExampleApp;
				PRODUCT_BUNDLE_IDENTIFIER = com.rudderstack.ios.test.objc;
				PRODUCT_NAME = "$(TARGET_NAME)";
				SWIFT_VERSION = 4.0;
				WRAPPER_EXTENSION = app;
			};
			name = Debug;
		};
		6003F5C1195388D20070C39A /* Release */ = {
			isa = XCBuildConfiguration;
			baseConfigurationReference = 226F4438CB73B84E0D75B6F3 /* Pods-RudderSampleAppObjC.release.xcconfig */;
			buildSettings = {
				ASSETCATALOG_COMPILER_APPICON_NAME = AppIcon;
				CODE_SIGN_ENTITLEMENTS = RudderSampleAppObjC/RudderSampleAppObjC.entitlements;
				CURRENT_PROJECT_VERSION = 2;
				DEVELOPMENT_TEAM = GTGKNDBD23;
				GCC_NO_COMMON_BLOCKS = YES;
				GCC_PRECOMPILE_PREFIX_HEADER = YES;
				GCC_PREFIX_HEADER = "RudderSampleAppObjC/RudderSampleAppObjC-Prefix.pch";
				INFOPLIST_FILE = "$(SRCROOT)/RudderSampleAppObjC/RudderSampleAppObjC-Info.plist";
				MARKETING_VERSION = 1.1;
				MODULE_NAME = ExampleApp;
				PRODUCT_BUNDLE_IDENTIFIER = com.rudderstack.ios.test.objc;
				PRODUCT_NAME = "$(TARGET_NAME)";
				SWIFT_VERSION = 4.0;
				WRAPPER_EXTENSION = app;
			};
			name = Release;
		};
/* End XCBuildConfiguration section */

/* Begin XCConfigurationList section */
		6003F585195388D10070C39A /* Build configuration list for PBXProject "RudderSampleAppObjC" */ = {
			isa = XCConfigurationList;
			buildConfigurations = (
				6003F5BD195388D20070C39A /* Debug */,
				6003F5BE195388D20070C39A /* Release */,
			);
			defaultConfigurationIsVisible = 0;
			defaultConfigurationName = Release;
		};
		6003F5BF195388D20070C39A /* Build configuration list for PBXNativeTarget "RudderSampleAppObjC" */ = {
			isa = XCConfigurationList;
			buildConfigurations = (
				6003F5C0195388D20070C39A /* Debug */,
				6003F5C1195388D20070C39A /* Release */,
			);
			defaultConfigurationIsVisible = 0;
			defaultConfigurationName = Release;
		};
/* End XCConfigurationList section */
	};
	rootObject = 6003F582195388D10070C39A /* Project object */;
}
