// !$*UTF8*$!
{
	archiveVersion = 1;
	classes = {
	};
	objectVersion = 51;
	objects = {

/* Begin PBXBuildFile section */
		06EABC8624665E470043D720 /* AppDelegate.swift in Sources */ = {isa = PBXBuildFile; fileRef = 06EABC8524665E470043D720 /* AppDelegate.swift */; };
		06EABC8824665E470043D720 /* SceneDelegate.swift in Sources */ = {isa = PBXBuildFile; fileRef = 06EABC8724665E470043D720 /* SceneDelegate.swift */; };
		06EABC8A24665E470043D720 /* ViewController.swift in Sources */ = {isa = PBXBuildFile; fileRef = 06EABC8924665E470043D720 /* ViewController.swift */; };
		06EABC8D24665E470043D720 /* Main.storyboard in Resources */ = {isa = PBXBuildFile; fileRef = 06EABC8B24665E470043D720 /* Main.storyboard */; };
		06EABC8F24665E480043D720 /* Assets.xcassets in Resources */ = {isa = PBXBuildFile; fileRef = 06EABC8E24665E480043D720 /* Assets.xcassets */; };
		06EABC9224665E480043D720 /* LaunchScreen.storyboard in Resources */ = {isa = PBXBuildFile; fileRef = 06EABC9024665E480043D720 /* LaunchScreen.storyboard */; };
		DF5B1A1905D6A924D90FF6CA /* Pods_RudderSampleAppSwift.framework in Frameworks */ = {isa = PBXBuildFile; fileRef = E060F9D05D7C56DE634A6ACF /* Pods_RudderSampleAppSwift.framework */; };
/* End PBXBuildFile section */

/* Begin PBXFileReference section */
		06EABC8224665E470043D720 /* RudderSampleAppSwift.app */ = {isa = PBXFileReference; explicitFileType = wrapper.application; includeInIndex = 0; path = RudderSampleAppSwift.app; sourceTree = BUILT_PRODUCTS_DIR; };
		06EABC8524665E470043D720 /* AppDelegate.swift */ = {isa = PBXFileReference; lastKnownFileType = sourcecode.swift; path = AppDelegate.swift; sourceTree = "<group>"; };
		06EABC8724665E470043D720 /* SceneDelegate.swift */ = {isa = PBXFileReference; lastKnownFileType = sourcecode.swift; path = SceneDelegate.swift; sourceTree = "<group>"; };
		06EABC8924665E470043D720 /* ViewController.swift */ = {isa = PBXFileReference; lastKnownFileType = sourcecode.swift; path = ViewController.swift; sourceTree = "<group>"; };
		06EABC8C24665E470043D720 /* Base */ = {isa = PBXFileReference; lastKnownFileType = file.storyboard; name = Base; path = Base.lproj/Main.storyboard; sourceTree = "<group>"; };
		06EABC8E24665E480043D720 /* Assets.xcassets */ = {isa = PBXFileReference; lastKnownFileType = folder.assetcatalog; path = Assets.xcassets; sourceTree = "<group>"; };
		06EABC9124665E480043D720 /* Base */ = {isa = PBXFileReference; lastKnownFileType = file.storyboard; name = Base; path = Base.lproj/LaunchScreen.storyboard; sourceTree = "<group>"; };
		06EABC9324665E480043D720 /* Info.plist */ = {isa = PBXFileReference; lastKnownFileType = text.plist.xml; path = Info.plist; sourceTree = "<group>"; };
		3DD4FC02AD1E2D4B1AFA4AE5 /* Pods-RudderSampleAppSwift.release.xcconfig */ = {isa = PBXFileReference; includeInIndex = 1; lastKnownFileType = text.xcconfig; name = "Pods-RudderSampleAppSwift.release.xcconfig"; path = "Target Support Files/Pods-RudderSampleAppSwift/Pods-RudderSampleAppSwift.release.xcconfig"; sourceTree = "<group>"; };
		96551FFBF369923E7CDC1FF8 /* Pods-RudderSampleAppSwift.debug.xcconfig */ = {isa = PBXFileReference; includeInIndex = 1; lastKnownFileType = text.xcconfig; name = "Pods-RudderSampleAppSwift.debug.xcconfig"; path = "Target Support Files/Pods-RudderSampleAppSwift/Pods-RudderSampleAppSwift.debug.xcconfig"; sourceTree = "<group>"; };
		E060F9D05D7C56DE634A6ACF /* Pods_RudderSampleAppSwift.framework */ = {isa = PBXFileReference; explicitFileType = wrapper.framework; includeInIndex = 0; path = Pods_RudderSampleAppSwift.framework; sourceTree = BUILT_PRODUCTS_DIR; };
/* End PBXFileReference section */

/* Begin PBXFrameworksBuildPhase section */
		06EABC7F24665E470043D720 /* Frameworks */ = {
			isa = PBXFrameworksBuildPhase;
			buildActionMask = 2147483647;
			files = (
				DF5B1A1905D6A924D90FF6CA /* Pods_RudderSampleAppSwift.framework in Frameworks */,
			);
			runOnlyForDeploymentPostprocessing = 0;
		};
/* End PBXFrameworksBuildPhase section */

/* Begin PBXGroup section */
		06EABC7924665E470043D720 = {
			isa = PBXGroup;
			children = (
				06EABC8424665E470043D720 /* RudderSampleAppSwift */,
				06EABC8324665E470043D720 /* Products */,
				2345EF1222EB4C5D03783297 /* Pods */,
				51527029F5B6565AE9067927 /* Frameworks */,
			);
			sourceTree = "<group>";
		};
		06EABC8324665E470043D720 /* Products */ = {
			isa = PBXGroup;
			children = (
				06EABC8224665E470043D720 /* RudderSampleAppSwift.app */,
			);
			name = Products;
			sourceTree = "<group>";
		};
		06EABC8424665E470043D720 /* RudderSampleAppSwift */ = {
			isa = PBXGroup;
			children = (
				06EABC8524665E470043D720 /* AppDelegate.swift */,
				06EABC8724665E470043D720 /* SceneDelegate.swift */,
				06EABC8924665E470043D720 /* ViewController.swift */,
				06EABC8B24665E470043D720 /* Main.storyboard */,
				06EABC8E24665E480043D720 /* Assets.xcassets */,
				06EABC9024665E480043D720 /* LaunchScreen.storyboard */,
				06EABC9324665E480043D720 /* Info.plist */,
			);
			path = RudderSampleAppSwift;
			sourceTree = "<group>";
		};
		2345EF1222EB4C5D03783297 /* Pods */ = {
			isa = PBXGroup;
			children = (
				96551FFBF369923E7CDC1FF8 /* Pods-RudderSampleAppSwift.debug.xcconfig */,
				3DD4FC02AD1E2D4B1AFA4AE5 /* Pods-RudderSampleAppSwift.release.xcconfig */,
			);
			name = Pods;
			path = ../../Pods;
			sourceTree = "<group>";
		};
		51527029F5B6565AE9067927 /* Frameworks */ = {
			isa = PBXGroup;
			children = (
				E060F9D05D7C56DE634A6ACF /* Pods_RudderSampleAppSwift.framework */,
			);
			name = Frameworks;
			sourceTree = "<group>";
		};
/* End PBXGroup section */

/* Begin PBXNativeTarget section */
		06EABC8124665E470043D720 /* RudderSampleAppSwift */ = {
			isa = PBXNativeTarget;
			buildConfigurationList = 06EABC9624665E480043D720 /* Build configuration list for PBXNativeTarget "RudderSampleAppSwift" */;
			buildPhases = (
				C802426D26C1B235DC82C47B /* [CP] Check Pods Manifest.lock */,
				06EABC7E24665E470043D720 /* Sources */,
				06EABC7F24665E470043D720 /* Frameworks */,
				06EABC8024665E470043D720 /* Resources */,
			);
			buildRules = (
			);
			dependencies = (
			);
			name = RudderSampleAppSwift;
			productName = ExampleSwift;
			productReference = 06EABC8224665E470043D720 /* RudderSampleAppSwift.app */;
			productType = "com.apple.product-type.application";
		};
/* End PBXNativeTarget section */

/* Begin PBXProject section */
		06EABC7A24665E470043D720 /* Project object */ = {
			isa = PBXProject;
			attributes = {
				LastSwiftUpdateCheck = 1130;
				LastUpgradeCheck = 1300;
				ORGANIZATIONNAME = RudderStack;
				TargetAttributes = {
					06EABC8124665E470043D720 = {
						CreatedOnToolsVersion = 11.3.1;
					};
				};
			};
			buildConfigurationList = 06EABC7D24665E470043D720 /* Build configuration list for PBXProject "RudderSampleAppSwift" */;
			compatibilityVersion = "Xcode 9.3";
			developmentRegion = en;
			hasScannedForEncodings = 0;
			knownRegions = (
				en,
				Base,
			);
			mainGroup = 06EABC7924665E470043D720;
			productRefGroup = 06EABC8324665E470043D720 /* Products */;
			projectDirPath = "";
			projectRoot = "";
			targets = (
				06EABC8124665E470043D720 /* RudderSampleAppSwift */,
			);
		};
/* End PBXProject section */

/* Begin PBXResourcesBuildPhase section */
		06EABC8024665E470043D720 /* Resources */ = {
			isa = PBXResourcesBuildPhase;
			buildActionMask = 2147483647;
			files = (
				06EABC9224665E480043D720 /* LaunchScreen.storyboard in Resources */,
				06EABC8F24665E480043D720 /* Assets.xcassets in Resources */,
				06EABC8D24665E470043D720 /* Main.storyboard in Resources */,
			);
			runOnlyForDeploymentPostprocessing = 0;
		};
/* End PBXResourcesBuildPhase section */

/* Begin PBXShellScriptBuildPhase section */
		C802426D26C1B235DC82C47B /* [CP] Check Pods Manifest.lock */ = {
			isa = PBXShellScriptBuildPhase;
			buildActionMask = 2147483647;
			files = (
			);
			inputFileListPaths = (
			);
			inputPaths = (
				"${PODS_PODFILE_DIR_PATH}/Podfile.lock",
				"${PODS_ROOT}/Manifest.lock",
			);
			name = "[CP] Check Pods Manifest.lock";
			outputFileListPaths = (
			);
			outputPaths = (
				"$(DERIVED_FILE_DIR)/Pods-RudderSampleAppSwift-checkManifestLockResult.txt",
			);
			runOnlyForDeploymentPostprocessing = 0;
			shellPath = /bin/sh;
			shellScript = "diff \"${PODS_PODFILE_DIR_PATH}/Podfile.lock\" \"${PODS_ROOT}/Manifest.lock\" > /dev/null\nif [ $? != 0 ] ; then\n    # print error to STDERR\n    echo \"error: The sandbox is not in sync with the Podfile.lock. Run 'pod install' or update your CocoaPods installation.\" >&2\n    exit 1\nfi\n# This output is used by Xcode 'outputs' to avoid re-running this script phase.\necho \"SUCCESS\" > \"${SCRIPT_OUTPUT_FILE_0}\"\n";
			showEnvVarsInLog = 0;
		};
/* End PBXShellScriptBuildPhase section */

/* Begin PBXSourcesBuildPhase section */
		06EABC7E24665E470043D720 /* Sources */ = {
			isa = PBXSourcesBuildPhase;
			buildActionMask = 2147483647;
			files = (
				06EABC8A24665E470043D720 /* ViewController.swift in Sources */,
				06EABC8624665E470043D720 /* AppDelegate.swift in Sources */,
				06EABC8824665E470043D720 /* SceneDelegate.swift in Sources */,
			);
			runOnlyForDeploymentPostprocessing = 0;
		};
/* End PBXSourcesBuildPhase section */

/* Begin PBXVariantGroup section */
		06EABC8B24665E470043D720 /* Main.storyboard */ = {
			isa = PBXVariantGroup;
			children = (
				06EABC8C24665E470043D720 /* Base */,
			);
			name = Main.storyboard;
			sourceTree = "<group>";
		};
		06EABC9024665E480043D720 /* LaunchScreen.storyboard */ = {
			isa = PBXVariantGroup;
			children = (
				06EABC9124665E480043D720 /* Base */,
			);
			name = LaunchScreen.storyboard;
			sourceTree = "<group>";
		};
/* End PBXVariantGroup section */

/* Begin XCBuildConfiguration section */
		06EABC9424665E480043D720 /* Debug */ = {
			isa = XCBuildConfiguration;
			buildSettings = {
				ALWAYS_SEARCH_USER_PATHS = NO;
				CLANG_ANALYZER_NONNULL = YES;
				CLANG_ANALYZER_NUMBER_OBJECT_CONVERSION = YES_AGGRESSIVE;
				CLANG_CXX_LANGUAGE_STANDARD = "gnu++14";
				CLANG_CXX_LIBRARY = "libc++";
				CLANG_ENABLE_MODULES = YES;
				CLANG_ENABLE_OBJC_ARC = YES;
				CLANG_ENABLE_OBJC_WEAK = YES;
				CLANG_WARN_BLOCK_CAPTURE_AUTORELEASING = YES;
				CLANG_WARN_BOOL_CONVERSION = YES;
				CLANG_WARN_COMMA = YES;
				CLANG_WARN_CONSTANT_CONVERSION = YES;
				CLANG_WARN_DEPRECATED_OBJC_IMPLEMENTATIONS = YES;
				CLANG_WARN_DIRECT_OBJC_ISA_USAGE = YES_ERROR;
				CLANG_WARN_DOCUMENTATION_COMMENTS = YES;
				CLANG_WARN_EMPTY_BODY = YES;
				CLANG_WARN_ENUM_CONVERSION = YES;
				CLANG_WARN_INFINITE_RECURSION = YES;
				CLANG_WARN_INT_CONVERSION = YES;
				CLANG_WARN_NON_LITERAL_NULL_CONVERSION = YES;
				CLANG_WARN_OBJC_IMPLICIT_RETAIN_SELF = YES;
				CLANG_WARN_OBJC_LITERAL_CONVERSION = YES;
				CLANG_WARN_OBJC_ROOT_CLASS = YES_ERROR;
				CLANG_WARN_QUOTED_INCLUDE_IN_FRAMEWORK_HEADER = YES;
				CLANG_WARN_RANGE_LOOP_ANALYSIS = YES;
				CLANG_WARN_STRICT_PROTOTYPES = YES;
				CLANG_WARN_SUSPICIOUS_MOVE = YES;
				CLANG_WARN_UNGUARDED_AVAILABILITY = YES_AGGRESSIVE;
				CLANG_WARN_UNREACHABLE_CODE = YES;
				CLANG_WARN__DUPLICATE_METHOD_MATCH = YES;
				COPY_PHASE_STRIP = NO;
				DEBUG_INFORMATION_FORMAT = dwarf;
				ENABLE_STRICT_OBJC_MSGSEND = YES;
				ENABLE_TESTABILITY = YES;
				GCC_C_LANGUAGE_STANDARD = gnu11;
				GCC_DYNAMIC_NO_PIC = NO;
				GCC_NO_COMMON_BLOCKS = YES;
				GCC_OPTIMIZATION_LEVEL = 0;
				GCC_PREPROCESSOR_DEFINITIONS = (
					"DEBUG=1",
					"$(inherited)",
				);
				GCC_WARN_64_TO_32_BIT_CONVERSION = YES;
				GCC_WARN_ABOUT_RETURN_TYPE = YES_ERROR;
				GCC_WARN_UNDECLARED_SELECTOR = YES;
				GCC_WARN_UNINITIALIZED_AUTOS = YES_AGGRESSIVE;
				GCC_WARN_UNUSED_FUNCTION = YES;
				GCC_WARN_UNUSED_VARIABLE = YES;
				IPHONEOS_DEPLOYMENT_TARGET = 13.2;
				MTL_ENABLE_DEBUG_INFO = INCLUDE_SOURCE;
				MTL_FAST_MATH = YES;
				ONLY_ACTIVE_ARCH = YES;
				SDKROOT = iphoneos;
				SWIFT_ACTIVE_COMPILATION_CONDITIONS = DEBUG;
				SWIFT_OPTIMIZATION_LEVEL = "-Onone";
			};
			name = Debug;
		};
		06EABC9524665E480043D720 /* Release */ = {
			isa = XCBuildConfiguration;
			buildSettings = {
				ALWAYS_SEARCH_USER_PATHS = NO;
				CLANG_ANALYZER_NONNULL = YES;
				CLANG_ANALYZER_NUMBER_OBJECT_CONVERSION = YES_AGGRESSIVE;
				CLANG_CXX_LANGUAGE_STANDARD = "gnu++14";
				CLANG_CXX_LIBRARY = "libc++";
				CLANG_ENABLE_MODULES = YES;
				CLANG_ENABLE_OBJC_ARC = YES;
				CLANG_ENABLE_OBJC_WEAK = YES;
				CLANG_WARN_BLOCK_CAPTURE_AUTORELEASING = YES;
				CLANG_WARN_BOOL_CONVERSION = YES;
				CLANG_WARN_COMMA = YES;
				CLANG_WARN_CONSTANT_CONVERSION = YES;
				CLANG_WARN_DEPRECATED_OBJC_IMPLEMENTATIONS = YES;
				CLANG_WARN_DIRECT_OBJC_ISA_USAGE = YES_ERROR;
				CLANG_WARN_DOCUMENTATION_COMMENTS = YES;
				CLANG_WARN_EMPTY_BODY = YES;
				CLANG_WARN_ENUM_CONVERSION = YES;
				CLANG_WARN_INFINITE_RECURSION = YES;
				CLANG_WARN_INT_CONVERSION = YES;
				CLANG_WARN_NON_LITERAL_NULL_CONVERSION = YES;
				CLANG_WARN_OBJC_IMPLICIT_RETAIN_SELF = YES;
				CLANG_WARN_OBJC_LITERAL_CONVERSION = YES;
				CLANG_WARN_OBJC_ROOT_CLASS = YES_ERROR;
				CLANG_WARN_QUOTED_INCLUDE_IN_FRAMEWORK_HEADER = YES;
				CLANG_WARN_RANGE_LOOP_ANALYSIS = YES;
				CLANG_WARN_STRICT_PROTOTYPES = YES;
				CLANG_WARN_SUSPICIOUS_MOVE = YES;
				CLANG_WARN_UNGUARDED_AVAILABILITY = YES_AGGRESSIVE;
				CLANG_WARN_UNREACHABLE_CODE = YES;
				CLANG_WARN__DUPLICATE_METHOD_MATCH = YES;
				COPY_PHASE_STRIP = NO;
				DEBUG_INFORMATION_FORMAT = "dwarf-with-dsym";
				ENABLE_NS_ASSERTIONS = NO;
				ENABLE_STRICT_OBJC_MSGSEND = YES;
				GCC_C_LANGUAGE_STANDARD = gnu11;
				GCC_NO_COMMON_BLOCKS = YES;
				GCC_WARN_64_TO_32_BIT_CONVERSION = YES;
				GCC_WARN_ABOUT_RETURN_TYPE = YES_ERROR;
				GCC_WARN_UNDECLARED_SELECTOR = YES;
				GCC_WARN_UNINITIALIZED_AUTOS = YES_AGGRESSIVE;
				GCC_WARN_UNUSED_FUNCTION = YES;
				GCC_WARN_UNUSED_VARIABLE = YES;
				IPHONEOS_DEPLOYMENT_TARGET = 13.2;
				MTL_ENABLE_DEBUG_INFO = NO;
				MTL_FAST_MATH = YES;
				SDKROOT = iphoneos;
				SWIFT_COMPILATION_MODE = wholemodule;
				SWIFT_OPTIMIZATION_LEVEL = "-O";
				VALIDATE_PRODUCT = YES;
			};
			name = Release;
		};
		06EABC9724665E480043D720 /* Debug */ = {
			isa = XCBuildConfiguration;
			baseConfigurationReference = 96551FFBF369923E7CDC1FF8 /* Pods-RudderSampleAppSwift.debug.xcconfig */;
			buildSettings = {
				ASSETCATALOG_COMPILER_APPICON_NAME = AppIcon;
				CODE_SIGN_STYLE = Automatic;
				DEVELOPMENT_TEAM = GTGKNDBD23;
				INFOPLIST_FILE = "$(SRCROOT)/RudderSampleAppSwift/Info.plist";
				LD_RUNPATH_SEARCH_PATHS = (
					"$(inherited)",
					"@executable_path/Frameworks",
				);
				PRODUCT_BUNDLE_IDENTIFIER = com.rudderstack.ios.test.swift;
				PRODUCT_NAME = "$(TARGET_NAME)";
				SWIFT_VERSION = 5.0;
				TARGETED_DEVICE_FAMILY = "1,2";
			};
			name = Debug;
		};
		06EABC9824665E480043D720 /* Release */ = {
			isa = XCBuildConfiguration;
			baseConfigurationReference = 3DD4FC02AD1E2D4B1AFA4AE5 /* Pods-RudderSampleAppSwift.release.xcconfig */;
			buildSettings = {
				ASSETCATALOG_COMPILER_APPICON_NAME = AppIcon;
				CODE_SIGN_STYLE = Automatic;
				DEVELOPMENT_TEAM = GTGKNDBD23;
				INFOPLIST_FILE = "$(SRCROOT)/RudderSampleAppSwift/Info.plist";
				LD_RUNPATH_SEARCH_PATHS = (
					"$(inherited)",
					"@executable_path/Frameworks",
				);
				PRODUCT_BUNDLE_IDENTIFIER = com.rudderstack.ios.test.swift;
				PRODUCT_NAME = "$(TARGET_NAME)";
				SWIFT_VERSION = 5.0;
				TARGETED_DEVICE_FAMILY = "1,2";
			};
			name = Release;
		};
/* End XCBuildConfiguration section */

/* Begin XCConfigurationList section */
		06EABC7D24665E470043D720 /* Build configuration list for PBXProject "RudderSampleAppSwift" */ = {
			isa = XCConfigurationList;
			buildConfigurations = (
				06EABC9424665E480043D720 /* Debug */,
				06EABC9524665E480043D720 /* Release */,
			);
			defaultConfigurationIsVisible = 0;
			defaultConfigurationName = Release;
		};
		06EABC9624665E480043D720 /* Build configuration list for PBXNativeTarget "RudderSampleAppSwift" */ = {
			isa = XCConfigurationList;
			buildConfigurations = (
				06EABC9724665E480043D720 /* Debug */,
				06EABC9824665E480043D720 /* Release */,
			);
			defaultConfigurationIsVisible = 0;
			defaultConfigurationName = Release;
		};
/* End XCConfigurationList section */
	};
	rootObject = 06EABC7A24665E470043D720 /* Project object */;
}
