// !$*UTF8*$!
{
	archiveVersion = 1;
	classes = {
	};
	objectVersion = 50;
	objects = {

/* Begin PBXBuildFile section */
		06B510BA2358CD73002EDCF5 /* AppDelegate.m in Sources */ = {isa = PBXBuildFile; fileRef = 06B510B92358CD73002EDCF5 /* AppDelegate.m */; };
		06B510BD2358CD73002EDCF5 /* ViewController.m in Sources */ = {isa = PBXBuildFile; fileRef = 06B510BC2358CD73002EDCF5 /* ViewController.m */; };
		06B510C02358CD73002EDCF5 /* Main.storyboard in Resources */ = {isa = PBXBuildFile; fileRef = 06B510BE2358CD73002EDCF5 /* Main.storyboard */; };
		06B510C22358CD74002EDCF5 /* Assets.xcassets in Resources */ = {isa = PBXBuildFile; fileRef = 06B510C12358CD74002EDCF5 /* Assets.xcassets */; };
		06B510C52358CD74002EDCF5 /* LaunchScreen.storyboard in Resources */ = {isa = PBXBuildFile; fileRef = 06B510C32358CD74002EDCF5 /* LaunchScreen.storyboard */; };
		06B510C82358CD74002EDCF5 /* main.m in Sources */ = {isa = PBXBuildFile; fileRef = 06B510C72358CD74002EDCF5 /* main.m */; };
		06B510D72358CD8D002EDCF5 /* RudderSDKCore.h in Headers */ = {isa = PBXBuildFile; fileRef = 06B510D52358CD8D002EDCF5 /* RudderSDKCore.h */; settings = {ATTRIBUTES = (Public, ); }; };
		06B510DA2358CD8D002EDCF5 /* RudderSDKCore.framework in Frameworks */ = {isa = PBXBuildFile; fileRef = 06B510D32358CD8D002EDCF5 /* RudderSDKCore.framework */; };
		06B510DB2358CD8D002EDCF5 /* RudderSDKCore.framework in Embed Frameworks */ = {isa = PBXBuildFile; fileRef = 06B510D32358CD8D002EDCF5 /* RudderSDKCore.framework */; settings = {ATTRIBUTES = (CodeSignOnCopy, RemoveHeadersOnCopy, ); }; };
		06B510E22358CDA6002EDCF5 /* RudderClient.h in Headers */ = {isa = PBXBuildFile; fileRef = 06B510E02358CDA6002EDCF5 /* RudderClient.h */; settings = {ATTRIBUTES = (Public, ); }; };
		06B510E32358CDA6002EDCF5 /* RudderClient.m in Sources */ = {isa = PBXBuildFile; fileRef = 06B510E12358CDA6002EDCF5 /* RudderClient.m */; };
		06B510E62358D402002EDCF5 /* RudderConfig.h in Headers */ = {isa = PBXBuildFile; fileRef = 06B510E42358D402002EDCF5 /* RudderConfig.h */; settings = {ATTRIBUTES = (Public, ); }; };
		06B510E72358D402002EDCF5 /* RudderConfig.m in Sources */ = {isa = PBXBuildFile; fileRef = 06B510E52358D402002EDCF5 /* RudderConfig.m */; };
		06B510F52358DDFD002EDCF5 /* RudderConfigBuilder.h in Headers */ = {isa = PBXBuildFile; fileRef = 06B510F32358DDFD002EDCF5 /* RudderConfigBuilder.h */; settings = {ATTRIBUTES = (Public, ); }; };
		06B510F62358DDFD002EDCF5 /* RudderConfigBuilder.m in Sources */ = {isa = PBXBuildFile; fileRef = 06B510F42358DDFD002EDCF5 /* RudderConfigBuilder.m */; };
		06B510F92358E53E002EDCF5 /* EventRepository.h in Headers */ = {isa = PBXBuildFile; fileRef = 06B510F72358E53E002EDCF5 /* EventRepository.h */; };
		06B510FA2358E53E002EDCF5 /* EventRepository.m in Sources */ = {isa = PBXBuildFile; fileRef = 06B510F82358E53E002EDCF5 /* EventRepository.m */; };
		06B510FD2358E573002EDCF5 /* DBPersistentManager.h in Headers */ = {isa = PBXBuildFile; fileRef = 06B510FB2358E573002EDCF5 /* DBPersistentManager.h */; };
		06B510FE2358E573002EDCF5 /* DBPersistentManager.m in Sources */ = {isa = PBXBuildFile; fileRef = 06B510FC2358E573002EDCF5 /* DBPersistentManager.m */; };
		06B511012358E588002EDCF5 /* PagePropertyBuilder.h in Headers */ = {isa = PBXBuildFile; fileRef = 06B510FF2358E588002EDCF5 /* PagePropertyBuilder.h */; };
		06B511022358E588002EDCF5 /* PagePropertyBuilder.m in Sources */ = {isa = PBXBuildFile; fileRef = 06B511002358E588002EDCF5 /* PagePropertyBuilder.m */; };
		06B511052358E5A8002EDCF5 /* RudderMessage.h in Headers */ = {isa = PBXBuildFile; fileRef = 06B511032358E5A8002EDCF5 /* RudderMessage.h */; settings = {ATTRIBUTES = (Public, ); }; };
		06B511062358E5A8002EDCF5 /* RudderMessage.m in Sources */ = {isa = PBXBuildFile; fileRef = 06B511042358E5A8002EDCF5 /* RudderMessage.m */; };
		06B511092358E5B6002EDCF5 /* RudderMessageBuilder.h in Headers */ = {isa = PBXBuildFile; fileRef = 06B511072358E5B6002EDCF5 /* RudderMessageBuilder.h */; settings = {ATTRIBUTES = (Public, ); }; };
		06B5110A2358E5B6002EDCF5 /* RudderMessageBuilder.m in Sources */ = {isa = PBXBuildFile; fileRef = 06B511082358E5B6002EDCF5 /* RudderMessageBuilder.m */; };
		06B5110D2358E5C4002EDCF5 /* RudderProperty.h in Headers */ = {isa = PBXBuildFile; fileRef = 06B5110B2358E5C4002EDCF5 /* RudderProperty.h */; settings = {ATTRIBUTES = (Public, ); }; };
		06B5110E2358E5C4002EDCF5 /* RudderProperty.m in Sources */ = {isa = PBXBuildFile; fileRef = 06B5110C2358E5C4002EDCF5 /* RudderProperty.m */; };
		06B511112358E5D5002EDCF5 /* RudderServerConfigManager.h in Headers */ = {isa = PBXBuildFile; fileRef = 06B5110F2358E5D5002EDCF5 /* RudderServerConfigManager.h */; };
		06B511122358E5D5002EDCF5 /* RudderServerConfigManager.m in Sources */ = {isa = PBXBuildFile; fileRef = 06B511102358E5D5002EDCF5 /* RudderServerConfigManager.m */; };
		06B511152358E5E4002EDCF5 /* RudderServerConfigSource.h in Headers */ = {isa = PBXBuildFile; fileRef = 06B511132358E5E4002EDCF5 /* RudderServerConfigSource.h */; };
		06B511162358E5E4002EDCF5 /* RudderServerConfigSource.m in Sources */ = {isa = PBXBuildFile; fileRef = 06B511142358E5E4002EDCF5 /* RudderServerConfigSource.m */; };
		06B511192358E5EF002EDCF5 /* RudderServerDestination.h in Headers */ = {isa = PBXBuildFile; fileRef = 06B511172358E5EF002EDCF5 /* RudderServerDestination.h */; };
		06B5111A2358E5EF002EDCF5 /* RudderServerDestination.m in Sources */ = {isa = PBXBuildFile; fileRef = 06B511182358E5EF002EDCF5 /* RudderServerDestination.m */; };
		06B5111D2358E5FC002EDCF5 /* RudderServerDestinationDefinition.h in Headers */ = {isa = PBXBuildFile; fileRef = 06B5111B2358E5FC002EDCF5 /* RudderServerDestinationDefinition.h */; };
		06B5111E2358E5FC002EDCF5 /* RudderServerDestinationDefinition.m in Sources */ = {isa = PBXBuildFile; fileRef = 06B5111C2358E5FC002EDCF5 /* RudderServerDestinationDefinition.m */; };
		06B511212358E60B002EDCF5 /* ScreenPropertyBuilder.h in Headers */ = {isa = PBXBuildFile; fileRef = 06B5111F2358E60B002EDCF5 /* ScreenPropertyBuilder.h */; };
		06B511222358E60B002EDCF5 /* ScreenPropertyBuilder.m in Sources */ = {isa = PBXBuildFile; fileRef = 06B511202358E60B002EDCF5 /* ScreenPropertyBuilder.m */; };
		06B511252358E616002EDCF5 /* TrackPropertyBuilder.h in Headers */ = {isa = PBXBuildFile; fileRef = 06B511232358E616002EDCF5 /* TrackPropertyBuilder.h */; };
		06B511262358E616002EDCF5 /* TrackPropertyBuilder.m in Sources */ = {isa = PBXBuildFile; fileRef = 06B511242358E616002EDCF5 /* TrackPropertyBuilder.m */; };
		06B511292358E643002EDCF5 /* RudderTraits.h in Headers */ = {isa = PBXBuildFile; fileRef = 06B511272358E643002EDCF5 /* RudderTraits.h */; };
		06B5112A2358E643002EDCF5 /* RudderTraits.m in Sources */ = {isa = PBXBuildFile; fileRef = 06B511282358E643002EDCF5 /* RudderTraits.m */; };
		06B5112D2358E657002EDCF5 /* RudderTraitsBuilder.h in Headers */ = {isa = PBXBuildFile; fileRef = 06B5112B2358E657002EDCF5 /* RudderTraitsBuilder.h */; };
		06B5112E2358E657002EDCF5 /* RudderTraitsBuilder.m in Sources */ = {isa = PBXBuildFile; fileRef = 06B5112C2358E657002EDCF5 /* RudderTraitsBuilder.m */; };
		06B511312358E667002EDCF5 /* RudderScreenInfo.h in Headers */ = {isa = PBXBuildFile; fileRef = 06B5112F2358E667002EDCF5 /* RudderScreenInfo.h */; settings = {ATTRIBUTES = (Public, ); }; };
		06B511322358E667002EDCF5 /* RudderScreenInfo.m in Sources */ = {isa = PBXBuildFile; fileRef = 06B511302358E667002EDCF5 /* RudderScreenInfo.m */; };
		06B511352358E676002EDCF5 /* RudderOSInfo.h in Headers */ = {isa = PBXBuildFile; fileRef = 06B511332358E676002EDCF5 /* RudderOSInfo.h */; settings = {ATTRIBUTES = (Public, ); }; };
		06B511362358E676002EDCF5 /* RudderOSInfo.m in Sources */ = {isa = PBXBuildFile; fileRef = 06B511342358E676002EDCF5 /* RudderOSInfo.m */; };
		06B511392358E681002EDCF5 /* RudderOption.h in Headers */ = {isa = PBXBuildFile; fileRef = 06B511372358E681002EDCF5 /* RudderOption.h */; settings = {ATTRIBUTES = (Public, ); }; };
		06B5113A2358E681002EDCF5 /* RudderOption.m in Sources */ = {isa = PBXBuildFile; fileRef = 06B511382358E681002EDCF5 /* RudderOption.m */; };
		06B5113D2358E68A002EDCF5 /* RudderNetwork.h in Headers */ = {isa = PBXBuildFile; fileRef = 06B5113B2358E68A002EDCF5 /* RudderNetwork.h */; settings = {ATTRIBUTES = (Public, ); }; };
		06B5113E2358E68A002EDCF5 /* RudderNetwork.m in Sources */ = {isa = PBXBuildFile; fileRef = 06B5113C2358E68A002EDCF5 /* RudderNetwork.m */; };
		06B511412358E69F002EDCF5 /* RudderLogger.h in Headers */ = {isa = PBXBuildFile; fileRef = 06B5113F2358E69F002EDCF5 /* RudderLogger.h */; };
		06B511422358E69F002EDCF5 /* RudderLogger.m in Sources */ = {isa = PBXBuildFile; fileRef = 06B511402358E69F002EDCF5 /* RudderLogger.m */; };
		06B511452358E6AA002EDCF5 /* RudderLibraryInfo.h in Headers */ = {isa = PBXBuildFile; fileRef = 06B511432358E6AA002EDCF5 /* RudderLibraryInfo.h */; settings = {ATTRIBUTES = (Public, ); }; };
		06B511462358E6AA002EDCF5 /* RudderLibraryInfo.m in Sources */ = {isa = PBXBuildFile; fileRef = 06B511442358E6AA002EDCF5 /* RudderLibraryInfo.m */; };
		06B511492358E6B6002EDCF5 /* RudderElementCache.h in Headers */ = {isa = PBXBuildFile; fileRef = 06B511472358E6B6002EDCF5 /* RudderElementCache.h */; };
		06B5114A2358E6B6002EDCF5 /* RudderElementCache.m in Sources */ = {isa = PBXBuildFile; fileRef = 06B511482358E6B6002EDCF5 /* RudderElementCache.m */; };
		06B5114D2358E6C1002EDCF5 /* RudderDeviceInfo.h in Headers */ = {isa = PBXBuildFile; fileRef = 06B5114B2358E6C1002EDCF5 /* RudderDeviceInfo.h */; settings = {ATTRIBUTES = (Public, ); }; };
		06B5114E2358E6C1002EDCF5 /* RudderDeviceInfo.m in Sources */ = {isa = PBXBuildFile; fileRef = 06B5114C2358E6C1002EDCF5 /* RudderDeviceInfo.m */; };
		06B511512358E6CB002EDCF5 /* RudderContext.h in Headers */ = {isa = PBXBuildFile; fileRef = 06B5114F2358E6CB002EDCF5 /* RudderContext.h */; settings = {ATTRIBUTES = (Public, ); }; };
		06B511522358E6CB002EDCF5 /* RudderContext.m in Sources */ = {isa = PBXBuildFile; fileRef = 06B511502358E6CB002EDCF5 /* RudderContext.m */; };
		06B511552358E6DD002EDCF5 /* RudderApp.h in Headers */ = {isa = PBXBuildFile; fileRef = 06B511532358E6DD002EDCF5 /* RudderApp.h */; settings = {ATTRIBUTES = (Public, ); }; };
		06B511562358E6DD002EDCF5 /* RudderApp.m in Sources */ = {isa = PBXBuildFile; fileRef = 06B511542358E6DD002EDCF5 /* RudderApp.m */; };
		06B51159235916CD002EDCF5 /* RudderDBMessage.h in Headers */ = {isa = PBXBuildFile; fileRef = 06B51157235916CD002EDCF5 /* RudderDBMessage.h */; };
		06B5115A235916CD002EDCF5 /* RudderDBMessage.m in Sources */ = {isa = PBXBuildFile; fileRef = 06B51158235916CD002EDCF5 /* RudderDBMessage.m */; };
		06B5115D2359222D002EDCF5 /* Utils.h in Headers */ = {isa = PBXBuildFile; fileRef = 06B5115B2359222D002EDCF5 /* Utils.h */; };
		06B5115E2359222D002EDCF5 /* Utils.m in Sources */ = {isa = PBXBuildFile; fileRef = 06B5115C2359222D002EDCF5 /* Utils.m */; };
/* End PBXBuildFile section */

/* Begin PBXContainerItemProxy section */
		06B510D82358CD8D002EDCF5 /* PBXContainerItemProxy */ = {
			isa = PBXContainerItemProxy;
			containerPortal = 06B510AD2358CD73002EDCF5 /* Project object */;
			proxyType = 1;
			remoteGlobalIDString = 06B510D22358CD8D002EDCF5;
			remoteInfo = RudderSDKCore;
		};
/* End PBXContainerItemProxy section */

/* Begin PBXCopyFilesBuildPhase section */
		06B510DF2358CD8D002EDCF5 /* Embed Frameworks */ = {
			isa = PBXCopyFilesBuildPhase;
			buildActionMask = 2147483647;
			dstPath = "";
			dstSubfolderSpec = 10;
			files = (
				06B510DB2358CD8D002EDCF5 /* RudderSDKCore.framework in Embed Frameworks */,
			);
			name = "Embed Frameworks";
			runOnlyForDeploymentPostprocessing = 0;
		};
/* End PBXCopyFilesBuildPhase section */

/* Begin PBXFileReference section */
		06B510B52358CD73002EDCF5 /* RudderSampleApplication.app */ = {isa = PBXFileReference; explicitFileType = wrapper.application; includeInIndex = 0; path = RudderSampleApplication.app; sourceTree = BUILT_PRODUCTS_DIR; };
		06B510B82358CD73002EDCF5 /* AppDelegate.h */ = {isa = PBXFileReference; lastKnownFileType = sourcecode.c.h; path = AppDelegate.h; sourceTree = "<group>"; };
		06B510B92358CD73002EDCF5 /* AppDelegate.m */ = {isa = PBXFileReference; lastKnownFileType = sourcecode.c.objc; path = AppDelegate.m; sourceTree = "<group>"; };
		06B510BB2358CD73002EDCF5 /* ViewController.h */ = {isa = PBXFileReference; lastKnownFileType = sourcecode.c.h; path = ViewController.h; sourceTree = "<group>"; };
		06B510BC2358CD73002EDCF5 /* ViewController.m */ = {isa = PBXFileReference; lastKnownFileType = sourcecode.c.objc; path = ViewController.m; sourceTree = "<group>"; };
		06B510BF2358CD73002EDCF5 /* Base */ = {isa = PBXFileReference; lastKnownFileType = file.storyboard; name = Base; path = Base.lproj/Main.storyboard; sourceTree = "<group>"; };
		06B510C12358CD74002EDCF5 /* Assets.xcassets */ = {isa = PBXFileReference; lastKnownFileType = folder.assetcatalog; path = Assets.xcassets; sourceTree = "<group>"; };
		06B510C42358CD74002EDCF5 /* Base */ = {isa = PBXFileReference; lastKnownFileType = file.storyboard; name = Base; path = Base.lproj/LaunchScreen.storyboard; sourceTree = "<group>"; };
		06B510C62358CD74002EDCF5 /* Info.plist */ = {isa = PBXFileReference; lastKnownFileType = text.plist.xml; path = Info.plist; sourceTree = "<group>"; };
		06B510C72358CD74002EDCF5 /* main.m */ = {isa = PBXFileReference; lastKnownFileType = sourcecode.c.objc; path = main.m; sourceTree = "<group>"; };
		06B510D32358CD8D002EDCF5 /* RudderSDKCore.framework */ = {isa = PBXFileReference; explicitFileType = wrapper.framework; includeInIndex = 0; path = RudderSDKCore.framework; sourceTree = BUILT_PRODUCTS_DIR; };
		06B510D52358CD8D002EDCF5 /* RudderSDKCore.h */ = {isa = PBXFileReference; lastKnownFileType = sourcecode.c.h; path = RudderSDKCore.h; sourceTree = "<group>"; };
		06B510D62358CD8D002EDCF5 /* Info.plist */ = {isa = PBXFileReference; lastKnownFileType = text.plist.xml; path = Info.plist; sourceTree = "<group>"; };
		06B510E02358CDA6002EDCF5 /* RudderClient.h */ = {isa = PBXFileReference; lastKnownFileType = sourcecode.c.h; path = RudderClient.h; sourceTree = "<group>"; };
		06B510E12358CDA6002EDCF5 /* RudderClient.m */ = {isa = PBXFileReference; lastKnownFileType = sourcecode.c.objc; path = RudderClient.m; sourceTree = "<group>"; };
		06B510E42358D402002EDCF5 /* RudderConfig.h */ = {isa = PBXFileReference; lastKnownFileType = sourcecode.c.h; path = RudderConfig.h; sourceTree = "<group>"; };
		06B510E52358D402002EDCF5 /* RudderConfig.m */ = {isa = PBXFileReference; lastKnownFileType = sourcecode.c.objc; path = RudderConfig.m; sourceTree = "<group>"; };
		06B510F32358DDFD002EDCF5 /* RudderConfigBuilder.h */ = {isa = PBXFileReference; lastKnownFileType = sourcecode.c.h; path = RudderConfigBuilder.h; sourceTree = "<group>"; };
		06B510F42358DDFD002EDCF5 /* RudderConfigBuilder.m */ = {isa = PBXFileReference; lastKnownFileType = sourcecode.c.objc; path = RudderConfigBuilder.m; sourceTree = "<group>"; };
		06B510F72358E53E002EDCF5 /* EventRepository.h */ = {isa = PBXFileReference; lastKnownFileType = sourcecode.c.h; path = EventRepository.h; sourceTree = "<group>"; };
		06B510F82358E53E002EDCF5 /* EventRepository.m */ = {isa = PBXFileReference; lastKnownFileType = sourcecode.c.objc; path = EventRepository.m; sourceTree = "<group>"; };
		06B510FB2358E573002EDCF5 /* DBPersistentManager.h */ = {isa = PBXFileReference; lastKnownFileType = sourcecode.c.h; path = DBPersistentManager.h; sourceTree = "<group>"; };
		06B510FC2358E573002EDCF5 /* DBPersistentManager.m */ = {isa = PBXFileReference; lastKnownFileType = sourcecode.c.objc; path = DBPersistentManager.m; sourceTree = "<group>"; };
		06B510FF2358E588002EDCF5 /* PagePropertyBuilder.h */ = {isa = PBXFileReference; lastKnownFileType = sourcecode.c.h; path = PagePropertyBuilder.h; sourceTree = "<group>"; };
		06B511002358E588002EDCF5 /* PagePropertyBuilder.m */ = {isa = PBXFileReference; lastKnownFileType = sourcecode.c.objc; path = PagePropertyBuilder.m; sourceTree = "<group>"; };
		06B511032358E5A8002EDCF5 /* RudderMessage.h */ = {isa = PBXFileReference; lastKnownFileType = sourcecode.c.h; path = RudderMessage.h; sourceTree = "<group>"; };
		06B511042358E5A8002EDCF5 /* RudderMessage.m */ = {isa = PBXFileReference; lastKnownFileType = sourcecode.c.objc; path = RudderMessage.m; sourceTree = "<group>"; };
		06B511072358E5B6002EDCF5 /* RudderMessageBuilder.h */ = {isa = PBXFileReference; lastKnownFileType = sourcecode.c.h; path = RudderMessageBuilder.h; sourceTree = "<group>"; };
		06B511082358E5B6002EDCF5 /* RudderMessageBuilder.m */ = {isa = PBXFileReference; lastKnownFileType = sourcecode.c.objc; path = RudderMessageBuilder.m; sourceTree = "<group>"; };
		06B5110B2358E5C4002EDCF5 /* RudderProperty.h */ = {isa = PBXFileReference; lastKnownFileType = sourcecode.c.h; path = RudderProperty.h; sourceTree = "<group>"; };
		06B5110C2358E5C4002EDCF5 /* RudderProperty.m */ = {isa = PBXFileReference; lastKnownFileType = sourcecode.c.objc; path = RudderProperty.m; sourceTree = "<group>"; };
		06B5110F2358E5D5002EDCF5 /* RudderServerConfigManager.h */ = {isa = PBXFileReference; lastKnownFileType = sourcecode.c.h; path = RudderServerConfigManager.h; sourceTree = "<group>"; };
		06B511102358E5D5002EDCF5 /* RudderServerConfigManager.m */ = {isa = PBXFileReference; lastKnownFileType = sourcecode.c.objc; path = RudderServerConfigManager.m; sourceTree = "<group>"; };
		06B511132358E5E4002EDCF5 /* RudderServerConfigSource.h */ = {isa = PBXFileReference; lastKnownFileType = sourcecode.c.h; path = RudderServerConfigSource.h; sourceTree = "<group>"; };
		06B511142358E5E4002EDCF5 /* RudderServerConfigSource.m */ = {isa = PBXFileReference; lastKnownFileType = sourcecode.c.objc; path = RudderServerConfigSource.m; sourceTree = "<group>"; };
		06B511172358E5EF002EDCF5 /* RudderServerDestination.h */ = {isa = PBXFileReference; lastKnownFileType = sourcecode.c.h; path = RudderServerDestination.h; sourceTree = "<group>"; };
		06B511182358E5EF002EDCF5 /* RudderServerDestination.m */ = {isa = PBXFileReference; lastKnownFileType = sourcecode.c.objc; path = RudderServerDestination.m; sourceTree = "<group>"; };
		06B5111B2358E5FC002EDCF5 /* RudderServerDestinationDefinition.h */ = {isa = PBXFileReference; lastKnownFileType = sourcecode.c.h; path = RudderServerDestinationDefinition.h; sourceTree = "<group>"; };
		06B5111C2358E5FC002EDCF5 /* RudderServerDestinationDefinition.m */ = {isa = PBXFileReference; lastKnownFileType = sourcecode.c.objc; path = RudderServerDestinationDefinition.m; sourceTree = "<group>"; };
		06B5111F2358E60B002EDCF5 /* ScreenPropertyBuilder.h */ = {isa = PBXFileReference; lastKnownFileType = sourcecode.c.h; path = ScreenPropertyBuilder.h; sourceTree = "<group>"; };
		06B511202358E60B002EDCF5 /* ScreenPropertyBuilder.m */ = {isa = PBXFileReference; lastKnownFileType = sourcecode.c.objc; path = ScreenPropertyBuilder.m; sourceTree = "<group>"; };
		06B511232358E616002EDCF5 /* TrackPropertyBuilder.h */ = {isa = PBXFileReference; lastKnownFileType = sourcecode.c.h; path = TrackPropertyBuilder.h; sourceTree = "<group>"; };
		06B511242358E616002EDCF5 /* TrackPropertyBuilder.m */ = {isa = PBXFileReference; lastKnownFileType = sourcecode.c.objc; path = TrackPropertyBuilder.m; sourceTree = "<group>"; };
		06B511272358E643002EDCF5 /* RudderTraits.h */ = {isa = PBXFileReference; lastKnownFileType = sourcecode.c.h; path = RudderTraits.h; sourceTree = "<group>"; };
		06B511282358E643002EDCF5 /* RudderTraits.m */ = {isa = PBXFileReference; lastKnownFileType = sourcecode.c.objc; path = RudderTraits.m; sourceTree = "<group>"; };
		06B5112B2358E657002EDCF5 /* RudderTraitsBuilder.h */ = {isa = PBXFileReference; lastKnownFileType = sourcecode.c.h; path = RudderTraitsBuilder.h; sourceTree = "<group>"; };
		06B5112C2358E657002EDCF5 /* RudderTraitsBuilder.m */ = {isa = PBXFileReference; lastKnownFileType = sourcecode.c.objc; path = RudderTraitsBuilder.m; sourceTree = "<group>"; };
		06B5112F2358E667002EDCF5 /* RudderScreenInfo.h */ = {isa = PBXFileReference; lastKnownFileType = sourcecode.c.h; path = RudderScreenInfo.h; sourceTree = "<group>"; };
		06B511302358E667002EDCF5 /* RudderScreenInfo.m */ = {isa = PBXFileReference; lastKnownFileType = sourcecode.c.objc; path = RudderScreenInfo.m; sourceTree = "<group>"; };
		06B511332358E676002EDCF5 /* RudderOSInfo.h */ = {isa = PBXFileReference; lastKnownFileType = sourcecode.c.h; path = RudderOSInfo.h; sourceTree = "<group>"; };
		06B511342358E676002EDCF5 /* RudderOSInfo.m */ = {isa = PBXFileReference; lastKnownFileType = sourcecode.c.objc; path = RudderOSInfo.m; sourceTree = "<group>"; };
		06B511372358E681002EDCF5 /* RudderOption.h */ = {isa = PBXFileReference; lastKnownFileType = sourcecode.c.h; path = RudderOption.h; sourceTree = "<group>"; };
		06B511382358E681002EDCF5 /* RudderOption.m */ = {isa = PBXFileReference; lastKnownFileType = sourcecode.c.objc; path = RudderOption.m; sourceTree = "<group>"; };
		06B5113B2358E68A002EDCF5 /* RudderNetwork.h */ = {isa = PBXFileReference; lastKnownFileType = sourcecode.c.h; path = RudderNetwork.h; sourceTree = "<group>"; };
		06B5113C2358E68A002EDCF5 /* RudderNetwork.m */ = {isa = PBXFileReference; lastKnownFileType = sourcecode.c.objc; path = RudderNetwork.m; sourceTree = "<group>"; };
		06B5113F2358E69F002EDCF5 /* RudderLogger.h */ = {isa = PBXFileReference; lastKnownFileType = sourcecode.c.h; path = RudderLogger.h; sourceTree = "<group>"; };
		06B511402358E69F002EDCF5 /* RudderLogger.m */ = {isa = PBXFileReference; lastKnownFileType = sourcecode.c.objc; path = RudderLogger.m; sourceTree = "<group>"; };
		06B511432358E6AA002EDCF5 /* RudderLibraryInfo.h */ = {isa = PBXFileReference; lastKnownFileType = sourcecode.c.h; path = RudderLibraryInfo.h; sourceTree = "<group>"; };
		06B511442358E6AA002EDCF5 /* RudderLibraryInfo.m */ = {isa = PBXFileReference; lastKnownFileType = sourcecode.c.objc; path = RudderLibraryInfo.m; sourceTree = "<group>"; };
		06B511472358E6B6002EDCF5 /* RudderElementCache.h */ = {isa = PBXFileReference; lastKnownFileType = sourcecode.c.h; path = RudderElementCache.h; sourceTree = "<group>"; };
		06B511482358E6B6002EDCF5 /* RudderElementCache.m */ = {isa = PBXFileReference; lastKnownFileType = sourcecode.c.objc; path = RudderElementCache.m; sourceTree = "<group>"; };
		06B5114B2358E6C1002EDCF5 /* RudderDeviceInfo.h */ = {isa = PBXFileReference; lastKnownFileType = sourcecode.c.h; path = RudderDeviceInfo.h; sourceTree = "<group>"; };
		06B5114C2358E6C1002EDCF5 /* RudderDeviceInfo.m */ = {isa = PBXFileReference; lastKnownFileType = sourcecode.c.objc; path = RudderDeviceInfo.m; sourceTree = "<group>"; };
		06B5114F2358E6CB002EDCF5 /* RudderContext.h */ = {isa = PBXFileReference; lastKnownFileType = sourcecode.c.h; path = RudderContext.h; sourceTree = "<group>"; };
		06B511502358E6CB002EDCF5 /* RudderContext.m */ = {isa = PBXFileReference; lastKnownFileType = sourcecode.c.objc; path = RudderContext.m; sourceTree = "<group>"; };
		06B511532358E6DD002EDCF5 /* RudderApp.h */ = {isa = PBXFileReference; lastKnownFileType = sourcecode.c.h; path = RudderApp.h; sourceTree = "<group>"; };
		06B511542358E6DD002EDCF5 /* RudderApp.m */ = {isa = PBXFileReference; lastKnownFileType = sourcecode.c.objc; path = RudderApp.m; sourceTree = "<group>"; };
		06B51157235916CD002EDCF5 /* RudderDBMessage.h */ = {isa = PBXFileReference; lastKnownFileType = sourcecode.c.h; path = RudderDBMessage.h; sourceTree = "<group>"; };
		06B51158235916CD002EDCF5 /* RudderDBMessage.m */ = {isa = PBXFileReference; lastKnownFileType = sourcecode.c.objc; path = RudderDBMessage.m; sourceTree = "<group>"; };
		06B5115B2359222D002EDCF5 /* Utils.h */ = {isa = PBXFileReference; lastKnownFileType = sourcecode.c.h; path = Utils.h; sourceTree = "<group>"; };
		06B5115C2359222D002EDCF5 /* Utils.m */ = {isa = PBXFileReference; lastKnownFileType = sourcecode.c.objc; path = Utils.m; sourceTree = "<group>"; };
/* End PBXFileReference section */

/* Begin PBXFrameworksBuildPhase section */
		06B510B22358CD73002EDCF5 /* Frameworks */ = {
			isa = PBXFrameworksBuildPhase;
			buildActionMask = 2147483647;
			files = (
				06B510DA2358CD8D002EDCF5 /* RudderSDKCore.framework in Frameworks */,
			);
			runOnlyForDeploymentPostprocessing = 0;
		};
		06B510D02358CD8D002EDCF5 /* Frameworks */ = {
			isa = PBXFrameworksBuildPhase;
			buildActionMask = 2147483647;
			files = (
			);
			runOnlyForDeploymentPostprocessing = 0;
		};
/* End PBXFrameworksBuildPhase section */

/* Begin PBXGroup section */
		06B510AC2358CD73002EDCF5 = {
			isa = PBXGroup;
			children = (
				06B510B72358CD73002EDCF5 /* RudderSampleApplication */,
				06B510D42358CD8D002EDCF5 /* RudderSDKCore */,
				06B510B62358CD73002EDCF5 /* Products */,
			);
			sourceTree = "<group>";
		};
		06B510B62358CD73002EDCF5 /* Products */ = {
			isa = PBXGroup;
			children = (
				06B510B52358CD73002EDCF5 /* RudderSampleApplication.app */,
				06B510D32358CD8D002EDCF5 /* RudderSDKCore.framework */,
			);
			name = Products;
			sourceTree = "<group>";
		};
		06B510B72358CD73002EDCF5 /* RudderSampleApplication */ = {
			isa = PBXGroup;
			children = (
				06B510B82358CD73002EDCF5 /* AppDelegate.h */,
				06B510B92358CD73002EDCF5 /* AppDelegate.m */,
				06B510BB2358CD73002EDCF5 /* ViewController.h */,
				06B510BC2358CD73002EDCF5 /* ViewController.m */,
				06B510BE2358CD73002EDCF5 /* Main.storyboard */,
				06B510C12358CD74002EDCF5 /* Assets.xcassets */,
				06B510C32358CD74002EDCF5 /* LaunchScreen.storyboard */,
				06B510C62358CD74002EDCF5 /* Info.plist */,
				06B510C72358CD74002EDCF5 /* main.m */,
			);
			path = RudderSampleApplication;
			sourceTree = "<group>";
		};
		06B510D42358CD8D002EDCF5 /* RudderSDKCore */ = {
			isa = PBXGroup;
			children = (
				06B510FB2358E573002EDCF5 /* DBPersistentManager.h */,
				06B510FC2358E573002EDCF5 /* DBPersistentManager.m */,
				06B510F72358E53E002EDCF5 /* EventRepository.h */,
				06B510F82358E53E002EDCF5 /* EventRepository.m */,
				06B510D62358CD8D002EDCF5 /* Info.plist */,
				06B510FF2358E588002EDCF5 /* PagePropertyBuilder.h */,
				06B511002358E588002EDCF5 /* PagePropertyBuilder.m */,
				06B511532358E6DD002EDCF5 /* RudderApp.h */,
				06B511542358E6DD002EDCF5 /* RudderApp.m */,
				06B510E02358CDA6002EDCF5 /* RudderClient.h */,
				06B510E12358CDA6002EDCF5 /* RudderClient.m */,
				06B510E42358D402002EDCF5 /* RudderConfig.h */,
				06B510E52358D402002EDCF5 /* RudderConfig.m */,
				06B510F32358DDFD002EDCF5 /* RudderConfigBuilder.h */,
				06B510F42358DDFD002EDCF5 /* RudderConfigBuilder.m */,
				06B5114F2358E6CB002EDCF5 /* RudderContext.h */,
				06B511502358E6CB002EDCF5 /* RudderContext.m */,
				06B5114B2358E6C1002EDCF5 /* RudderDeviceInfo.h */,
				06B5114C2358E6C1002EDCF5 /* RudderDeviceInfo.m */,
				06B511472358E6B6002EDCF5 /* RudderElementCache.h */,
				06B511482358E6B6002EDCF5 /* RudderElementCache.m */,
				06B511432358E6AA002EDCF5 /* RudderLibraryInfo.h */,
				06B511442358E6AA002EDCF5 /* RudderLibraryInfo.m */,
				06B5113F2358E69F002EDCF5 /* RudderLogger.h */,
				06B511402358E69F002EDCF5 /* RudderLogger.m */,
				06B511032358E5A8002EDCF5 /* RudderMessage.h */,
				06B511042358E5A8002EDCF5 /* RudderMessage.m */,
				06B511072358E5B6002EDCF5 /* RudderMessageBuilder.h */,
				06B511082358E5B6002EDCF5 /* RudderMessageBuilder.m */,
				06B5113B2358E68A002EDCF5 /* RudderNetwork.h */,
				06B5113C2358E68A002EDCF5 /* RudderNetwork.m */,
				06B511372358E681002EDCF5 /* RudderOption.h */,
				06B511382358E681002EDCF5 /* RudderOption.m */,
				06B511332358E676002EDCF5 /* RudderOSInfo.h */,
				06B511342358E676002EDCF5 /* RudderOSInfo.m */,
				06B5110B2358E5C4002EDCF5 /* RudderProperty.h */,
				06B5110C2358E5C4002EDCF5 /* RudderProperty.m */,
				06B5112F2358E667002EDCF5 /* RudderScreenInfo.h */,
				06B511302358E667002EDCF5 /* RudderScreenInfo.m */,
				06B510D52358CD8D002EDCF5 /* RudderSDKCore.h */,
				06B5110F2358E5D5002EDCF5 /* RudderServerConfigManager.h */,
				06B511102358E5D5002EDCF5 /* RudderServerConfigManager.m */,
				06B511132358E5E4002EDCF5 /* RudderServerConfigSource.h */,
				06B511142358E5E4002EDCF5 /* RudderServerConfigSource.m */,
				06B511172358E5EF002EDCF5 /* RudderServerDestination.h */,
				06B511182358E5EF002EDCF5 /* RudderServerDestination.m */,
				06B5111B2358E5FC002EDCF5 /* RudderServerDestinationDefinition.h */,
				06B5111C2358E5FC002EDCF5 /* RudderServerDestinationDefinition.m */,
				06B511272358E643002EDCF5 /* RudderTraits.h */,
				06B511282358E643002EDCF5 /* RudderTraits.m */,
				06B5112B2358E657002EDCF5 /* RudderTraitsBuilder.h */,
				06B5112C2358E657002EDCF5 /* RudderTraitsBuilder.m */,
				06B5111F2358E60B002EDCF5 /* ScreenPropertyBuilder.h */,
				06B511202358E60B002EDCF5 /* ScreenPropertyBuilder.m */,
				06B511232358E616002EDCF5 /* TrackPropertyBuilder.h */,
				06B511242358E616002EDCF5 /* TrackPropertyBuilder.m */,
				06B51157235916CD002EDCF5 /* RudderDBMessage.h */,
				06B51158235916CD002EDCF5 /* RudderDBMessage.m */,
				06B5115B2359222D002EDCF5 /* Utils.h */,
				06B5115C2359222D002EDCF5 /* Utils.m */,
			);
			path = RudderSDKCore;
			sourceTree = "<group>";
		};
/* End PBXGroup section */

/* Begin PBXHeadersBuildPhase section */
		06B510CE2358CD8D002EDCF5 /* Headers */ = {
			isa = PBXHeadersBuildPhase;
			buildActionMask = 2147483647;
			files = (
				06B511552358E6DD002EDCF5 /* RudderApp.h in Headers */,
				06B511152358E5E4002EDCF5 /* RudderServerConfigSource.h in Headers */,
				06B511052358E5A8002EDCF5 /* RudderMessage.h in Headers */,
				06B511012358E588002EDCF5 /* PagePropertyBuilder.h in Headers */,
				06B511212358E60B002EDCF5 /* ScreenPropertyBuilder.h in Headers */,
				06B5114D2358E6C1002EDCF5 /* RudderDeviceInfo.h in Headers */,
				06B511292358E643002EDCF5 /* RudderTraits.h in Headers */,
				06B511392358E681002EDCF5 /* RudderOption.h in Headers */,
				06B511512358E6CB002EDCF5 /* RudderContext.h in Headers */,
				06B511112358E5D5002EDCF5 /* RudderServerConfigManager.h in Headers */,
				06B511492358E6B6002EDCF5 /* RudderElementCache.h in Headers */,
				06B510D72358CD8D002EDCF5 /* RudderSDKCore.h in Headers */,
				06B511452358E6AA002EDCF5 /* RudderLibraryInfo.h in Headers */,
				06B5110D2358E5C4002EDCF5 /* RudderProperty.h in Headers */,
				06B511352358E676002EDCF5 /* RudderOSInfo.h in Headers */,
				06B510E62358D402002EDCF5 /* RudderConfig.h in Headers */,
				06B510F92358E53E002EDCF5 /* EventRepository.h in Headers */,
				06B511192358E5EF002EDCF5 /* RudderServerDestination.h in Headers */,
				06B5115D2359222D002EDCF5 /* Utils.h in Headers */,
				06B51159235916CD002EDCF5 /* RudderDBMessage.h in Headers */,
				06B510FD2358E573002EDCF5 /* DBPersistentManager.h in Headers */,
				06B511412358E69F002EDCF5 /* RudderLogger.h in Headers */,
				06B511312358E667002EDCF5 /* RudderScreenInfo.h in Headers */,
				06B5113D2358E68A002EDCF5 /* RudderNetwork.h in Headers */,
				06B510F52358DDFD002EDCF5 /* RudderConfigBuilder.h in Headers */,
				06B5111D2358E5FC002EDCF5 /* RudderServerDestinationDefinition.h in Headers */,
				06B511252358E616002EDCF5 /* TrackPropertyBuilder.h in Headers */,
				06B5112D2358E657002EDCF5 /* RudderTraitsBuilder.h in Headers */,
				06B511092358E5B6002EDCF5 /* RudderMessageBuilder.h in Headers */,
				06B510E22358CDA6002EDCF5 /* RudderClient.h in Headers */,
			);
			runOnlyForDeploymentPostprocessing = 0;
		};
/* End PBXHeadersBuildPhase section */

/* Begin PBXNativeTarget section */
		06B510B42358CD73002EDCF5 /* RudderSampleApplication */ = {
			isa = PBXNativeTarget;
			buildConfigurationList = 06B510CB2358CD74002EDCF5 /* Build configuration list for PBXNativeTarget "RudderSampleApplication" */;
			buildPhases = (
				06B510B12358CD73002EDCF5 /* Sources */,
				06B510B22358CD73002EDCF5 /* Frameworks */,
				06B510B32358CD73002EDCF5 /* Resources */,
				06B510DF2358CD8D002EDCF5 /* Embed Frameworks */,
			);
			buildRules = (
			);
			dependencies = (
				06B510D92358CD8D002EDCF5 /* PBXTargetDependency */,
			);
			name = RudderSampleApplication;
			productName = RudderSampleApplication;
			productReference = 06B510B52358CD73002EDCF5 /* RudderSampleApplication.app */;
			productType = "com.apple.product-type.application";
		};
		06B510D22358CD8D002EDCF5 /* RudderSDKCore */ = {
			isa = PBXNativeTarget;
			buildConfigurationList = 06B510DC2358CD8D002EDCF5 /* Build configuration list for PBXNativeTarget "RudderSDKCore" */;
			buildPhases = (
				06B510CE2358CD8D002EDCF5 /* Headers */,
				06B510CF2358CD8D002EDCF5 /* Sources */,
				06B510D02358CD8D002EDCF5 /* Frameworks */,
				06B510D12358CD8D002EDCF5 /* Resources */,
			);
			buildRules = (
			);
			dependencies = (
			);
			name = RudderSDKCore;
			productName = RudderSDKCore;
			productReference = 06B510D32358CD8D002EDCF5 /* RudderSDKCore.framework */;
			productType = "com.apple.product-type.framework";
		};
/* End PBXNativeTarget section */

/* Begin PBXProject section */
		06B510AD2358CD73002EDCF5 /* Project object */ = {
			isa = PBXProject;
			attributes = {
				LastUpgradeCheck = 1020;
				ORGANIZATIONNAME = Rudderlabs;
				TargetAttributes = {
					06B510B42358CD73002EDCF5 = {
						CreatedOnToolsVersion = 10.2.1;
					};
					06B510D22358CD8D002EDCF5 = {
						CreatedOnToolsVersion = 10.2.1;
					};
				};
			};
			buildConfigurationList = 06B510B02358CD73002EDCF5 /* Build configuration list for PBXProject "RudderSampleApplication" */;
			compatibilityVersion = "Xcode 9.3";
			developmentRegion = en;
			hasScannedForEncodings = 0;
			knownRegions = (
				en,
				Base,
			);
			mainGroup = 06B510AC2358CD73002EDCF5;
			productRefGroup = 06B510B62358CD73002EDCF5 /* Products */;
			projectDirPath = "";
			projectRoot = "";
			targets = (
				06B510B42358CD73002EDCF5 /* RudderSampleApplication */,
				06B510D22358CD8D002EDCF5 /* RudderSDKCore */,
			);
		};
/* End PBXProject section */

/* Begin PBXResourcesBuildPhase section */
		06B510B32358CD73002EDCF5 /* Resources */ = {
			isa = PBXResourcesBuildPhase;
			buildActionMask = 2147483647;
			files = (
				06B510C52358CD74002EDCF5 /* LaunchScreen.storyboard in Resources */,
				06B510C22358CD74002EDCF5 /* Assets.xcassets in Resources */,
				06B510C02358CD73002EDCF5 /* Main.storyboard in Resources */,
			);
			runOnlyForDeploymentPostprocessing = 0;
		};
		06B510D12358CD8D002EDCF5 /* Resources */ = {
			isa = PBXResourcesBuildPhase;
			buildActionMask = 2147483647;
			files = (
			);
			runOnlyForDeploymentPostprocessing = 0;
		};
/* End PBXResourcesBuildPhase section */

/* Begin PBXSourcesBuildPhase section */
		06B510B12358CD73002EDCF5 /* Sources */ = {
			isa = PBXSourcesBuildPhase;
			buildActionMask = 2147483647;
			files = (
				06B510BD2358CD73002EDCF5 /* ViewController.m in Sources */,
				06B510C82358CD74002EDCF5 /* main.m in Sources */,
				06B510BA2358CD73002EDCF5 /* AppDelegate.m in Sources */,
			);
			runOnlyForDeploymentPostprocessing = 0;
		};
		06B510CF2358CD8D002EDCF5 /* Sources */ = {
			isa = PBXSourcesBuildPhase;
			buildActionMask = 2147483647;
			files = (
				06B5113E2358E68A002EDCF5 /* RudderNetwork.m in Sources */,
				06B5112E2358E657002EDCF5 /* RudderTraitsBuilder.m in Sources */,
				06B5110E2358E5C4002EDCF5 /* RudderProperty.m in Sources */,
				06B5111E2358E5FC002EDCF5 /* RudderServerDestinationDefinition.m in Sources */,
				06B511222358E60B002EDCF5 /* ScreenPropertyBuilder.m in Sources */,
				06B510E32358CDA6002EDCF5 /* RudderClient.m in Sources */,
				06B510E72358D402002EDCF5 /* RudderConfig.m in Sources */,
				06B511562358E6DD002EDCF5 /* RudderApp.m in Sources */,
				06B5111A2358E5EF002EDCF5 /* RudderServerDestination.m in Sources */,
				06B511462358E6AA002EDCF5 /* RudderLibraryInfo.m in Sources */,
				06B5112A2358E643002EDCF5 /* RudderTraits.m in Sources */,
				06B511422358E69F002EDCF5 /* RudderLogger.m in Sources */,
				06B5113A2358E681002EDCF5 /* RudderOption.m in Sources */,
				06B5115A235916CD002EDCF5 /* RudderDBMessage.m in Sources */,
				06B5115E2359222D002EDCF5 /* Utils.m in Sources */,
				06B510FE2358E573002EDCF5 /* DBPersistentManager.m in Sources */,
				06B5110A2358E5B6002EDCF5 /* RudderMessageBuilder.m in Sources */,
				06B511062358E5A8002EDCF5 /* RudderMessage.m in Sources */,
				06B511162358E5E4002EDCF5 /* RudderServerConfigSource.m in Sources */,
				06B5114E2358E6C1002EDCF5 /* RudderDeviceInfo.m in Sources */,
				06B511262358E616002EDCF5 /* TrackPropertyBuilder.m in Sources */,
				06B511022358E588002EDCF5 /* PagePropertyBuilder.m in Sources */,
				06B510FA2358E53E002EDCF5 /* EventRepository.m in Sources */,
				06B5114A2358E6B6002EDCF5 /* RudderElementCache.m in Sources */,
				06B511522358E6CB002EDCF5 /* RudderContext.m in Sources */,
				06B511122358E5D5002EDCF5 /* RudderServerConfigManager.m in Sources */,
				06B510F62358DDFD002EDCF5 /* RudderConfigBuilder.m in Sources */,
				06B511362358E676002EDCF5 /* RudderOSInfo.m in Sources */,
				06B511322358E667002EDCF5 /* RudderScreenInfo.m in Sources */,
			);
			runOnlyForDeploymentPostprocessing = 0;
		};
/* End PBXSourcesBuildPhase section */

/* Begin PBXTargetDependency section */
		06B510D92358CD8D002EDCF5 /* PBXTargetDependency */ = {
			isa = PBXTargetDependency;
			target = 06B510D22358CD8D002EDCF5 /* RudderSDKCore */;
			targetProxy = 06B510D82358CD8D002EDCF5 /* PBXContainerItemProxy */;
		};
/* End PBXTargetDependency section */

/* Begin PBXVariantGroup section */
		06B510BE2358CD73002EDCF5 /* Main.storyboard */ = {
			isa = PBXVariantGroup;
			children = (
				06B510BF2358CD73002EDCF5 /* Base */,
			);
			name = Main.storyboard;
			sourceTree = "<group>";
		};
		06B510C32358CD74002EDCF5 /* LaunchScreen.storyboard */ = {
			isa = PBXVariantGroup;
			children = (
				06B510C42358CD74002EDCF5 /* Base */,
			);
			name = LaunchScreen.storyboard;
			sourceTree = "<group>";
		};
/* End PBXVariantGroup section */

/* Begin XCBuildConfiguration section */
		06B510C92358CD74002EDCF5 /* Debug */ = {
			isa = XCBuildConfiguration;
			buildSettings = {
				ALWAYS_SEARCH_USER_PATHS = NO;
				CLANG_ANALYZER_NONNULL = YES;
				CLANG_ANALYZER_NUMBER_OBJECT_CONVERSION = YES_AGGRESSIVE;
				CLANG_CXX_LANGUAGE_STANDARD = "gnu++14";
				CLANG_CXX_LIBRARY = "libc++";
				CLANG_ENABLE_MODULES = YES;
				CLANG_ENABLE_OBJC_ARC = YES;
				CLANG_ENABLE_OBJC_WEAK = YES;
				CLANG_WARN_BLOCK_CAPTURE_AUTORELEASING = YES;
				CLANG_WARN_BOOL_CONVERSION = YES;
				CLANG_WARN_COMMA = YES;
				CLANG_WARN_CONSTANT_CONVERSION = YES;
				CLANG_WARN_DEPRECATED_OBJC_IMPLEMENTATIONS = YES;
				CLANG_WARN_DIRECT_OBJC_ISA_USAGE = YES_ERROR;
				CLANG_WARN_DOCUMENTATION_COMMENTS = YES;
				CLANG_WARN_EMPTY_BODY = YES;
				CLANG_WARN_ENUM_CONVERSION = YES;
				CLANG_WARN_INFINITE_RECURSION = YES;
				CLANG_WARN_INT_CONVERSION = YES;
				CLANG_WARN_NON_LITERAL_NULL_CONVERSION = YES;
				CLANG_WARN_OBJC_IMPLICIT_RETAIN_SELF = YES;
				CLANG_WARN_OBJC_LITERAL_CONVERSION = YES;
				CLANG_WARN_OBJC_ROOT_CLASS = YES_ERROR;
				CLANG_WARN_RANGE_LOOP_ANALYSIS = YES;
				CLANG_WARN_STRICT_PROTOTYPES = YES;
				CLANG_WARN_SUSPICIOUS_MOVE = YES;
				CLANG_WARN_UNGUARDED_AVAILABILITY = YES_AGGRESSIVE;
				CLANG_WARN_UNREACHABLE_CODE = YES;
				CLANG_WARN__DUPLICATE_METHOD_MATCH = YES;
				CODE_SIGN_IDENTITY = "iPhone Developer";
				COPY_PHASE_STRIP = NO;
				DEBUG_INFORMATION_FORMAT = dwarf;
				ENABLE_STRICT_OBJC_MSGSEND = YES;
				ENABLE_TESTABILITY = YES;
				GCC_C_LANGUAGE_STANDARD = gnu11;
				GCC_DYNAMIC_NO_PIC = NO;
				GCC_NO_COMMON_BLOCKS = YES;
				GCC_OPTIMIZATION_LEVEL = 0;
				GCC_PREPROCESSOR_DEFINITIONS = (
					"DEBUG=1",
					"$(inherited)",
				);
				GCC_WARN_64_TO_32_BIT_CONVERSION = YES;
				GCC_WARN_ABOUT_RETURN_TYPE = YES_ERROR;
				GCC_WARN_UNDECLARED_SELECTOR = YES;
				GCC_WARN_UNINITIALIZED_AUTOS = YES_AGGRESSIVE;
				GCC_WARN_UNUSED_FUNCTION = YES;
				GCC_WARN_UNUSED_VARIABLE = YES;
				IPHONEOS_DEPLOYMENT_TARGET = 12.2;
				MTL_ENABLE_DEBUG_INFO = INCLUDE_SOURCE;
				MTL_FAST_MATH = YES;
				ONLY_ACTIVE_ARCH = YES;
				SDKROOT = iphoneos;
			};
			name = Debug;
		};
		06B510CA2358CD74002EDCF5 /* Release */ = {
			isa = XCBuildConfiguration;
			buildSettings = {
				ALWAYS_SEARCH_USER_PATHS = NO;
				CLANG_ANALYZER_NONNULL = YES;
				CLANG_ANALYZER_NUMBER_OBJECT_CONVERSION = YES_AGGRESSIVE;
				CLANG_CXX_LANGUAGE_STANDARD = "gnu++14";
				CLANG_CXX_LIBRARY = "libc++";
				CLANG_ENABLE_MODULES = YES;
				CLANG_ENABLE_OBJC_ARC = YES;
				CLANG_ENABLE_OBJC_WEAK = YES;
				CLANG_WARN_BLOCK_CAPTURE_AUTORELEASING = YES;
				CLANG_WARN_BOOL_CONVERSION = YES;
				CLANG_WARN_COMMA = YES;
				CLANG_WARN_CONSTANT_CONVERSION = YES;
				CLANG_WARN_DEPRECATED_OBJC_IMPLEMENTATIONS = YES;
				CLANG_WARN_DIRECT_OBJC_ISA_USAGE = YES_ERROR;
				CLANG_WARN_DOCUMENTATION_COMMENTS = YES;
				CLANG_WARN_EMPTY_BODY = YES;
				CLANG_WARN_ENUM_CONVERSION = YES;
				CLANG_WARN_INFINITE_RECURSION = YES;
				CLANG_WARN_INT_CONVERSION = YES;
				CLANG_WARN_NON_LITERAL_NULL_CONVERSION = YES;
				CLANG_WARN_OBJC_IMPLICIT_RETAIN_SELF = YES;
				CLANG_WARN_OBJC_LITERAL_CONVERSION = YES;
				CLANG_WARN_OBJC_ROOT_CLASS = YES_ERROR;
				CLANG_WARN_RANGE_LOOP_ANALYSIS = YES;
				CLANG_WARN_STRICT_PROTOTYPES = YES;
				CLANG_WARN_SUSPICIOUS_MOVE = YES;
				CLANG_WARN_UNGUARDED_AVAILABILITY = YES_AGGRESSIVE;
				CLANG_WARN_UNREACHABLE_CODE = YES;
				CLANG_WARN__DUPLICATE_METHOD_MATCH = YES;
				CODE_SIGN_IDENTITY = "iPhone Developer";
				COPY_PHASE_STRIP = NO;
				DEBUG_INFORMATION_FORMAT = "dwarf-with-dsym";
				ENABLE_NS_ASSERTIONS = NO;
				ENABLE_STRICT_OBJC_MSGSEND = YES;
				GCC_C_LANGUAGE_STANDARD = gnu11;
				GCC_NO_COMMON_BLOCKS = YES;
				GCC_WARN_64_TO_32_BIT_CONVERSION = YES;
				GCC_WARN_ABOUT_RETURN_TYPE = YES_ERROR;
				GCC_WARN_UNDECLARED_SELECTOR = YES;
				GCC_WARN_UNINITIALIZED_AUTOS = YES_AGGRESSIVE;
				GCC_WARN_UNUSED_FUNCTION = YES;
				GCC_WARN_UNUSED_VARIABLE = YES;
				IPHONEOS_DEPLOYMENT_TARGET = 12.2;
				MTL_ENABLE_DEBUG_INFO = NO;
				MTL_FAST_MATH = YES;
				SDKROOT = iphoneos;
				VALIDATE_PRODUCT = YES;
			};
			name = Release;
		};
		06B510CC2358CD74002EDCF5 /* Debug */ = {
			isa = XCBuildConfiguration;
			buildSettings = {
				ASSETCATALOG_COMPILER_APPICON_NAME = AppIcon;
				CODE_SIGN_STYLE = Automatic;
				INFOPLIST_FILE = RudderSampleApplication/Info.plist;
				LD_RUNPATH_SEARCH_PATHS = (
					"$(inherited)",
					"@executable_path/Frameworks",
				);
				PRODUCT_BUNDLE_IDENTIFIER = com.rudderlabs.ios.RudderSampleApplication;
				PRODUCT_NAME = "$(TARGET_NAME)";
				TARGETED_DEVICE_FAMILY = "1,2";
			};
			name = Debug;
		};
		06B510CD2358CD74002EDCF5 /* Release */ = {
			isa = XCBuildConfiguration;
			buildSettings = {
				ASSETCATALOG_COMPILER_APPICON_NAME = AppIcon;
				CODE_SIGN_STYLE = Automatic;
				INFOPLIST_FILE = RudderSampleApplication/Info.plist;
				LD_RUNPATH_SEARCH_PATHS = (
					"$(inherited)",
					"@executable_path/Frameworks",
				);
				PRODUCT_BUNDLE_IDENTIFIER = com.rudderlabs.ios.RudderSampleApplication;
				PRODUCT_NAME = "$(TARGET_NAME)";
				TARGETED_DEVICE_FAMILY = "1,2";
			};
			name = Release;
		};
		06B510DD2358CD8D002EDCF5 /* Debug */ = {
			isa = XCBuildConfiguration;
			buildSettings = {
				CLANG_ALLOW_NON_MODULAR_INCLUDES_IN_FRAMEWORK_MODULES = YES;
				CODE_SIGN_IDENTITY = "";
				CODE_SIGN_STYLE = Automatic;
				CURRENT_PROJECT_VERSION = 1;
				DEFINES_MODULE = YES;
				DYLIB_COMPATIBILITY_VERSION = 1;
				DYLIB_CURRENT_VERSION = 1;
				DYLIB_INSTALL_NAME_BASE = "@rpath";
				INFOPLIST_FILE = RudderSDKCore/Info.plist;
				INSTALL_PATH = "$(LOCAL_LIBRARY_DIR)/Frameworks";
				LD_RUNPATH_SEARCH_PATHS = (
					"$(inherited)",
					"@executable_path/Frameworks",
					"@loader_path/Frameworks",
				);
				PRODUCT_BUNDLE_IDENTIFIER = com.rudderlabs.ios.RudderSDKCore;
				PRODUCT_NAME = "$(TARGET_NAME:c99extidentifier)";
				SKIP_INSTALL = YES;
				TARGETED_DEVICE_FAMILY = "1,2";
				VERSIONING_SYSTEM = "apple-generic";
				VERSION_INFO_PREFIX = "";
			};
			name = Debug;
		};
		06B510DE2358CD8D002EDCF5 /* Release */ = {
			isa = XCBuildConfiguration;
			buildSettings = {
				CLANG_ALLOW_NON_MODULAR_INCLUDES_IN_FRAMEWORK_MODULES = YES;
				CODE_SIGN_IDENTITY = "";
				CODE_SIGN_STYLE = Automatic;
				CURRENT_PROJECT_VERSION = 1;
				DEFINES_MODULE = YES;
				DYLIB_COMPATIBILITY_VERSION = 1;
				DYLIB_CURRENT_VERSION = 1;
				DYLIB_INSTALL_NAME_BASE = "@rpath";
				INFOPLIST_FILE = RudderSDKCore/Info.plist;
				INSTALL_PATH = "$(LOCAL_LIBRARY_DIR)/Frameworks";
				LD_RUNPATH_SEARCH_PATHS = (
					"$(inherited)",
					"@executable_path/Frameworks",
					"@loader_path/Frameworks",
				);
				PRODUCT_BUNDLE_IDENTIFIER = com.rudderlabs.ios.RudderSDKCore;
				PRODUCT_NAME = "$(TARGET_NAME:c99extidentifier)";
				SKIP_INSTALL = YES;
				TARGETED_DEVICE_FAMILY = "1,2";
				VERSIONING_SYSTEM = "apple-generic";
				VERSION_INFO_PREFIX = "";
			};
			name = Release;
		};
/* End XCBuildConfiguration section */

/* Begin XCConfigurationList section */
		06B510B02358CD73002EDCF5 /* Build configuration list for PBXProject "RudderSampleApplication" */ = {
			isa = XCConfigurationList;
			buildConfigurations = (
				06B510C92358CD74002EDCF5 /* Debug */,
				06B510CA2358CD74002EDCF5 /* Release */,
			);
			defaultConfigurationIsVisible = 0;
			defaultConfigurationName = Release;
		};
		06B510CB2358CD74002EDCF5 /* Build configuration list for PBXNativeTarget "RudderSampleApplication" */ = {
			isa = XCConfigurationList;
			buildConfigurations = (
				06B510CC2358CD74002EDCF5 /* Debug */,
				06B510CD2358CD74002EDCF5 /* Release */,
			);
			defaultConfigurationIsVisible = 0;
			defaultConfigurationName = Release;
		};
		06B510DC2358CD8D002EDCF5 /* Build configuration list for PBXNativeTarget "RudderSDKCore" */ = {
			isa = XCConfigurationList;
			buildConfigurations = (
				06B510DD2358CD8D002EDCF5 /* Debug */,
				06B510DE2358CD8D002EDCF5 /* Release */,
			);
			defaultConfigurationIsVisible = 0;
			defaultConfigurationName = Release;
		};
/* End XCConfigurationList section */
	};
	rootObject = 06B510AD2358CD73002EDCF5 /* Project object */;
}
