// !$*UTF8*$!
{
	archiveVersion = 1;
	classes = {
	};
	objectVersion = 55;
	objects = {

/* Begin PBXBuildFile section */
		B113854B832326EF03CBE1F2 /* Pods_RudderSampleApptvOSObjc.framework in Frameworks */ = {isa = PBXBuildFile; fileRef = 754772BDAF9323D32E49D5FA /* Pods_RudderSampleApptvOSObjc.framework */; };
		F636324327291C0D0086D05A /* AppDelegate.m in Sources */ = {isa = PBXBuildFile; fileRef = F636324227291C0D0086D05A /* AppDelegate.m */; };
		F636324627291C0D0086D05A /* ViewController.m in Sources */ = {isa = PBXBuildFile; fileRef = F636324527291C0D0086D05A /* ViewController.m */; };
		F636324927291C0D0086D05A /* Main.storyboard in Resources */ = {isa = PBXBuildFile; fileRef = F636324727291C0D0086D05A /* Main.storyboard */; };
		F636324B27291C0F0086D05A /* Assets.xcassets in Resources */ = {isa = PBXBuildFile; fileRef = F636324A27291C0F0086D05A /* Assets.xcassets */; };
		F636324E27291C0F0086D05A /* LaunchScreen.storyboard in Resources */ = {isa = PBXBuildFile; fileRef = F636324C27291C0F0086D05A /* LaunchScreen.storyboard */; };
		F636325027291C0F0086D05A /* main.m in Sources */ = {isa = PBXBuildFile; fileRef = F636324F27291C0F0086D05A /* main.m */; };
/* End PBXBuildFile section */

/* Begin PBXFileReference section */
		754772BDAF9323D32E49D5FA /* Pods_RudderSampleApptvOSObjc.framework */ = {isa = PBXFileReference; explicitFileType = wrapper.framework; includeInIndex = 0; path = Pods_RudderSampleApptvOSObjc.framework; sourceTree = BUILT_PRODUCTS_DIR; };
		9520FD2DFFF16061A41455FF /* Pods-RudderSampleApptvOSObjc.release.xcconfig */ = {isa = PBXFileReference; includeInIndex = 1; lastKnownFileType = text.xcconfig; name = "Pods-RudderSampleApptvOSObjc.release.xcconfig"; path = "Target Support Files/Pods-RudderSampleApptvOSObjc/Pods-RudderSampleApptvOSObjc.release.xcconfig"; sourceTree = "<group>"; };
		B018BBAB17DB950DE7CE3F43 /* Pods-RudderSampleApptvOSObjc.debug.xcconfig */ = {isa = PBXFileReference; includeInIndex = 1; lastKnownFileType = text.xcconfig; name = "Pods-RudderSampleApptvOSObjc.debug.xcconfig"; path = "Target Support Files/Pods-RudderSampleApptvOSObjc/Pods-RudderSampleApptvOSObjc.debug.xcconfig"; sourceTree = "<group>"; };
		F636323E27291C0D0086D05A /* RudderSampleApptvOSObjc.app */ = {isa = PBXFileReference; explicitFileType = wrapper.application; includeInIndex = 0; path = RudderSampleApptvOSObjc.app; sourceTree = BUILT_PRODUCTS_DIR; };
		F636324127291C0D0086D05A /* AppDelegate.h */ = {isa = PBXFileReference; lastKnownFileType = sourcecode.c.h; path = AppDelegate.h; sourceTree = "<group>"; };
		F636324227291C0D0086D05A /* AppDelegate.m */ = {isa = PBXFileReference; lastKnownFileType = sourcecode.c.objc; path = AppDelegate.m; sourceTree = "<group>"; };
		F636324427291C0D0086D05A /* ViewController.h */ = {isa = PBXFileReference; lastKnownFileType = sourcecode.c.h; path = ViewController.h; sourceTree = "<group>"; };
		F636324527291C0D0086D05A /* ViewController.m */ = {isa = PBXFileReference; lastKnownFileType = sourcecode.c.objc; path = ViewController.m; sourceTree = "<group>"; };
		F636324827291C0D0086D05A /* Base */ = {isa = PBXFileReference; lastKnownFileType = file.storyboard; name = Base; path = Base.lproj/Main.storyboard; sourceTree = "<group>"; };
		F636324A27291C0F0086D05A /* Assets.xcassets */ = {isa = PBXFileReference; lastKnownFileType = folder.assetcatalog; path = Assets.xcassets; sourceTree = "<group>"; };
		F636324D27291C0F0086D05A /* Base */ = {isa = PBXFileReference; lastKnownFileType = file.storyboard; name = Base; path = Base.lproj/LaunchScreen.storyboard; sourceTree = "<group>"; };
		F636324F27291C0F0086D05A /* main.m */ = {isa = PBXFileReference; lastKnownFileType = sourcecode.c.objc; path = main.m; sourceTree = "<group>"; };
		F636325727291C640086D05A /* Rudder.framework */ = {isa = PBXFileReference; explicitFileType = wrapper.framework; path = Rudder.framework; sourceTree = BUILT_PRODUCTS_DIR; };
		F636325B27291D4A0086D05A /* Rudder.framework */ = {isa = PBXFileReference; explicitFileType = wrapper.framework; path = Rudder.framework; sourceTree = BUILT_PRODUCTS_DIR; };
		F636325F27291EBC0086D05A /* Rudder.framework */ = {isa = PBXFileReference; explicitFileType = wrapper.framework; path = Rudder.framework; sourceTree = BUILT_PRODUCTS_DIR; };
/* End PBXFileReference section */

/* Begin PBXFrameworksBuildPhase section */
		F636323B27291C0D0086D05A /* Frameworks */ = {
			isa = PBXFrameworksBuildPhase;
			buildActionMask = 2147483647;
			files = (
				B113854B832326EF03CBE1F2 /* Pods_RudderSampleApptvOSObjc.framework in Frameworks */,
			);
			runOnlyForDeploymentPostprocessing = 0;
		};
/* End PBXFrameworksBuildPhase section */

/* Begin PBXGroup section */
		DEFBB6278F71A6DEC448B3BF /* Pods */ = {
			isa = PBXGroup;
			children = (
				B018BBAB17DB950DE7CE3F43 /* Pods-RudderSampleApptvOSObjc.debug.xcconfig */,
				9520FD2DFFF16061A41455FF /* Pods-RudderSampleApptvOSObjc.release.xcconfig */,
			);
			name = Pods;
			path = ../Pods;
			sourceTree = "<group>";
		};
		F636323527291C0D0086D05A = {
			isa = PBXGroup;
			children = (
				F636324027291C0D0086D05A /* RudderSampleApptvOSObjc */,
				F636323F27291C0D0086D05A /* Products */,
				F636325627291C640086D05A /* Frameworks */,
				DEFBB6278F71A6DEC448B3BF /* Pods */,
			);
			sourceTree = "<group>";
		};
		F636323F27291C0D0086D05A /* Products */ = {
			isa = PBXGroup;
			children = (
				F636323E27291C0D0086D05A /* RudderSampleApptvOSObjc.app */,
			);
			name = Products;
			sourceTree = "<group>";
		};
		F636324027291C0D0086D05A /* RudderSampleApptvOSObjc */ = {
			isa = PBXGroup;
			children = (
				F636324127291C0D0086D05A /* AppDelegate.h */,
				F636324227291C0D0086D05A /* AppDelegate.m */,
				F636324427291C0D0086D05A /* ViewController.h */,
				F636324527291C0D0086D05A /* ViewController.m */,
				F636324727291C0D0086D05A /* Main.storyboard */,
				F636324A27291C0F0086D05A /* Assets.xcassets */,
				F636324C27291C0F0086D05A /* LaunchScreen.storyboard */,
				F636324F27291C0F0086D05A /* main.m */,
			);
			path = RudderSampleApptvOSObjc;
			sourceTree = "<group>";
		};
		F636325627291C640086D05A /* Frameworks */ = {
			isa = PBXGroup;
			children = (
				F636325F27291EBC0086D05A /* Rudder.framework */,
				F636325B27291D4A0086D05A /* Rudder.framework */,
				F636325727291C640086D05A /* Rudder.framework */,
				754772BDAF9323D32E49D5FA /* Pods_RudderSampleApptvOSObjc.framework */,
			);
			name = Frameworks;
			sourceTree = "<group>";
		};
/* End PBXGroup section */

/* Begin PBXNativeTarget section */
		F636323D27291C0D0086D05A /* RudderSampleApptvOSObjc */ = {
			isa = PBXNativeTarget;
			buildConfigurationList = F636325327291C0F0086D05A /* Build configuration list for PBXNativeTarget "RudderSampleApptvOSObjc" */;
			buildPhases = (
				83316C5C1052BEA9EC24A8EE /* [CP] Check Pods Manifest.lock */,
				F636323A27291C0D0086D05A /* Sources */,
				F636323B27291C0D0086D05A /* Frameworks */,
				F636323C27291C0D0086D05A /* Resources */,
				24FB1FE2932B7D62558EF8B8 /* [CP] Embed Pods Frameworks */,
			);
			buildRules = (
			);
			dependencies = (
			);
			name = RudderSampleApptvOSObjc;
			productName = RudderSampleApptvOSObjc;
			productReference = F636323E27291C0D0086D05A /* RudderSampleApptvOSObjc.app */;
			productType = "com.apple.product-type.application";
		};
/* End PBXNativeTarget section */

/* Begin PBXProject section */
		F636323627291C0D0086D05A /* Project object */ = {
			isa = PBXProject;
			attributes = {
				BuildIndependentTargetsInParallel = 1;
				LastUpgradeCheck = 1300;
				TargetAttributes = {
					F636323D27291C0D0086D05A = {
						CreatedOnToolsVersion = 13.0;
					};
				};
			};
			buildConfigurationList = F636323927291C0D0086D05A /* Build configuration list for PBXProject "RudderSampleApptvOSObjc" */;
			compatibilityVersion = "Xcode 13.0";
			developmentRegion = en;
			hasScannedForEncodings = 0;
			knownRegions = (
				en,
				Base,
			);
			mainGroup = F636323527291C0D0086D05A;
			productRefGroup = F636323F27291C0D0086D05A /* Products */;
			projectDirPath = "";
			projectRoot = "";
			targets = (
				F636323D27291C0D0086D05A /* RudderSampleApptvOSObjc */,
			);
		};
/* End PBXProject section */

/* Begin PBXResourcesBuildPhase section */
		F636323C27291C0D0086D05A /* Resources */ = {
			isa = PBXResourcesBuildPhase;
			buildActionMask = 2147483647;
			files = (
				F636324E27291C0F0086D05A /* LaunchScreen.storyboard in Resources */,
				F636324B27291C0F0086D05A /* Assets.xcassets in Resources */,
				F636324927291C0D0086D05A /* Main.storyboard in Resources */,
			);
			runOnlyForDeploymentPostprocessing = 0;
		};
/* End PBXResourcesBuildPhase section */

/* Begin PBXShellScriptBuildPhase section */
		24FB1FE2932B7D62558EF8B8 /* [CP] Embed Pods Frameworks */ = {
			isa = PBXShellScriptBuildPhase;
			buildActionMask = 2147483647;
			files = (
			);
			inputFileListPaths = (
				"${PODS_ROOT}/Target Support Files/Pods-RudderSampleApptvOSObjc/Pods-RudderSampleApptvOSObjc-frameworks-${CONFIGURATION}-input-files.xcfilelist",
			);
			name = "[CP] Embed Pods Frameworks";
			outputFileListPaths = (
				"${PODS_ROOT}/Target Support Files/Pods-RudderSampleApptvOSObjc/Pods-RudderSampleApptvOSObjc-frameworks-${CONFIGURATION}-output-files.xcfilelist",
			);
			runOnlyForDeploymentPostprocessing = 0;
			shellPath = /bin/sh;
			shellScript = "\"${PODS_ROOT}/Target Support Files/Pods-RudderSampleApptvOSObjc/Pods-RudderSampleApptvOSObjc-frameworks.sh\"\n";
			showEnvVarsInLog = 0;
		};
		83316C5C1052BEA9EC24A8EE /* [CP] Check Pods Manifest.lock */ = {
			isa = PBXShellScriptBuildPhase;
			buildActionMask = 2147483647;
			files = (
			);
			inputFileListPaths = (
			);
			inputPaths = (
				"${PODS_PODFILE_DIR_PATH}/Podfile.lock",
				"${PODS_ROOT}/Manifest.lock",
			);
			name = "[CP] Check Pods Manifest.lock";
			outputFileListPaths = (
			);
			outputPaths = (
				"$(DERIVED_FILE_DIR)/Pods-RudderSampleApptvOSObjc-checkManifestLockResult.txt",
			);
			runOnlyForDeploymentPostprocessing = 0;
			shellPath = /bin/sh;
			shellScript = "diff \"${PODS_PODFILE_DIR_PATH}/Podfile.lock\" \"${PODS_ROOT}/Manifest.lock\" > /dev/null\nif [ $? != 0 ] ; then\n    # print error to STDERR\n    echo \"error: The sandbox is not in sync with the Podfile.lock. Run 'pod install' or update your CocoaPods installation.\" >&2\n    exit 1\nfi\n# This output is used by Xcode 'outputs' to avoid re-running this script phase.\necho \"SUCCESS\" > \"${SCRIPT_OUTPUT_FILE_0}\"\n";
			showEnvVarsInLog = 0;
		};
/* End PBXShellScriptBuildPhase section */

/* Begin PBXSourcesBuildPhase section */
		F636323A27291C0D0086D05A /* Sources */ = {
			isa = PBXSourcesBuildPhase;
			buildActionMask = 2147483647;
			files = (
				F636324627291C0D0086D05A /* ViewController.m in Sources */,
				F636325027291C0F0086D05A /* main.m in Sources */,
				F636324327291C0D0086D05A /* AppDelegate.m in Sources */,
			);
			runOnlyForDeploymentPostprocessing = 0;
		};
/* End PBXSourcesBuildPhase section */

/* Begin PBXVariantGroup section */
		F636324727291C0D0086D05A /* Main.storyboard */ = {
			isa = PBXVariantGroup;
			children = (
				F636324827291C0D0086D05A /* Base */,
			);
			name = Main.storyboard;
			sourceTree = "<group>";
		};
		F636324C27291C0F0086D05A /* LaunchScreen.storyboard */ = {
			isa = PBXVariantGroup;
			children = (
				F636324D27291C0F0086D05A /* Base */,
			);
			name = LaunchScreen.storyboard;
			sourceTree = "<group>";
		};
/* End PBXVariantGroup section */

/* Begin XCBuildConfiguration section */
		F636325127291C0F0086D05A /* Debug */ = {
			isa = XCBuildConfiguration;
			buildSettings = {
				ALWAYS_SEARCH_USER_PATHS = NO;
				CLANG_ANALYZER_NONNULL = YES;
				CLANG_ANALYZER_NUMBER_OBJECT_CONVERSION = YES_AGGRESSIVE;
				CLANG_CXX_LANGUAGE_STANDARD = "gnu++17";
				CLANG_CXX_LIBRARY = "libc++";
				CLANG_ENABLE_MODULES = YES;
				CLANG_ENABLE_OBJC_ARC = YES;
				CLANG_ENABLE_OBJC_WEAK = YES;
				CLANG_WARN_BLOCK_CAPTURE_AUTORELEASING = YES;
				CLANG_WARN_BOOL_CONVERSION = YES;
				CLANG_WARN_COMMA = YES;
				CLANG_WARN_CONSTANT_CONVERSION = YES;
				CLANG_WARN_DEPRECATED_OBJC_IMPLEMENTATIONS = YES;
				CLANG_WARN_DIRECT_OBJC_ISA_USAGE = YES_ERROR;
				CLANG_WARN_DOCUMENTATION_COMMENTS = YES;
				CLANG_WARN_EMPTY_BODY = YES;
				CLANG_WARN_ENUM_CONVERSION = YES;
				CLANG_WARN_INFINITE_RECURSION = YES;
				CLANG_WARN_INT_CONVERSION = YES;
				CLANG_WARN_NON_LITERAL_NULL_CONVERSION = YES;
				CLANG_WARN_OBJC_IMPLICIT_RETAIN_SELF = YES;
				CLANG_WARN_OBJC_LITERAL_CONVERSION = YES;
				CLANG_WARN_OBJC_ROOT_CLASS = YES_ERROR;
				CLANG_WARN_QUOTED_INCLUDE_IN_FRAMEWORK_HEADER = YES;
				CLANG_WARN_RANGE_LOOP_ANALYSIS = YES;
				CLANG_WARN_STRICT_PROTOTYPES = YES;
				CLANG_WARN_SUSPICIOUS_MOVE = YES;
				CLANG_WARN_UNGUARDED_AVAILABILITY = YES_AGGRESSIVE;
				CLANG_WARN_UNREACHABLE_CODE = YES;
				CLANG_WARN__DUPLICATE_METHOD_MATCH = YES;
				COPY_PHASE_STRIP = NO;
				DEBUG_INFORMATION_FORMAT = dwarf;
				ENABLE_STRICT_OBJC_MSGSEND = YES;
				ENABLE_TESTABILITY = YES;
				GCC_C_LANGUAGE_STANDARD = gnu11;
				GCC_DYNAMIC_NO_PIC = NO;
				GCC_NO_COMMON_BLOCKS = YES;
				GCC_OPTIMIZATION_LEVEL = 0;
				GCC_PREPROCESSOR_DEFINITIONS = (
					"DEBUG=1",
					"$(inherited)",
				);
				GCC_WARN_64_TO_32_BIT_CONVERSION = YES;
				GCC_WARN_ABOUT_RETURN_TYPE = YES_ERROR;
				GCC_WARN_UNDECLARED_SELECTOR = YES;
				GCC_WARN_UNINITIALIZED_AUTOS = YES_AGGRESSIVE;
				GCC_WARN_UNUSED_FUNCTION = YES;
				GCC_WARN_UNUSED_VARIABLE = YES;
				MTL_ENABLE_DEBUG_INFO = INCLUDE_SOURCE;
				MTL_FAST_MATH = YES;
				ONLY_ACTIVE_ARCH = YES;
				SDKROOT = appletvos;
				TVOS_DEPLOYMENT_TARGET = 15.0;
			};
			name = Debug;
		};
		F636325227291C0F0086D05A /* Release */ = {
			isa = XCBuildConfiguration;
			buildSettings = {
				ALWAYS_SEARCH_USER_PATHS = NO;
				CLANG_ANALYZER_NONNULL = YES;
				CLANG_ANALYZER_NUMBER_OBJECT_CONVERSION = YES_AGGRESSIVE;
				CLANG_CXX_LANGUAGE_STANDARD = "gnu++17";
				CLANG_CXX_LIBRARY = "libc++";
				CLANG_ENABLE_MODULES = YES;
				CLANG_ENABLE_OBJC_ARC = YES;
				CLANG_ENABLE_OBJC_WEAK = YES;
				CLANG_WARN_BLOCK_CAPTURE_AUTORELEASING = YES;
				CLANG_WARN_BOOL_CONVERSION = YES;
				CLANG_WARN_COMMA = YES;
				CLANG_WARN_CONSTANT_CONVERSION = YES;
				CLANG_WARN_DEPRECATED_OBJC_IMPLEMENTATIONS = YES;
				CLANG_WARN_DIRECT_OBJC_ISA_USAGE = YES_ERROR;
				CLANG_WARN_DOCUMENTATION_COMMENTS = YES;
				CLANG_WARN_EMPTY_BODY = YES;
				CLANG_WARN_ENUM_CONVERSION = YES;
				CLANG_WARN_INFINITE_RECURSION = YES;
				CLANG_WARN_INT_CONVERSION = YES;
				CLANG_WARN_NON_LITERAL_NULL_CONVERSION = YES;
				CLANG_WARN_OBJC_IMPLICIT_RETAIN_SELF = YES;
				CLANG_WARN_OBJC_LITERAL_CONVERSION = YES;
				CLANG_WARN_OBJC_ROOT_CLASS = YES_ERROR;
				CLANG_WARN_QUOTED_INCLUDE_IN_FRAMEWORK_HEADER = YES;
				CLANG_WARN_RANGE_LOOP_ANALYSIS = YES;
				CLANG_WARN_STRICT_PROTOTYPES = YES;
				CLANG_WARN_SUSPICIOUS_MOVE = YES;
				CLANG_WARN_UNGUARDED_AVAILABILITY = YES_AGGRESSIVE;
				CLANG_WARN_UNREACHABLE_CODE = YES;
				CLANG_WARN__DUPLICATE_METHOD_MATCH = YES;
				COPY_PHASE_STRIP = NO;
				DEBUG_INFORMATION_FORMAT = "dwarf-with-dsym";
				ENABLE_NS_ASSERTIONS = NO;
				ENABLE_STRICT_OBJC_MSGSEND = YES;
				GCC_C_LANGUAGE_STANDARD = gnu11;
				GCC_NO_COMMON_BLOCKS = YES;
				GCC_WARN_64_TO_32_BIT_CONVERSION = YES;
				GCC_WARN_ABOUT_RETURN_TYPE = YES_ERROR;
				GCC_WARN_UNDECLARED_SELECTOR = YES;
				GCC_WARN_UNINITIALIZED_AUTOS = YES_AGGRESSIVE;
				GCC_WARN_UNUSED_FUNCTION = YES;
				GCC_WARN_UNUSED_VARIABLE = YES;
				MTL_ENABLE_DEBUG_INFO = NO;
				MTL_FAST_MATH = YES;
				SDKROOT = appletvos;
				TVOS_DEPLOYMENT_TARGET = 15.0;
				VALIDATE_PRODUCT = YES;
			};
			name = Release;
		};
		F636325427291C0F0086D05A /* Debug */ = {
			isa = XCBuildConfiguration;
			baseConfigurationReference = B018BBAB17DB950DE7CE3F43 /* Pods-RudderSampleApptvOSObjc.debug.xcconfig */;
			buildSettings = {
				ASSETCATALOG_COMPILER_APPICON_NAME = "App Icon & Top Shelf Image";
				ASSETCATALOG_COMPILER_GLOBAL_ACCENT_COLOR_NAME = AccentColor;
				CODE_SIGN_STYLE = Automatic;
				CURRENT_PROJECT_VERSION = 1;
				DEVELOPMENT_TEAM = GTGKNDBD23;
				GENERATE_INFOPLIST_FILE = YES;
				INFOPLIST_KEY_UILaunchStoryboardName = LaunchScreen;
				INFOPLIST_KEY_UIMainStoryboardFile = Main;
				INFOPLIST_KEY_UIUserInterfaceStyle = Automatic;
				LD_RUNPATH_SEARCH_PATHS = (
					"$(inherited)",
					"@executable_path/Frameworks",
				);
				MARKETING_VERSION = 1.0;
				PRODUCT_BUNDLE_IDENTIFIER = com.rudderstack.RudderSampleApptvOSObjc;
				PRODUCT_NAME = "$(TARGET_NAME)";
				SWIFT_EMIT_LOC_STRINGS = YES;
				TARGETED_DEVICE_FAMILY = 3;
			};
			name = Debug;
		};
		F636325527291C0F0086D05A /* Release */ = {
			isa = XCBuildConfiguration;
			baseConfigurationReference = 9520FD2DFFF16061A41455FF /* Pods-RudderSampleApptvOSObjc.release.xcconfig */;
			buildSettings = {
				ASSETCATALOG_COMPILER_APPICON_NAME = "App Icon & Top Shelf Image";
				ASSETCATALOG_COMPILER_GLOBAL_ACCENT_COLOR_NAME = AccentColor;
				CODE_SIGN_STYLE = Automatic;
				CURRENT_PROJECT_VERSION = 1;
				DEVELOPMENT_TEAM = GTGKNDBD23;
				GENERATE_INFOPLIST_FILE = YES;
				INFOPLIST_KEY_UILaunchStoryboardName = LaunchScreen;
				INFOPLIST_KEY_UIMainStoryboardFile = Main;
				INFOPLIST_KEY_UIUserInterfaceStyle = Automatic;
				LD_RUNPATH_SEARCH_PATHS = (
					"$(inherited)",
					"@executable_path/Frameworks",
				);
				MARKETING_VERSION = 1.0;
				PRODUCT_BUNDLE_IDENTIFIER = com.rudderstack.RudderSampleApptvOSObjc;
				PRODUCT_NAME = "$(TARGET_NAME)";
				SWIFT_EMIT_LOC_STRINGS = YES;
				TARGETED_DEVICE_FAMILY = 3;
			};
			name = Release;
		};
/* End XCBuildConfiguration section */

/* Begin XCConfigurationList section */
		F636323927291C0D0086D05A /* Build configuration list for PBXProject "RudderSampleApptvOSObjc" */ = {
			isa = XCConfigurationList;
			buildConfigurations = (
				F636325127291C0F0086D05A /* Debug */,
				F636325227291C0F0086D05A /* Release */,
			);
			defaultConfigurationIsVisible = 0;
			defaultConfigurationName = Release;
		};
		F636325327291C0F0086D05A /* Build configuration list for PBXNativeTarget "RudderSampleApptvOSObjc" */ = {
			isa = XCConfigurationList;
			buildConfigurations = (
				F636325427291C0F0086D05A /* Debug */,
				F636325527291C0F0086D05A /* Release */,
			);
			defaultConfigurationIsVisible = 0;
			defaultConfigurationName = Release;
		};
/* End XCConfigurationList section */
	};
	rootObject = F636323627291C0D0086D05A /* Project object */;
}
